Microsoft Visual Studio Solution File, Format Version 12.00
# Visual Studio Version 16
VisualStudioVersion = 16.0.0.0
MinimumVisualStudioVersion = 16.0.0.0
Project("{9A19103F-16F7-4668-BE54-9A1E7A4F7556}") = "FluentUI.TemplateValidation", "FluentUI.TemplateValidation\FluentUI.TemplateValidation.csproj", "{DD7EA83B-0CEA-4B4F-9987-69DA184F081E}"
EndProject
Project("{9A19103F-16F7-4668-BE54-9A1E7A4F7556}") = "FluentUI.TemplateValidation.Client", "FluentUI.TemplateValidation.Client\FluentUI.TemplateValidation.Client.csproj", "{A4D1E493-6E3D-4852-958A-CB0E484F7476}"
EndProject
Global
	GlobalSection(SolutionConfigurationPlatforms) = preSolution
		Debug|Any CPU = Debug|Any CPU
		Debug|x64 = Debug|x64
		Debug|x86 = Debug|x86
		Release|Any CPU = Release|Any CPU
		Release|x64 = Release|x64
		Release|x86 = Release|x86
	EndGlobalSection
	GlobalSection(ProjectConfigurationPlatforms) = postSolution
		{A4D1E493-6E3D-4852-958A-CB0E484F7476}.Debug|Any CPU.ActiveCfg = Debug|Any CPU
		{A4D1E493-6E3D-4852-958A-CB0E484F7476}.Debug|Any CPU.Build.0 = Debug|Any CPU
		{A4D1E493-6E3D-4852-958A-CB0E484F7476}.Debug|x64.ActiveCfg = Debug|Any CPU
		{A4D1E493-6E3D-4852-958A-CB0E484F7476}.Debug|x64.Build.0 = Debug|Any CPU
		{A4D1E493-6E3D-4852-958A-CB0E484F7476}.Debug|x86.ActiveCfg = Debug|Any CPU
		{A4D1E493-6E3D-4852-958A-CB0E484F7476}.Debug|x86.Build.0 = Debug|Any CPU
		{A4D1E493-6E3D-4852-958A-CB0E484F7476}.Release|Any CPU.ActiveCfg = Release|Any CPU
		{A4D1E493-6E3D-4852-958A-CB0E484F7476}.Release|Any CPU.Build.0 = Release|Any CPU
		{A4D1E493-6E3D-4852-958A-CB0E484F7476}.Release|x64.ActiveCfg = Release|Any CPU
		{A4D1E493-6E3D-4852-958A-CB0E484F7476}.Release|x64.Build.0 = Release|Any CPU
		{A4D1E493-6E3D-4852-958A-CB0E484F7476}.Release|x86.ActiveCfg = Release|Any CPU
		{A4D1E493-6E3D-4852-958A-CB0E484F7476}.Release|x86.Build.0 = Release|Any CPU
		{DD7EA83B-0CEA-4B4F-9987-69DA184F081E}.Debug|Any CPU.ActiveCfg = Debug|Any CPU
		{DD7EA83B-0CEA-4B4F-9987-69DA184F081E}.Debug|Any CPU.Build.0 = Debug|Any CPU
		{DD7EA83B-0CEA-4B4F-9987-69DA184F081E}.Debug|x64.ActiveCfg = Debug|Any CPU
		{DD7EA83B-0CEA-4B4F-9987-69DA184F081E}.Debug|x64.Build.0 = Debug|Any CPU
		{DD7EA83B-0CEA-4B4F-9987-69DA184F081E}.Debug|x86.ActiveCfg = Debug|Any CPU
		{DD7EA83B-0CEA-4B4F-9987-69DA184F081E}.Debug|x86.Build.0 = Debug|Any CPU
		{DD7EA83B-0CEA-4B4F-9987-69DA184F081E}.Release|Any CPU.ActiveCfg = Release|Any CPU
		{DD7EA83B-0CEA-4B4F-9987-69DA184F081E}.Release|Any CPU.Build.0 = Release|Any CPU
		{DD7EA83B-0CEA-4B4F-9987-69DA184F081E}.Release|x64.ActiveCfg = Release|Any CPU
		{DD7EA83B-0CEA-4B4F-9987-69DA184F081E}.Release|x64.Build.0 = Release|Any CPU
		{DD7EA83B-0CEA-4B4F-9987-69DA184F081E}.Release|x86.ActiveCfg = Release|Any CPU
		{DD7EA83B-0CEA-4B4F-9987-69DA184F081E}.Release|x86.Build.0 = Release|Any CPU
	EndGlobalSection
	GlobalSection(SolutionProperties) = preSolution
		HideSolutionNode = FALSE
	EndGlobalSection
	GlobalSection(ExtensibilityGlobals) = postSolution
		SolutionGuid = {9EDBDFD3-84FF-46B7-873A-F0E886D4EEF5}
	EndGlobalSection
EndGlobal
