Microsoft Visual Studio Solution File, Format Version 12.00
# Visual Studio Version 16
VisualStudioVersion = 16.0.0.0
MinimumVisualStudioVersion = 16.0.0.0
Project("{9A19103F-16F7-4668-BE54-9A1E7A4F7556}") = "FluentUI.TemplateValidation", "FluentUI.TemplateValidation\FluentUI.TemplateValidation.csproj", "{C360B899-C65B-4099-B878-18C09C40207C}"
EndProject
Project("{9A19103F-16F7-4668-BE54-9A1E7A4F7556}") = "FluentUI.TemplateValidation.Client", "FluentUI.TemplateValidation.Client\FluentUI.TemplateValidation.Client.csproj", "{5F838A70-1AB9-4D6D-9F53-A63342DB5D32}"
EndProject
Global
	GlobalSection(SolutionConfigurationPlatforms) = preSolution
		Debug|Any CPU = Debug|Any CPU
		Debug|x64 = Debug|x64
		Debug|x86 = Debug|x86
		Release|Any CPU = Release|Any CPU
		Release|x64 = Release|x64
		Release|x86 = Release|x86
	EndGlobalSection
	GlobalSection(ProjectConfigurationPlatforms) = postSolution
		{5F838A70-1AB9-4D6D-9F53-A63342DB5D32}.Debug|Any CPU.ActiveCfg = Debug|Any CPU
		{5F838A70-1AB9-4D6D-9F53-A63342DB5D32}.Debug|Any CPU.Build.0 = Debug|Any CPU
		{5F838A70-1AB9-4D6D-9F53-A63342DB5D32}.Debug|x64.ActiveCfg = Debug|Any CPU
		{5F838A70-1AB9-4D6D-9F53-A63342DB5D32}.Debug|x64.Build.0 = Debug|Any CPU
		{5F838A70-1AB9-4D6D-9F53-A63342DB5D32}.Debug|x86.ActiveCfg = Debug|Any CPU
		{5F838A70-1AB9-4D6D-9F53-A63342DB5D32}.Debug|x86.Build.0 = Debug|Any CPU
		{5F838A70-1AB9-4D6D-9F53-A63342DB5D32}.Release|Any CPU.ActiveCfg = Release|Any CPU
		{5F838A70-1AB9-4D6D-9F53-A63342DB5D32}.Release|Any CPU.Build.0 = Release|Any CPU
		{5F838A70-1AB9-4D6D-9F53-A63342DB5D32}.Release|x64.ActiveCfg = Release|Any CPU
		{5F838A70-1AB9-4D6D-9F53-A63342DB5D32}.Release|x64.Build.0 = Release|Any CPU
		{5F838A70-1AB9-4D6D-9F53-A63342DB5D32}.Release|x86.ActiveCfg = Release|Any CPU
		{5F838A70-1AB9-4D6D-9F53-A63342DB5D32}.Release|x86.Build.0 = Release|Any CPU
		{C360B899-C65B-4099-B878-18C09C40207C}.Debug|Any CPU.ActiveCfg = Debug|Any CPU
		{C360B899-C65B-4099-B878-18C09C40207C}.Debug|Any CPU.Build.0 = Debug|Any CPU
		{C360B899-C65B-4099-B878-18C09C40207C}.Debug|x64.ActiveCfg = Debug|Any CPU
		{C360B899-C65B-4099-B878-18C09C40207C}.Debug|x64.Build.0 = Debug|Any CPU
		{C360B899-C65B-4099-B878-18C09C40207C}.Debug|x86.ActiveCfg = Debug|Any CPU
		{C360B899-C65B-4099-B878-18C09C40207C}.Debug|x86.Build.0 = Debug|Any CPU
		{C360B899-C65B-4099-B878-18C09C40207C}.Release|Any CPU.ActiveCfg = Release|Any CPU
		{C360B899-C65B-4099-B878-18C09C40207C}.Release|Any CPU.Build.0 = Release|Any CPU
		{C360B899-C65B-4099-B878-18C09C40207C}.Release|x64.ActiveCfg = Release|Any CPU
		{C360B899-C65B-4099-B878-18C09C40207C}.Release|x64.Build.0 = Release|Any CPU
		{C360B899-C65B-4099-B878-18C09C40207C}.Release|x86.ActiveCfg = Release|Any CPU
		{C360B899-C65B-4099-B878-18C09C40207C}.Release|x86.Build.0 = Release|Any CPU
	EndGlobalSection
	GlobalSection(SolutionProperties) = preSolution
		HideSolutionNode = FALSE
	EndGlobalSection
	GlobalSection(ExtensibilityGlobals) = postSolution
		SolutionGuid = {E6CE069A-F040-44BB-B4FE-34370050EEA0}
	EndGlobalSection
EndGlobal
