
Microsoft Visual Studio Solution File, Format Version 12.00
# Visual Studio Version 18
VisualStudioVersion = 18.0.10612.195 main
MinimumVisualStudioVersion = 10.0.40219.1
Project("{2150E333-8FDC-42A3-9474-1A3956D46DE8}") = "src", "src", "{62586417-1901-4732-8188-AE8BADC6AE17}"
EndProject
Project("{2150E333-8FDC-42A3-9474-1A3956D46DE8}") = "Core", "Core", "{B6B58D33-2D25-42BA-9096-702F9ABEF9EE}"
EndProject
Project("{54A90642-561A-4BB1-A94E-469ADEE60C69}") = "Microsoft.FluentUI.AspNetCore.Components.Scripts", "src\Core.Scripts\Microsoft.FluentUI.AspNetCore.Components.Scripts.esproj", "{7D2833AF-6BA7-481A-B625-4C162D8D4756}"
EndProject
Project("{9A19103F-16F7-4668-BE54-9A1E7A4F7556}") = "Microsoft.FluentUI.AspNetCore.Components", "src\Core\Microsoft.FluentUI.AspNetCore.Components.csproj", "{3C30B391-7436-4349-A6CE-19EAFA6804FA}"
EndProject
Project("{2150E333-8FDC-42A3-9474-1A3956D46DE8}") = "eng", "eng", "{0A73C6AE-F696-4497-9BA1-9914C50AA1F9}"
EndProject
Project("{2150E333-8FDC-42A3-9474-1A3956D46DE8}") = "tests", "tests", "{A7EC98D2-21E3-4967-8C5A-D62E640305EB}"
EndProject
Project("{9A19103F-16F7-4668-BE54-9A1E7A4F7556}") = "Components.Tests", "tests\Core\Components.Tests.csproj", "{3A9FE7FC-69CB-4698-A676-39A3A13399B3}"
EndProject
Project("{2150E333-8FDC-42A3-9474-1A3956D46DE8}") = "examples", "examples", "{F273876F-7528-42B3-BFE8-7CFF8ED1E2A2}"
EndProject
Project("{2150E333-8FDC-42A3-9474-1A3956D46DE8}") = "demo", "demo", "{2A11833A-E392-484A-99DF-A870C0692302}"
EndProject
Project("{9A19103F-16F7-4668-BE54-9A1E7A4F7556}") = "FluentUI.Demo.Client", "examples\Demo\FluentUI.Demo.Client\FluentUI.Demo.Client.csproj", "{AEBC6690-5247-4C1E-ADAF-0BBFAC97D606}"
EndProject
Project("{9A19103F-16F7-4668-BE54-9A1E7A4F7556}") = "FluentUI.Demo", "examples\Demo\FluentUI.Demo\FluentUI.Demo.csproj", "{0252FA12-8398-4A68-8C80-8DFBDF3021FD}"
EndProject
Project("{9A19103F-16F7-4668-BE54-9A1E7A4F7556}") = "FluentUI.Demo.DocViewer", "examples\Tools\FluentUI.Demo.DocViewer\FluentUI.Demo.DocViewer.csproj", "{958BF092-4CF2-470C-B058-9244496B234F}"
EndProject
Project("{2150E333-8FDC-42A3-9474-1A3956D46DE8}") = "tools", "tools", "{B98A7516-E9B2-4301-B6A3-33656BF4F4D9}"
EndProject
Project("{9A19103F-16F7-4668-BE54-9A1E7A4F7556}") = "FluentUI.Demo.DocViewer.Tests", "examples\Tools\FluentUI.Demo.DocViewer.Tests\FluentUI.Demo.DocViewer.Tests.csproj", "{2462C5CC-81BC-47AF-85B8-5FADD9E47ADF}"
EndProject
Project("{FAE04EC0-301F-11D3-BF4B-00C04F79EFBC}") = "FluentUI.Demo.SampleData", "examples\Tools\FluentUI.Demo.SampleData\FluentUI.Demo.SampleData.csproj", "{32466925-47C6-420F-B869-5F922162C3A7}"
EndProject
Project("{FAE04EC0-301F-11D3-BF4B-00C04F79EFBC}") = "FluentUI.Demo.SampleApi", "examples\Tools\FluentUI.Demo.SampleApi\FluentUI.Demo.SampleApi.csproj", "{E67B08B6-AEE4-4281-8700-1C87A5A3C11E}"
EndProject
Project("{FAE04EC0-301F-11D3-BF4B-00C04F79EFBC}") = "Components.IntegrationTests", "tests\Integration\Components.IntegrationTests.csproj", "{F380FA22-53D8-4381-B89B-4047AF544D53}"
EndProject
Project("{FAE04EC0-301F-11D3-BF4B-00C04F79EFBC}") = "FluentUI.Demo.DocApiGen", "examples\Tools\FluentUI.Demo.DocApiGen\FluentUI.Demo.DocApiGen.csproj", "{D52F6265-A983-46E0-8831-67FA80D95FBE}"
EndProject
Project("{2150E333-8FDC-42A3-9474-1A3956D46DE8}") = "samples", "samples", "{02EA681E-C7D8-13C7-8484-4AC65E1B71E8}"
EndProject
Project("{FAE04EC0-301F-11D3-BF4B-00C04F79EFBC}") = "FluentUI.Samples.WasmStandalone", "examples\Samples\FluentUI.Samples.WasmStandalone\FluentUI.Samples.WasmStandalone.csproj", "{EB38AC75-966B-41BB-A1C5-0CAFE17FE3D5}"
EndProject
Global
	GlobalSection(SolutionConfigurationPlatforms) = preSolution
		Debug|Any CPU = Debug|Any CPU
		Release|Any CPU = Release|Any CPU
	EndGlobalSection
	GlobalSection(ProjectConfigurationPlatforms) = postSolution
		{7D2833AF-6BA7-481A-B625-4C162D8D4756}.Debug|Any CPU.ActiveCfg = Debug|Any CPU
		{7D2833AF-6BA7-481A-B625-4C162D8D4756}.Debug|Any CPU.Build.0 = Debug|Any CPU
		{7D2833AF-6BA7-481A-B625-4C162D8D4756}.Debug|Any CPU.Deploy.0 = Debug|Any CPU
		{7D2833AF-6BA7-481A-B625-4C162D8D4756}.Release|Any CPU.ActiveCfg = Release|Any CPU
		{7D2833AF-6BA7-481A-B625-4C162D8D4756}.Release|Any CPU.Build.0 = Release|Any CPU
		{7D2833AF-6BA7-481A-B625-4C162D8D4756}.Release|Any CPU.Deploy.0 = Release|Any CPU
		{3C30B391-7436-4349-A6CE-19EAFA6804FA}.Debug|Any CPU.ActiveCfg = Debug|Any CPU
		{3C30B391-7436-4349-A6CE-19EAFA6804FA}.Debug|Any CPU.Build.0 = Debug|Any CPU
		{3C30B391-7436-4349-A6CE-19EAFA6804FA}.Release|Any CPU.ActiveCfg = Release|Any CPU
		{3C30B391-7436-4349-A6CE-19EAFA6804FA}.Release|Any CPU.Build.0 = Release|Any CPU
		{3A9FE7FC-69CB-4698-A676-39A3A13399B3}.Debug|Any CPU.ActiveCfg = Debug|Any CPU
		{3A9FE7FC-69CB-4698-A676-39A3A13399B3}.Debug|Any CPU.Build.0 = Debug|Any CPU
		{3A9FE7FC-69CB-4698-A676-39A3A13399B3}.Release|Any CPU.ActiveCfg = Release|Any CPU
		{3A9FE7FC-69CB-4698-A676-39A3A13399B3}.Release|Any CPU.Build.0 = Release|Any CPU
		{AEBC6690-5247-4C1E-ADAF-0BBFAC97D606}.Debug|Any CPU.ActiveCfg = Debug|Any CPU
		{AEBC6690-5247-4C1E-ADAF-0BBFAC97D606}.Debug|Any CPU.Build.0 = Debug|Any CPU
		{AEBC6690-5247-4C1E-ADAF-0BBFAC97D606}.Release|Any CPU.ActiveCfg = Release|Any CPU
		{AEBC6690-5247-4C1E-ADAF-0BBFAC97D606}.Release|Any CPU.Build.0 = Release|Any CPU
		{0252FA12-8398-4A68-8C80-8DFBDF3021FD}.Debug|Any CPU.ActiveCfg = Debug|Any CPU
		{0252FA12-8398-4A68-8C80-8DFBDF3021FD}.Debug|Any CPU.Build.0 = Debug|Any CPU
		{0252FA12-8398-4A68-8C80-8DFBDF3021FD}.Release|Any CPU.ActiveCfg = Release|Any CPU
		{0252FA12-8398-4A68-8C80-8DFBDF3021FD}.Release|Any CPU.Build.0 = Release|Any CPU
		{958BF092-4CF2-470C-B058-9244496B234F}.Debug|Any CPU.ActiveCfg = Debug|Any CPU
		{958BF092-4CF2-470C-B058-9244496B234F}.Debug|Any CPU.Build.0 = Debug|Any CPU
		{958BF092-4CF2-470C-B058-9244496B234F}.Release|Any CPU.ActiveCfg = Release|Any CPU
		{958BF092-4CF2-470C-B058-9244496B234F}.Release|Any CPU.Build.0 = Release|Any CPU
		{2462C5CC-81BC-47AF-85B8-5FADD9E47ADF}.Debug|Any CPU.ActiveCfg = Debug|Any CPU
		{2462C5CC-81BC-47AF-85B8-5FADD9E47ADF}.Debug|Any CPU.Build.0 = Debug|Any CPU
		{2462C5CC-81BC-47AF-85B8-5FADD9E47ADF}.Release|Any CPU.ActiveCfg = Release|Any CPU
		{2462C5CC-81BC-47AF-85B8-5FADD9E47ADF}.Release|Any CPU.Build.0 = Release|Any CPU
		{32466925-47C6-420F-B869-5F922162C3A7}.Debug|Any CPU.ActiveCfg = Debug|Any CPU
		{32466925-47C6-420F-B869-5F922162C3A7}.Debug|Any CPU.Build.0 = Debug|Any CPU
		{32466925-47C6-420F-B869-5F922162C3A7}.Release|Any CPU.ActiveCfg = Release|Any CPU
		{32466925-47C6-420F-B869-5F922162C3A7}.Release|Any CPU.Build.0 = Release|Any CPU
		{E67B08B6-AEE4-4281-8700-1C87A5A3C11E}.Debug|Any CPU.ActiveCfg = Debug|Any CPU
		{E67B08B6-AEE4-4281-8700-1C87A5A3C11E}.Debug|Any CPU.Build.0 = Debug|Any CPU
		{E67B08B6-AEE4-4281-8700-1C87A5A3C11E}.Release|Any CPU.ActiveCfg = Release|Any CPU
		{E67B08B6-AEE4-4281-8700-1C87A5A3C11E}.Release|Any CPU.Build.0 = Release|Any CPU
		{F380FA22-53D8-4381-B89B-4047AF544D53}.Debug|Any CPU.ActiveCfg = Debug|Any CPU
		{F380FA22-53D8-4381-B89B-4047AF544D53}.Release|Any CPU.ActiveCfg = Release|Any CPU
		{F380FA22-53D8-4381-B89B-4047AF544D53}.Release|Any CPU.Build.0 = Release|Any CPU
		{D52F6265-A983-46E0-8831-67FA80D95FBE}.Debug|Any CPU.ActiveCfg = Debug|Any CPU
		{D52F6265-A983-46E0-8831-67FA80D95FBE}.Debug|Any CPU.Build.0 = Debug|Any CPU
		{D52F6265-A983-46E0-8831-67FA80D95FBE}.Release|Any CPU.ActiveCfg = Release|Any CPU
		{D52F6265-A983-46E0-8831-67FA80D95FBE}.Release|Any CPU.Build.0 = Release|Any CPU
		{EB38AC75-966B-41BB-A1C5-0CAFE17FE3D5}.Debug|Any CPU.ActiveCfg = Debug|Any CPU
		{EB38AC75-966B-41BB-A1C5-0CAFE17FE3D5}.Debug|Any CPU.Build.0 = Debug|Any CPU
		{EB38AC75-966B-41BB-A1C5-0CAFE17FE3D5}.Release|Any CPU.ActiveCfg = Release|Any CPU
		{EB38AC75-966B-41BB-A1C5-0CAFE17FE3D5}.Release|Any CPU.Build.0 = Release|Any CPU
	EndGlobalSection
	GlobalSection(SolutionProperties) = preSolution
		HideSolutionNode = FALSE
	EndGlobalSection
	GlobalSection(NestedProjects) = preSolution
		{B6B58D33-2D25-42BA-9096-702F9ABEF9EE} = {62586417-1901-4732-8188-AE8BADC6AE17}
		{7D2833AF-6BA7-481A-B625-4C162D8D4756} = {B6B58D33-2D25-42BA-9096-702F9ABEF9EE}
		{3C30B391-7436-4349-A6CE-19EAFA6804FA} = {B6B58D33-2D25-42BA-9096-702F9ABEF9EE}
		{3A9FE7FC-69CB-4698-A676-39A3A13399B3} = {A7EC98D2-21E3-4967-8C5A-D62E640305EB}
		{2A11833A-E392-484A-99DF-A870C0692302} = {F273876F-7528-42B3-BFE8-7CFF8ED1E2A2}
		{AEBC6690-5247-4C1E-ADAF-0BBFAC97D606} = {2A11833A-E392-484A-99DF-A870C0692302}
		{0252FA12-8398-4A68-8C80-8DFBDF3021FD} = {2A11833A-E392-484A-99DF-A870C0692302}
		{958BF092-4CF2-470C-B058-9244496B234F} = {B98A7516-E9B2-4301-B6A3-33656BF4F4D9}
		{B98A7516-E9B2-4301-B6A3-33656BF4F4D9} = {F273876F-7528-42B3-BFE8-7CFF8ED1E2A2}
		{2462C5CC-81BC-47AF-85B8-5FADD9E47ADF} = {B98A7516-E9B2-4301-B6A3-33656BF4F4D9}
		{32466925-47C6-420F-B869-5F922162C3A7} = {B98A7516-E9B2-4301-B6A3-33656BF4F4D9}
		{E67B08B6-AEE4-4281-8700-1C87A5A3C11E} = {B98A7516-E9B2-4301-B6A3-33656BF4F4D9}
		{F380FA22-53D8-4381-B89B-4047AF544D53} = {A7EC98D2-21E3-4967-8C5A-D62E640305EB}
		{D52F6265-A983-46E0-8831-67FA80D95FBE} = {B98A7516-E9B2-4301-B6A3-33656BF4F4D9}
		{02EA681E-C7D8-13C7-8484-4AC65E1B71E8} = {F273876F-7528-42B3-BFE8-7CFF8ED1E2A2}
		{EB38AC75-966B-41BB-A1C5-0CAFE17FE3D5} = {02EA681E-C7D8-13C7-8484-4AC65E1B71E8}
	EndGlobalSection
	GlobalSection(ExtensibilityGlobals) = postSolution
		SolutionGuid = {44D95FF7-AEBE-41FB-9D40-CF1E09ADC6BC}
	EndGlobalSection
EndGlobal
