
Microsoft Visual Studio Solution File, Format Version 12.00
# Visual Studio Version 17
VisualStudioVersion = 17.7.33808.371
MinimumVisualStudioVersion = 10.0.40219.1
Project("{2150E333-8FDC-42A3-9474-1A3956D46DE8}") = "docs", "docs", "{805140F8-CC9F-4C32-BB72-3D67D13BEBA7}"
	ProjectSection(SolutionItems) = preProject
		CODE_OF_CONDUCT.md = CODE_OF_CONDUCT.md
		CONTRIBUTING.md = CONTRIBUTING.md
		LICENSE = LICENSE
		README.md = README.md
		SECURITY.md = SECURITY.md
		unit-tests.md = unit-tests.md
		WHATSNEW.md = WHATSNEW.md
	EndProjectSection
EndProject
Project("{2150E333-8FDC-42A3-9474-1A3956D46DE8}") = "eng", "eng", "{558E0FEA-094D-4AA4-994A-8ED67ABEDED4}"
EndProject
Project("{2150E333-8FDC-42A3-9474-1A3956D46DE8}") = "examples", "examples", "{141FEF3E-C665-4D50-8E51-B9507C98040E}"
EndProject
Project("{2150E333-8FDC-42A3-9474-1A3956D46DE8}") = "demo", "demo", "{9468ADD1-3660-410D-8231-6F89384D135D}"
EndProject
Project("{2150E333-8FDC-42A3-9474-1A3956D46DE8}") = "src", "src", "{6ABCAC26-0385-4D95-896C-F7FA100CB78C}"
EndProject
Project("{2150E333-8FDC-42A3-9474-1A3956D46DE8}") = "Core", "Core", "{DF88C07D-46D7-4DEC-ACE4-409217634E57}"
EndProject
Project("{2150E333-8FDC-42A3-9474-1A3956D46DE8}") = "Extensions", "Extensions", "{1199ECBA-EE19-44CD-A471-85AB2F44489C}"
EndProject
Project("{2150E333-8FDC-42A3-9474-1A3956D46DE8}") = "Templates", "Templates", "{0C961B74-7370-4D48-AC4F-2789DC7BA1AF}"
EndProject
Project("{2150E333-8FDC-42A3-9474-1A3956D46DE8}") = "tests", "tests", "{EBE3ACB2-9B23-4F91-9953-7153E3D2B0DA}"
EndProject
Project("{9A19103F-16F7-4668-BE54-9A1E7A4F7556}") = "FluentUI.Demo.Shared", "examples\Demo\Shared\FluentUI.Demo.Shared.csproj", "{E9667496-9D94-4821-91B7-C758B828A588}"
EndProject
Project("{9A19103F-16F7-4668-BE54-9A1E7A4F7556}") = "FluentUI.Demo.Server", "examples\Demo\Server\FluentUI.Demo.Server.csproj", "{790D7D04-7DE1-4E9D-9D7B-CD691592E4D3}"
EndProject
Project("{9A19103F-16F7-4668-BE54-9A1E7A4F7556}") = "FluentUI.Demo.Client", "examples\Demo\Client\FluentUI.Demo.Client.csproj", "{9D6713B7-7ECB-4D79-946B-92BE6D60DFC1}"
EndProject
Project("{9A19103F-16F7-4668-BE54-9A1E7A4F7556}") = "Microsoft.FluentUI.AspNetCore.Components", "src\Core\Microsoft.FluentUI.AspNetCore.Components.csproj", "{962C8010-8EE5-4504-AD28-536D98565DCE}"
EndProject
Project("{9A19103F-16F7-4668-BE54-9A1E7A4F7556}") = "Microsoft.FluentUI.AspNetCore.Components.DataGrid.EntityFrameworkAdapter", "src\Extensions\DataGrid.EntityFrameworkAdapter\Microsoft.FluentUI.AspNetCore.Components.DataGrid.EntityFrameworkAdapter.csproj", "{8CD1F82B-4922-42DD-A83D-BCA7BF1A1C40}"
EndProject
Project("{9A19103F-16F7-4668-BE54-9A1E7A4F7556}") = "Microsoft.FluentUI.AspNetCore.Components.Generators", "src\Extensions\DesignToken.Generator\Microsoft.FluentUI.AspNetCore.Components.Generators.csproj", "{222EC695-2AB9-44AC-BF85-78080A74DFFE}"
EndProject
Project("{9A19103F-16F7-4668-BE54-9A1E7A4F7556}") = "Microsoft.FluentUI.AspNetCore.Templates", "src\Templates\Microsoft.FluentUI.AspNetCore.Templates.csproj", "{F0820C2A-B8CC-42FB-A4E3-B7D5B356E38E}"
EndProject
Project("{9A19103F-16F7-4668-BE54-9A1E7A4F7556}") = "Microsoft.FluentUI.AspNetCore.Components.Tests", "tests\Core\Microsoft.FluentUI.AspNetCore.Components.Tests.csproj", "{3EF0E994-318F-4CB9-A109-81E6CE9B762C}"
EndProject
Project("{2150E333-8FDC-42A3-9474-1A3956D46DE8}") = "DocGenerator", "DocGenerator", "{DAE11C9D-6756-4B05-B3D8-FE7C28411F95}"
EndProject
Project("{9A19103F-16F7-4668-BE54-9A1E7A4F7556}") = "FluentUI.Demo.Generators", "examples\Demo\DocGenerator\FluentUI.Demo.Generators.csproj", "{345DE479-8DB3-4F84-BBC0-C44C12D9DED0}"
EndProject
Project("{2150E333-8FDC-42A3-9474-1A3956D46DE8}") = "AssetExplorer", "AssetExplorer", "{17F26C55-E329-4117-B64D-0393E912FFFE}"
EndProject
Project("{9A19103F-16F7-4668-BE54-9A1E7A4F7556}") = "FluentUI.Demo.AssetExplorer", "examples\Demo\AssetExplorer\FluentUI.Demo.AssetExplorer.csproj", "{E4E62EAA-38FC-48FE-B63E-EB4ABAD660D2}"
EndProject
Project("{2150E333-8FDC-42A3-9474-1A3956D46DE8}") = "Solution Items", "Solution Items", "{B89F06FD-2497-4041-B9EE-EDD889A2C14C}"
	ProjectSection(SolutionItems) = preProject
		.editorconfig = .editorconfig
		Directory.Build.props = Directory.Build.props
		Directory.Packages.props = Directory.Packages.props
		global.json = global.json
		LICENSE = LICENSE
		NuGet.config = NuGet.config
		spelling.dic = spelling.dic
	EndProjectSection
EndProject
Project("{54A90642-561A-4BB1-A94E-469ADEE60C69}") = "Microsoft.FluentUI.AspNetCore.Components.Assets", "src\Core.Assets\Microsoft.FluentUI.AspNetCore.Components.Assets.esproj", "{292081C2-5076-467C-AEFF-12DC0617531A}"
EndProject
Global
	GlobalSection(SolutionConfigurationPlatforms) = preSolution
		Debug|Any CPU = Debug|Any CPU
		Release|Any CPU = Release|Any CPU
	EndGlobalSection
	GlobalSection(ProjectConfigurationPlatforms) = postSolution
		{E9667496-9D94-4821-91B7-C758B828A588}.Debug|Any CPU.ActiveCfg = Debug|Any CPU
		{E9667496-9D94-4821-91B7-C758B828A588}.Debug|Any CPU.Build.0 = Debug|Any CPU
		{E9667496-9D94-4821-91B7-C758B828A588}.Release|Any CPU.ActiveCfg = Release|Any CPU
		{E9667496-9D94-4821-91B7-C758B828A588}.Release|Any CPU.Build.0 = Release|Any CPU
		{790D7D04-7DE1-4E9D-9D7B-CD691592E4D3}.Debug|Any CPU.ActiveCfg = Debug|Any CPU
		{790D7D04-7DE1-4E9D-9D7B-CD691592E4D3}.Debug|Any CPU.Build.0 = Debug|Any CPU
		{790D7D04-7DE1-4E9D-9D7B-CD691592E4D3}.Release|Any CPU.ActiveCfg = Release|Any CPU
		{790D7D04-7DE1-4E9D-9D7B-CD691592E4D3}.Release|Any CPU.Build.0 = Release|Any CPU
		{9D6713B7-7ECB-4D79-946B-92BE6D60DFC1}.Debug|Any CPU.ActiveCfg = Debug|Any CPU
		{9D6713B7-7ECB-4D79-946B-92BE6D60DFC1}.Debug|Any CPU.Build.0 = Debug|Any CPU
		{9D6713B7-7ECB-4D79-946B-92BE6D60DFC1}.Release|Any CPU.ActiveCfg = Release|Any CPU
		{9D6713B7-7ECB-4D79-946B-92BE6D60DFC1}.Release|Any CPU.Build.0 = Release|Any CPU
		{962C8010-8EE5-4504-AD28-536D98565DCE}.Debug|Any CPU.ActiveCfg = Debug|Any CPU
		{962C8010-8EE5-4504-AD28-536D98565DCE}.Debug|Any CPU.Build.0 = Debug|Any CPU
		{962C8010-8EE5-4504-AD28-536D98565DCE}.Release|Any CPU.ActiveCfg = Release|Any CPU
		{962C8010-8EE5-4504-AD28-536D98565DCE}.Release|Any CPU.Build.0 = Release|Any CPU
		{8CD1F82B-4922-42DD-A83D-BCA7BF1A1C40}.Debug|Any CPU.ActiveCfg = Debug|Any CPU
		{8CD1F82B-4922-42DD-A83D-BCA7BF1A1C40}.Debug|Any CPU.Build.0 = Debug|Any CPU
		{8CD1F82B-4922-42DD-A83D-BCA7BF1A1C40}.Release|Any CPU.ActiveCfg = Release|Any CPU
		{8CD1F82B-4922-42DD-A83D-BCA7BF1A1C40}.Release|Any CPU.Build.0 = Release|Any CPU
		{222EC695-2AB9-44AC-BF85-78080A74DFFE}.Debug|Any CPU.ActiveCfg = Debug|Any CPU
		{222EC695-2AB9-44AC-BF85-78080A74DFFE}.Debug|Any CPU.Build.0 = Debug|Any CPU
		{222EC695-2AB9-44AC-BF85-78080A74DFFE}.Release|Any CPU.ActiveCfg = Release|Any CPU
		{222EC695-2AB9-44AC-BF85-78080A74DFFE}.Release|Any CPU.Build.0 = Release|Any CPU
		{F0820C2A-B8CC-42FB-A4E3-B7D5B356E38E}.Debug|Any CPU.ActiveCfg = Debug|Any CPU
		{F0820C2A-B8CC-42FB-A4E3-B7D5B356E38E}.Debug|Any CPU.Build.0 = Debug|Any CPU
		{F0820C2A-B8CC-42FB-A4E3-B7D5B356E38E}.Release|Any CPU.ActiveCfg = Release|Any CPU
		{F0820C2A-B8CC-42FB-A4E3-B7D5B356E38E}.Release|Any CPU.Build.0 = Release|Any CPU
		{3EF0E994-318F-4CB9-A109-81E6CE9B762C}.Debug|Any CPU.ActiveCfg = Debug|Any CPU
		{3EF0E994-318F-4CB9-A109-81E6CE9B762C}.Debug|Any CPU.Build.0 = Debug|Any CPU
		{3EF0E994-318F-4CB9-A109-81E6CE9B762C}.Release|Any CPU.ActiveCfg = Release|Any CPU
		{3EF0E994-318F-4CB9-A109-81E6CE9B762C}.Release|Any CPU.Build.0 = Release|Any CPU
		{345DE479-8DB3-4F84-BBC0-C44C12D9DED0}.Debug|Any CPU.ActiveCfg = Debug|Any CPU
		{345DE479-8DB3-4F84-BBC0-C44C12D9DED0}.Debug|Any CPU.Build.0 = Debug|Any CPU
		{345DE479-8DB3-4F84-BBC0-C44C12D9DED0}.Release|Any CPU.ActiveCfg = Release|Any CPU
		{345DE479-8DB3-4F84-BBC0-C44C12D9DED0}.Release|Any CPU.Build.0 = Release|Any CPU
		{E4E62EAA-38FC-48FE-B63E-EB4ABAD660D2}.Debug|Any CPU.ActiveCfg = Debug|Any CPU
		{E4E62EAA-38FC-48FE-B63E-EB4ABAD660D2}.Debug|Any CPU.Build.0 = Debug|Any CPU
		{E4E62EAA-38FC-48FE-B63E-EB4ABAD660D2}.Release|Any CPU.ActiveCfg = Release|Any CPU
		{E4E62EAA-38FC-48FE-B63E-EB4ABAD660D2}.Release|Any CPU.Build.0 = Release|Any CPU
		{292081C2-5076-467C-AEFF-12DC0617531A}.Debug|Any CPU.ActiveCfg = Debug|Any CPU
		{292081C2-5076-467C-AEFF-12DC0617531A}.Debug|Any CPU.Build.0 = Debug|Any CPU
		{292081C2-5076-467C-AEFF-12DC0617531A}.Debug|Any CPU.Deploy.0 = Debug|Any CPU
		{292081C2-5076-467C-AEFF-12DC0617531A}.Release|Any CPU.ActiveCfg = Release|Any CPU
		{292081C2-5076-467C-AEFF-12DC0617531A}.Release|Any CPU.Build.0 = Release|Any CPU
		{292081C2-5076-467C-AEFF-12DC0617531A}.Release|Any CPU.Deploy.0 = Release|Any CPU
	EndGlobalSection
	GlobalSection(SolutionProperties) = preSolution
		HideSolutionNode = FALSE
	EndGlobalSection
	GlobalSection(NestedProjects) = preSolution
		{9468ADD1-3660-410D-8231-6F89384D135D} = {141FEF3E-C665-4D50-8E51-B9507C98040E}
		{DF88C07D-46D7-4DEC-ACE4-409217634E57} = {6ABCAC26-0385-4D95-896C-F7FA100CB78C}
		{1199ECBA-EE19-44CD-A471-85AB2F44489C} = {6ABCAC26-0385-4D95-896C-F7FA100CB78C}
		{0C961B74-7370-4D48-AC4F-2789DC7BA1AF} = {6ABCAC26-0385-4D95-896C-F7FA100CB78C}
		{E9667496-9D94-4821-91B7-C758B828A588} = {9468ADD1-3660-410D-8231-6F89384D135D}
		{790D7D04-7DE1-4E9D-9D7B-CD691592E4D3} = {9468ADD1-3660-410D-8231-6F89384D135D}
		{9D6713B7-7ECB-4D79-946B-92BE6D60DFC1} = {9468ADD1-3660-410D-8231-6F89384D135D}
		{962C8010-8EE5-4504-AD28-536D98565DCE} = {DF88C07D-46D7-4DEC-ACE4-409217634E57}
		{8CD1F82B-4922-42DD-A83D-BCA7BF1A1C40} = {1199ECBA-EE19-44CD-A471-85AB2F44489C}
		{222EC695-2AB9-44AC-BF85-78080A74DFFE} = {1199ECBA-EE19-44CD-A471-85AB2F44489C}
		{F0820C2A-B8CC-42FB-A4E3-B7D5B356E38E} = {0C961B74-7370-4D48-AC4F-2789DC7BA1AF}
		{3EF0E994-318F-4CB9-A109-81E6CE9B762C} = {EBE3ACB2-9B23-4F91-9953-7153E3D2B0DA}
		{DAE11C9D-6756-4B05-B3D8-FE7C28411F95} = {9468ADD1-3660-410D-8231-6F89384D135D}
		{345DE479-8DB3-4F84-BBC0-C44C12D9DED0} = {DAE11C9D-6756-4B05-B3D8-FE7C28411F95}
		{17F26C55-E329-4117-B64D-0393E912FFFE} = {9468ADD1-3660-410D-8231-6F89384D135D}
		{E4E62EAA-38FC-48FE-B63E-EB4ABAD660D2} = {17F26C55-E329-4117-B64D-0393E912FFFE}
		{292081C2-5076-467C-AEFF-12DC0617531A} = {DF88C07D-46D7-4DEC-ACE4-409217634E57}
	EndGlobalSection
	GlobalSection(ExtensibilityGlobals) = postSolution
		SolutionGuid = {420693A7-C2FD-498C-8E78-4B65CC25389A}
	EndGlobalSection
EndGlobal
