
Microsoft Visual Studio Solution File, Format Version 12.00
# Visual Studio Version 17
VisualStudioVersion = 17.0.31612.314
MinimumVisualStudioVersion = 10.0.40219.1
Project("{2150E333-8FDC-42A3-9474-1A3956D46DE8}") = "src", "src", "{30F6D568-0EFB-479D-8D69-C51CE5CABC22}"
EndProject
Project("{9A19103F-16F7-4668-BE54-9A1E7A4F7556}") = "Microsoft.Fast.Components.FluentUI", "src\Microsoft.Fast.Components.FluentUI\Microsoft.Fast.Components.FluentUI.csproj", "{9AA1E7D0-AFBB-4EAA-BC77-42CC0F07EA0D}"
EndProject
Project("{2150E333-8FDC-42A3-9474-1A3956D46DE8}") = "examples", "examples", "{71623095-9CCB-40BA-A0A7-4A739DA8E913}"
EndProject
Project("{9A19103F-16F7-4668-BE54-9A1E7A4F7556}") = "FluentUI.Demo.Server", "examples\FluentUI.Demo.Server\FluentUI.Demo.Server.csproj", "{1E1FFAAA-063F-47F8-A2C2-18AB6432994D}"
EndProject
Project("{9A19103F-16F7-4668-BE54-9A1E7A4F7556}") = "FluentUI.Demo.Shared", "examples\FluentUI.Demo.Shared\FluentUI.Demo.Shared.csproj", "{CEE536EE-1F7E-4B50-8397-27E8C287C7A1}"
EndProject
Project("{9A19103F-16F7-4668-BE54-9A1E7A4F7556}") = "FluentUI.Demo.Client", "examples\FluentUI.Demo.Client\FluentUI.Demo.Client.csproj", "{57790DB9-2EE1-4D78-BA73-9F63D8466F02}"
EndProject
Project("{2150E333-8FDC-42A3-9474-1A3956D46DE8}") = ".additional files", ".additional files", "{B5536EE9-65A8-46B8-94CD-469364C83F8B}"
	ProjectSection(SolutionItems) = preProject
		CODE_OF_CONDUCT.md = CODE_OF_CONDUCT.md
		CONTRIBUTING.md = CONTRIBUTING.md
		LICENSE = LICENSE
		README.md = README.md
		SECURITY.md = SECURITY.md
	EndProjectSection
EndProject
Project("{2150E333-8FDC-42A3-9474-1A3956D46DE8}") = ".workflows", ".workflows", "{A958098A-B900-4D41-9DEF-32545802D22B}"
	ProjectSection(SolutionItems) = preProject
		.github\workflows\ci-validate.yml = .github\workflows\ci-validate.yml
		.github\workflows\cicd_publish.yml = .github\workflows\cicd_publish.yml
		.github\workflows\codeql-analysis.yml = .github\workflows\codeql-analysis.yml
	EndProjectSection
EndProject
Project("{9A19103F-16F7-4668-BE54-9A1E7A4F7556}") = "Microsoft.Fast.Templates.FluentUI", "templates\Microsoft.Fast.Templates.FluentUI.csproj", "{86B789BF-DC71-4B5F-A530-B7CDF17BD293}"
EndProject
Project("{9A19103F-16F7-4668-BE54-9A1E7A4F7556}") = "Microsoft.Fast.Components.FluentUI.Generators", "src\Microsoft.Fast.Components.FluentUI.Generators\Microsoft.Fast.Components.FluentUI.Generators.csproj", "{6C1E062A-44D3-47B0-A42F-CE27FA452DD4}"
EndProject
Project("{9A19103F-16F7-4668-BE54-9A1E7A4F7556}") = "FluentUI.Demo.Generators", "examples\FluentUI.Demo.Generators\FluentUI.Demo.Generators.csproj", "{6CE4DE24-E064-4634-A05F-6A408E410733}"
EndProject
Global
	GlobalSection(SolutionConfigurationPlatforms) = preSolution
		Debug|Any CPU = Debug|Any CPU
		Debug|x64 = Debug|x64
		Debug|x86 = Debug|x86
		Release|Any CPU = Release|Any CPU
		Release|x64 = Release|x64
		Release|x86 = Release|x86
	EndGlobalSection
	GlobalSection(ProjectConfigurationPlatforms) = postSolution
		{9AA1E7D0-AFBB-4EAA-BC77-42CC0F07EA0D}.Debug|Any CPU.ActiveCfg = Debug|Any CPU
		{9AA1E7D0-AFBB-4EAA-BC77-42CC0F07EA0D}.Debug|Any CPU.Build.0 = Debug|Any CPU
		{9AA1E7D0-AFBB-4EAA-BC77-42CC0F07EA0D}.Debug|x64.ActiveCfg = Debug|Any CPU
		{9AA1E7D0-AFBB-4EAA-BC77-42CC0F07EA0D}.Debug|x64.Build.0 = Debug|Any CPU
		{9AA1E7D0-AFBB-4EAA-BC77-42CC0F07EA0D}.Debug|x86.ActiveCfg = Debug|Any CPU
		{9AA1E7D0-AFBB-4EAA-BC77-42CC0F07EA0D}.Debug|x86.Build.0 = Debug|Any CPU
		{9AA1E7D0-AFBB-4EAA-BC77-42CC0F07EA0D}.Release|Any CPU.ActiveCfg = Release|Any CPU
		{9AA1E7D0-AFBB-4EAA-BC77-42CC0F07EA0D}.Release|Any CPU.Build.0 = Release|Any CPU
		{9AA1E7D0-AFBB-4EAA-BC77-42CC0F07EA0D}.Release|x64.ActiveCfg = Release|Any CPU
		{9AA1E7D0-AFBB-4EAA-BC77-42CC0F07EA0D}.Release|x64.Build.0 = Release|Any CPU
		{9AA1E7D0-AFBB-4EAA-BC77-42CC0F07EA0D}.Release|x86.ActiveCfg = Release|Any CPU
		{9AA1E7D0-AFBB-4EAA-BC77-42CC0F07EA0D}.Release|x86.Build.0 = Release|Any CPU
		{1E1FFAAA-063F-47F8-A2C2-18AB6432994D}.Debug|Any CPU.ActiveCfg = Debug|Any CPU
		{1E1FFAAA-063F-47F8-A2C2-18AB6432994D}.Debug|Any CPU.Build.0 = Debug|Any CPU
		{1E1FFAAA-063F-47F8-A2C2-18AB6432994D}.Debug|x64.ActiveCfg = Debug|Any CPU
		{1E1FFAAA-063F-47F8-A2C2-18AB6432994D}.Debug|x64.Build.0 = Debug|Any CPU
		{1E1FFAAA-063F-47F8-A2C2-18AB6432994D}.Debug|x86.ActiveCfg = Debug|Any CPU
		{1E1FFAAA-063F-47F8-A2C2-18AB6432994D}.Debug|x86.Build.0 = Debug|Any CPU
		{1E1FFAAA-063F-47F8-A2C2-18AB6432994D}.Release|Any CPU.ActiveCfg = Release|Any CPU
		{1E1FFAAA-063F-47F8-A2C2-18AB6432994D}.Release|Any CPU.Build.0 = Release|Any CPU
		{1E1FFAAA-063F-47F8-A2C2-18AB6432994D}.Release|x64.ActiveCfg = Release|Any CPU
		{1E1FFAAA-063F-47F8-A2C2-18AB6432994D}.Release|x64.Build.0 = Release|Any CPU
		{1E1FFAAA-063F-47F8-A2C2-18AB6432994D}.Release|x86.ActiveCfg = Release|Any CPU
		{1E1FFAAA-063F-47F8-A2C2-18AB6432994D}.Release|x86.Build.0 = Release|Any CPU
		{CEE536EE-1F7E-4B50-8397-27E8C287C7A1}.Debug|Any CPU.ActiveCfg = Debug|Any CPU
		{CEE536EE-1F7E-4B50-8397-27E8C287C7A1}.Debug|Any CPU.Build.0 = Debug|Any CPU
		{CEE536EE-1F7E-4B50-8397-27E8C287C7A1}.Debug|x64.ActiveCfg = Debug|Any CPU
		{CEE536EE-1F7E-4B50-8397-27E8C287C7A1}.Debug|x64.Build.0 = Debug|Any CPU
		{CEE536EE-1F7E-4B50-8397-27E8C287C7A1}.Debug|x86.ActiveCfg = Debug|Any CPU
		{CEE536EE-1F7E-4B50-8397-27E8C287C7A1}.Debug|x86.Build.0 = Debug|Any CPU
		{CEE536EE-1F7E-4B50-8397-27E8C287C7A1}.Release|Any CPU.ActiveCfg = Release|Any CPU
		{CEE536EE-1F7E-4B50-8397-27E8C287C7A1}.Release|Any CPU.Build.0 = Release|Any CPU
		{CEE536EE-1F7E-4B50-8397-27E8C287C7A1}.Release|x64.ActiveCfg = Release|Any CPU
		{CEE536EE-1F7E-4B50-8397-27E8C287C7A1}.Release|x64.Build.0 = Release|Any CPU
		{CEE536EE-1F7E-4B50-8397-27E8C287C7A1}.Release|x86.ActiveCfg = Release|Any CPU
		{CEE536EE-1F7E-4B50-8397-27E8C287C7A1}.Release|x86.Build.0 = Release|Any CPU
		{57790DB9-2EE1-4D78-BA73-9F63D8466F02}.Debug|Any CPU.ActiveCfg = Debug|Any CPU
		{57790DB9-2EE1-4D78-BA73-9F63D8466F02}.Debug|Any CPU.Build.0 = Debug|Any CPU
		{57790DB9-2EE1-4D78-BA73-9F63D8466F02}.Debug|x64.ActiveCfg = Debug|Any CPU
		{57790DB9-2EE1-4D78-BA73-9F63D8466F02}.Debug|x64.Build.0 = Debug|Any CPU
		{57790DB9-2EE1-4D78-BA73-9F63D8466F02}.Debug|x86.ActiveCfg = Debug|Any CPU
		{57790DB9-2EE1-4D78-BA73-9F63D8466F02}.Debug|x86.Build.0 = Debug|Any CPU
		{57790DB9-2EE1-4D78-BA73-9F63D8466F02}.Release|Any CPU.ActiveCfg = Release|Any CPU
		{57790DB9-2EE1-4D78-BA73-9F63D8466F02}.Release|Any CPU.Build.0 = Release|Any CPU
		{57790DB9-2EE1-4D78-BA73-9F63D8466F02}.Release|x64.ActiveCfg = Release|Any CPU
		{57790DB9-2EE1-4D78-BA73-9F63D8466F02}.Release|x64.Build.0 = Release|Any CPU
		{57790DB9-2EE1-4D78-BA73-9F63D8466F02}.Release|x86.ActiveCfg = Release|Any CPU
		{57790DB9-2EE1-4D78-BA73-9F63D8466F02}.Release|x86.Build.0 = Release|Any CPU
		{86B789BF-DC71-4B5F-A530-B7CDF17BD293}.Debug|Any CPU.ActiveCfg = Debug|Any CPU
		{86B789BF-DC71-4B5F-A530-B7CDF17BD293}.Debug|Any CPU.Build.0 = Debug|Any CPU
		{86B789BF-DC71-4B5F-A530-B7CDF17BD293}.Debug|x64.ActiveCfg = Debug|Any CPU
		{86B789BF-DC71-4B5F-A530-B7CDF17BD293}.Debug|x64.Build.0 = Debug|Any CPU
		{86B789BF-DC71-4B5F-A530-B7CDF17BD293}.Debug|x86.ActiveCfg = Debug|Any CPU
		{86B789BF-DC71-4B5F-A530-B7CDF17BD293}.Debug|x86.Build.0 = Debug|Any CPU
		{86B789BF-DC71-4B5F-A530-B7CDF17BD293}.Release|Any CPU.ActiveCfg = Release|Any CPU
		{86B789BF-DC71-4B5F-A530-B7CDF17BD293}.Release|Any CPU.Build.0 = Release|Any CPU
		{86B789BF-DC71-4B5F-A530-B7CDF17BD293}.Release|x64.ActiveCfg = Release|Any CPU
		{86B789BF-DC71-4B5F-A530-B7CDF17BD293}.Release|x64.Build.0 = Release|Any CPU
		{86B789BF-DC71-4B5F-A530-B7CDF17BD293}.Release|x86.ActiveCfg = Release|Any CPU
		{86B789BF-DC71-4B5F-A530-B7CDF17BD293}.Release|x86.Build.0 = Release|Any CPU
		{6C1E062A-44D3-47B0-A42F-CE27FA452DD4}.Debug|Any CPU.ActiveCfg = Debug|Any CPU
		{6C1E062A-44D3-47B0-A42F-CE27FA452DD4}.Debug|Any CPU.Build.0 = Debug|Any CPU
		{6C1E062A-44D3-47B0-A42F-CE27FA452DD4}.Debug|x64.ActiveCfg = Debug|Any CPU
		{6C1E062A-44D3-47B0-A42F-CE27FA452DD4}.Debug|x64.Build.0 = Debug|Any CPU
		{6C1E062A-44D3-47B0-A42F-CE27FA452DD4}.Debug|x86.ActiveCfg = Debug|Any CPU
		{6C1E062A-44D3-47B0-A42F-CE27FA452DD4}.Debug|x86.Build.0 = Debug|Any CPU
		{6C1E062A-44D3-47B0-A42F-CE27FA452DD4}.Release|Any CPU.ActiveCfg = Release|Any CPU
		{6C1E062A-44D3-47B0-A42F-CE27FA452DD4}.Release|Any CPU.Build.0 = Release|Any CPU
		{6C1E062A-44D3-47B0-A42F-CE27FA452DD4}.Release|x64.ActiveCfg = Release|Any CPU
		{6C1E062A-44D3-47B0-A42F-CE27FA452DD4}.Release|x64.Build.0 = Release|Any CPU
		{6C1E062A-44D3-47B0-A42F-CE27FA452DD4}.Release|x86.ActiveCfg = Release|Any CPU
		{6C1E062A-44D3-47B0-A42F-CE27FA452DD4}.Release|x86.Build.0 = Release|Any CPU
		{6CE4DE24-E064-4634-A05F-6A408E410733}.Debug|Any CPU.ActiveCfg = Debug|Any CPU
		{6CE4DE24-E064-4634-A05F-6A408E410733}.Debug|Any CPU.Build.0 = Debug|Any CPU
		{6CE4DE24-E064-4634-A05F-6A408E410733}.Debug|x64.ActiveCfg = Debug|Any CPU
		{6CE4DE24-E064-4634-A05F-6A408E410733}.Debug|x64.Build.0 = Debug|Any CPU
		{6CE4DE24-E064-4634-A05F-6A408E410733}.Debug|x86.ActiveCfg = Debug|Any CPU
		{6CE4DE24-E064-4634-A05F-6A408E410733}.Debug|x86.Build.0 = Debug|Any CPU
		{6CE4DE24-E064-4634-A05F-6A408E410733}.Release|Any CPU.ActiveCfg = Release|Any CPU
		{6CE4DE24-E064-4634-A05F-6A408E410733}.Release|Any CPU.Build.0 = Release|Any CPU
		{6CE4DE24-E064-4634-A05F-6A408E410733}.Release|x64.ActiveCfg = Release|Any CPU
		{6CE4DE24-E064-4634-A05F-6A408E410733}.Release|x64.Build.0 = Release|Any CPU
		{6CE4DE24-E064-4634-A05F-6A408E410733}.Release|x86.ActiveCfg = Release|Any CPU
		{6CE4DE24-E064-4634-A05F-6A408E410733}.Release|x86.Build.0 = Release|Any CPU
	EndGlobalSection
	GlobalSection(SolutionProperties) = preSolution
		HideSolutionNode = FALSE
	EndGlobalSection
	GlobalSection(NestedProjects) = preSolution
		{9AA1E7D0-AFBB-4EAA-BC77-42CC0F07EA0D} = {30F6D568-0EFB-479D-8D69-C51CE5CABC22}
		{1E1FFAAA-063F-47F8-A2C2-18AB6432994D} = {71623095-9CCB-40BA-A0A7-4A739DA8E913}
		{CEE536EE-1F7E-4B50-8397-27E8C287C7A1} = {71623095-9CCB-40BA-A0A7-4A739DA8E913}
		{57790DB9-2EE1-4D78-BA73-9F63D8466F02} = {71623095-9CCB-40BA-A0A7-4A739DA8E913}
		{86B789BF-DC71-4B5F-A530-B7CDF17BD293} = {30F6D568-0EFB-479D-8D69-C51CE5CABC22}
		{6C1E062A-44D3-47B0-A42F-CE27FA452DD4} = {30F6D568-0EFB-479D-8D69-C51CE5CABC22}
		{6CE4DE24-E064-4634-A05F-6A408E410733} = {71623095-9CCB-40BA-A0A7-4A739DA8E913}
	EndGlobalSection
	GlobalSection(ExtensibilityGlobals) = postSolution
		SolutionGuid = {0A3E27AA-91CB-4D3F-9C1E-390E3AA8DEC1}
	EndGlobalSection
EndGlobal
