Microsoft Visual Studio Solution File, Format Version 12.00
# Visual Studio Version 16
VisualStudioVersion = 16.0.0.0
MinimumVisualStudioVersion = 16.0.0.0
Project("{9A19103F-16F7-4668-BE54-9A1E7A4F7556}") = "FluentUI.TemplateValidation", "FluentUI.TemplateValidation\FluentUI.TemplateValidation.csproj", "{DD018580-1A36-410F-922C-8689F2757D4C}"
EndProject
Project("{9A19103F-16F7-4668-BE54-9A1E7A4F7556}") = "FluentUI.TemplateValidation.Client", "FluentUI.TemplateValidation.Client\FluentUI.TemplateValidation.Client.csproj", "{50DD46CC-E94F-4E8B-AAA8-A6B78FBD21B5}"
EndProject
Global
	GlobalSection(SolutionConfigurationPlatforms) = preSolution
		Debug|Any CPU = Debug|Any CPU
		Debug|x64 = Debug|x64
		Debug|x86 = Debug|x86
		Release|Any CPU = Release|Any CPU
		Release|x64 = Release|x64
		Release|x86 = Release|x86
	EndGlobalSection
	GlobalSection(ProjectConfigurationPlatforms) = postSolution
		{50DD46CC-E94F-4E8B-AAA8-A6B78FBD21B5}.Debug|Any CPU.ActiveCfg = Debug|Any CPU
		{50DD46CC-E94F-4E8B-AAA8-A6B78FBD21B5}.Debug|Any CPU.Build.0 = Debug|Any CPU
		{50DD46CC-E94F-4E8B-AAA8-A6B78FBD21B5}.Debug|x64.ActiveCfg = Debug|Any CPU
		{50DD46CC-E94F-4E8B-AAA8-A6B78FBD21B5}.Debug|x64.Build.0 = Debug|Any CPU
		{50DD46CC-E94F-4E8B-AAA8-A6B78FBD21B5}.Debug|x86.ActiveCfg = Debug|Any CPU
		{50DD46CC-E94F-4E8B-AAA8-A6B78FBD21B5}.Debug|x86.Build.0 = Debug|Any CPU
		{50DD46CC-E94F-4E8B-AAA8-A6B78FBD21B5}.Release|Any CPU.ActiveCfg = Release|Any CPU
		{50DD46CC-E94F-4E8B-AAA8-A6B78FBD21B5}.Release|Any CPU.Build.0 = Release|Any CPU
		{50DD46CC-E94F-4E8B-AAA8-A6B78FBD21B5}.Release|x64.ActiveCfg = Release|Any CPU
		{50DD46CC-E94F-4E8B-AAA8-A6B78FBD21B5}.Release|x64.Build.0 = Release|Any CPU
		{50DD46CC-E94F-4E8B-AAA8-A6B78FBD21B5}.Release|x86.ActiveCfg = Release|Any CPU
		{50DD46CC-E94F-4E8B-AAA8-A6B78FBD21B5}.Release|x86.Build.0 = Release|Any CPU
		{DD018580-1A36-410F-922C-8689F2757D4C}.Debug|Any CPU.ActiveCfg = Debug|Any CPU
		{DD018580-1A36-410F-922C-8689F2757D4C}.Debug|Any CPU.Build.0 = Debug|Any CPU
		{DD018580-1A36-410F-922C-8689F2757D4C}.Debug|x64.ActiveCfg = Debug|Any CPU
		{DD018580-1A36-410F-922C-8689F2757D4C}.Debug|x64.Build.0 = Debug|Any CPU
		{DD018580-1A36-410F-922C-8689F2757D4C}.Debug|x86.ActiveCfg = Debug|Any CPU
		{DD018580-1A36-410F-922C-8689F2757D4C}.Debug|x86.Build.0 = Debug|Any CPU
		{DD018580-1A36-410F-922C-8689F2757D4C}.Release|Any CPU.ActiveCfg = Release|Any CPU
		{DD018580-1A36-410F-922C-8689F2757D4C}.Release|Any CPU.Build.0 = Release|Any CPU
		{DD018580-1A36-410F-922C-8689F2757D4C}.Release|x64.ActiveCfg = Release|Any CPU
		{DD018580-1A36-410F-922C-8689F2757D4C}.Release|x64.Build.0 = Release|Any CPU
		{DD018580-1A36-410F-922C-8689F2757D4C}.Release|x86.ActiveCfg = Release|Any CPU
		{DD018580-1A36-410F-922C-8689F2757D4C}.Release|x86.Build.0 = Release|Any CPU
	EndGlobalSection
	GlobalSection(SolutionProperties) = preSolution
		HideSolutionNode = FALSE
	EndGlobalSection
	GlobalSection(ExtensibilityGlobals) = postSolution
		SolutionGuid = {03B40186-556A-431D-8226-2F99A1F42EE8}
	EndGlobalSection
EndGlobal
