Microsoft Visual Studio Solution File, Format Version 12.00
# Visual Studio Version 16
VisualStudioVersion = 16.0.0.0
MinimumVisualStudioVersion = 16.0.0.0
Project("{9A19103F-16F7-4668-BE54-9A1E7A4F7556}") = "FluentUI.TemplateValidation", "FluentUI.TemplateValidation\FluentUI.TemplateValidation.csproj", "{7C657842-DC8F-4A34-BFAC-285B18C2C5A4}"
EndProject
Project("{9A19103F-16F7-4668-BE54-9A1E7A4F7556}") = "FluentUI.TemplateValidation.Client", "FluentUI.TemplateValidation.Client\FluentUI.TemplateValidation.Client.csproj", "{D5A552E4-64F0-48E9-ABBA-4B9FF1F498BF}"
EndProject
Global
	GlobalSection(SolutionConfigurationPlatforms) = preSolution
		Debug|Any CPU = Debug|Any CPU
		Debug|x64 = Debug|x64
		Debug|x86 = Debug|x86
		Release|Any CPU = Release|Any CPU
		Release|x64 = Release|x64
		Release|x86 = Release|x86
	EndGlobalSection
	GlobalSection(ProjectConfigurationPlatforms) = postSolution
		{D5A552E4-64F0-48E9-ABBA-4B9FF1F498BF}.Debug|Any CPU.ActiveCfg = Debug|Any CPU
		{D5A552E4-64F0-48E9-ABBA-4B9FF1F498BF}.Debug|Any CPU.Build.0 = Debug|Any CPU
		{D5A552E4-64F0-48E9-ABBA-4B9FF1F498BF}.Debug|x64.ActiveCfg = Debug|Any CPU
		{D5A552E4-64F0-48E9-ABBA-4B9FF1F498BF}.Debug|x64.Build.0 = Debug|Any CPU
		{D5A552E4-64F0-48E9-ABBA-4B9FF1F498BF}.Debug|x86.ActiveCfg = Debug|Any CPU
		{D5A552E4-64F0-48E9-ABBA-4B9FF1F498BF}.Debug|x86.Build.0 = Debug|Any CPU
		{D5A552E4-64F0-48E9-ABBA-4B9FF1F498BF}.Release|Any CPU.ActiveCfg = Release|Any CPU
		{D5A552E4-64F0-48E9-ABBA-4B9FF1F498BF}.Release|Any CPU.Build.0 = Release|Any CPU
		{D5A552E4-64F0-48E9-ABBA-4B9FF1F498BF}.Release|x64.ActiveCfg = Release|Any CPU
		{D5A552E4-64F0-48E9-ABBA-4B9FF1F498BF}.Release|x64.Build.0 = Release|Any CPU
		{D5A552E4-64F0-48E9-ABBA-4B9FF1F498BF}.Release|x86.ActiveCfg = Release|Any CPU
		{D5A552E4-64F0-48E9-ABBA-4B9FF1F498BF}.Release|x86.Build.0 = Release|Any CPU
		{7C657842-DC8F-4A34-BFAC-285B18C2C5A4}.Debug|Any CPU.ActiveCfg = Debug|Any CPU
		{7C657842-DC8F-4A34-BFAC-285B18C2C5A4}.Debug|Any CPU.Build.0 = Debug|Any CPU
		{7C657842-DC8F-4A34-BFAC-285B18C2C5A4}.Debug|x64.ActiveCfg = Debug|Any CPU
		{7C657842-DC8F-4A34-BFAC-285B18C2C5A4}.Debug|x64.Build.0 = Debug|Any CPU
		{7C657842-DC8F-4A34-BFAC-285B18C2C5A4}.Debug|x86.ActiveCfg = Debug|Any CPU
		{7C657842-DC8F-4A34-BFAC-285B18C2C5A4}.Debug|x86.Build.0 = Debug|Any CPU
		{7C657842-DC8F-4A34-BFAC-285B18C2C5A4}.Release|Any CPU.ActiveCfg = Release|Any CPU
		{7C657842-DC8F-4A34-BFAC-285B18C2C5A4}.Release|Any CPU.Build.0 = Release|Any CPU
		{7C657842-DC8F-4A34-BFAC-285B18C2C5A4}.Release|x64.ActiveCfg = Release|Any CPU
		{7C657842-DC8F-4A34-BFAC-285B18C2C5A4}.Release|x64.Build.0 = Release|Any CPU
		{7C657842-DC8F-4A34-BFAC-285B18C2C5A4}.Release|x86.ActiveCfg = Release|Any CPU
		{7C657842-DC8F-4A34-BFAC-285B18C2C5A4}.Release|x86.Build.0 = Release|Any CPU
	EndGlobalSection
	GlobalSection(SolutionProperties) = preSolution
		HideSolutionNode = FALSE
	EndGlobalSection
	GlobalSection(ExtensibilityGlobals) = postSolution
		SolutionGuid = {412DBA97-DC85-4E06-BC73-42F18F15FA25}
	EndGlobalSection
EndGlobal
