Microsoft Visual Studio Solution File, Format Version 12.00
# Visual Studio Version 16
VisualStudioVersion = 16.0.0.0
MinimumVisualStudioVersion = 16.0.0.0
Project("{9A19103F-16F7-4668-BE54-9A1E7A4F7556}") = "FluentUI.TemplateValidation", "FluentUI.TemplateValidation\FluentUI.TemplateValidation.csproj", "{14D4BB7B-21D0-4E10-9082-48D20B935BA9}"
EndProject
Project("{9A19103F-16F7-4668-BE54-9A1E7A4F7556}") = "FluentUI.TemplateValidation.Client", "FluentUI.TemplateValidation.Client\FluentUI.TemplateValidation.Client.csproj", "{59D29D6E-52DD-4842-83A5-F96E23649520}"
EndProject
Global
	GlobalSection(SolutionConfigurationPlatforms) = preSolution
		Debug|Any CPU = Debug|Any CPU
		Debug|x64 = Debug|x64
		Debug|x86 = Debug|x86
		Release|Any CPU = Release|Any CPU
		Release|x64 = Release|x64
		Release|x86 = Release|x86
	EndGlobalSection
	GlobalSection(ProjectConfigurationPlatforms) = postSolution
		{59D29D6E-52DD-4842-83A5-F96E23649520}.Debug|Any CPU.ActiveCfg = Debug|Any CPU
		{59D29D6E-52DD-4842-83A5-F96E23649520}.Debug|Any CPU.Build.0 = Debug|Any CPU
		{59D29D6E-52DD-4842-83A5-F96E23649520}.Debug|x64.ActiveCfg = Debug|Any CPU
		{59D29D6E-52DD-4842-83A5-F96E23649520}.Debug|x64.Build.0 = Debug|Any CPU
		{59D29D6E-52DD-4842-83A5-F96E23649520}.Debug|x86.ActiveCfg = Debug|Any CPU
		{59D29D6E-52DD-4842-83A5-F96E23649520}.Debug|x86.Build.0 = Debug|Any CPU
		{59D29D6E-52DD-4842-83A5-F96E23649520}.Release|Any CPU.ActiveCfg = Release|Any CPU
		{59D29D6E-52DD-4842-83A5-F96E23649520}.Release|Any CPU.Build.0 = Release|Any CPU
		{59D29D6E-52DD-4842-83A5-F96E23649520}.Release|x64.ActiveCfg = Release|Any CPU
		{59D29D6E-52DD-4842-83A5-F96E23649520}.Release|x64.Build.0 = Release|Any CPU
		{59D29D6E-52DD-4842-83A5-F96E23649520}.Release|x86.ActiveCfg = Release|Any CPU
		{59D29D6E-52DD-4842-83A5-F96E23649520}.Release|x86.Build.0 = Release|Any CPU
		{14D4BB7B-21D0-4E10-9082-48D20B935BA9}.Debug|Any CPU.ActiveCfg = Debug|Any CPU
		{14D4BB7B-21D0-4E10-9082-48D20B935BA9}.Debug|Any CPU.Build.0 = Debug|Any CPU
		{14D4BB7B-21D0-4E10-9082-48D20B935BA9}.Debug|x64.ActiveCfg = Debug|Any CPU
		{14D4BB7B-21D0-4E10-9082-48D20B935BA9}.Debug|x64.Build.0 = Debug|Any CPU
		{14D4BB7B-21D0-4E10-9082-48D20B935BA9}.Debug|x86.ActiveCfg = Debug|Any CPU
		{14D4BB7B-21D0-4E10-9082-48D20B935BA9}.Debug|x86.Build.0 = Debug|Any CPU
		{14D4BB7B-21D0-4E10-9082-48D20B935BA9}.Release|Any CPU.ActiveCfg = Release|Any CPU
		{14D4BB7B-21D0-4E10-9082-48D20B935BA9}.Release|Any CPU.Build.0 = Release|Any CPU
		{14D4BB7B-21D0-4E10-9082-48D20B935BA9}.Release|x64.ActiveCfg = Release|Any CPU
		{14D4BB7B-21D0-4E10-9082-48D20B935BA9}.Release|x64.Build.0 = Release|Any CPU
		{14D4BB7B-21D0-4E10-9082-48D20B935BA9}.Release|x86.ActiveCfg = Release|Any CPU
		{14D4BB7B-21D0-4E10-9082-48D20B935BA9}.Release|x86.Build.0 = Release|Any CPU
	EndGlobalSection
	GlobalSection(SolutionProperties) = preSolution
		HideSolutionNode = FALSE
	EndGlobalSection
	GlobalSection(ExtensibilityGlobals) = postSolution
		SolutionGuid = {650ACEA5-B2DE-4F21-B34A-B0AFC1538FD5}
	EndGlobalSection
EndGlobal
