
Microsoft Visual Studio Solution File, Format Version 12.00
# Visual Studio Version 17
VisualStudioVersion = 17.1.32102.18
MinimumVisualStudioVersion = 10.0.40219.1
Project("{FAE04EC0-301F-11D3-BF4B-00C04F79EFBC}") = "FluentUIBlazorWebAssemblyApp", "Content\FluentUIBlazorWebAssemblyApp\FluentUIBlazorWebAssemblyApp.csproj", "{1FC26380-F47D-4CF3-88E5-5CCCC30843B6}"
EndProject
Global
	GlobalSection(SolutionConfigurationPlatforms) = preSolution
		Debug|Any CPU = Debug|Any CPU
		Release|Any CPU = Release|Any CPU
	EndGlobalSection
	GlobalSection(ProjectConfigurationPlatforms) = postSolution
		{1FC26380-F47D-4CF3-88E5-5CCCC30843B6}.Debug|Any CPU.ActiveCfg = Debug|Any CPU
		{1FC26380-F47D-4CF3-88E5-5CCCC30843B6}.Debug|Any CPU.Build.0 = Debug|Any CPU
		{1FC26380-F47D-4CF3-88E5-5CCCC30843B6}.Release|Any CPU.ActiveCfg = Release|Any CPU
		{1FC26380-F47D-4CF3-88E5-5CCCC30843B6}.Release|Any CPU.Build.0 = Release|Any CPU
	EndGlobalSection
	GlobalSection(SolutionProperties) = preSolution
		HideSolutionNode = FALSE
	EndGlobalSection
	GlobalSection(ExtensibilityGlobals) = postSolution
		SolutionGuid = {CB96E2A1-5C79-4A32-A7CC-D3F40F151706}
	EndGlobalSection
EndGlobal
