Microsoft Visual Studio Solution File, Format Version 12.00
# Visual Studio Version 16
VisualStudioVersion = 16.0.0.0
MinimumVisualStudioVersion = 16.0.0.0
Project("{9A19103F-16F7-4668-BE54-9A1E7A4F7556}") = "FluentUI.TemplateValidation", "FluentUI.TemplateValidation\FluentUI.TemplateValidation.csproj", "{4413AD0F-0689-4118-86AC-BD096063396C}"
EndProject
Project("{9A19103F-16F7-4668-BE54-9A1E7A4F7556}") = "FluentUI.TemplateValidation.Client", "FluentUI.TemplateValidation.Client\FluentUI.TemplateValidation.Client.csproj", "{90838E44-B757-44B0-828F-4E3130D2A759}"
EndProject
Global
	GlobalSection(SolutionConfigurationPlatforms) = preSolution
		Debug|Any CPU = Debug|Any CPU
		Debug|x64 = Debug|x64
		Debug|x86 = Debug|x86
		Release|Any CPU = Release|Any CPU
		Release|x64 = Release|x64
		Release|x86 = Release|x86
	EndGlobalSection
	GlobalSection(ProjectConfigurationPlatforms) = postSolution
		{90838E44-B757-44B0-828F-4E3130D2A759}.Debug|Any CPU.ActiveCfg = Debug|Any CPU
		{90838E44-B757-44B0-828F-4E3130D2A759}.Debug|Any CPU.Build.0 = Debug|Any CPU
		{90838E44-B757-44B0-828F-4E3130D2A759}.Debug|x64.ActiveCfg = Debug|Any CPU
		{90838E44-B757-44B0-828F-4E3130D2A759}.Debug|x64.Build.0 = Debug|Any CPU
		{90838E44-B757-44B0-828F-4E3130D2A759}.Debug|x86.ActiveCfg = Debug|Any CPU
		{90838E44-B757-44B0-828F-4E3130D2A759}.Debug|x86.Build.0 = Debug|Any CPU
		{90838E44-B757-44B0-828F-4E3130D2A759}.Release|Any CPU.ActiveCfg = Release|Any CPU
		{90838E44-B757-44B0-828F-4E3130D2A759}.Release|Any CPU.Build.0 = Release|Any CPU
		{90838E44-B757-44B0-828F-4E3130D2A759}.Release|x64.ActiveCfg = Release|Any CPU
		{90838E44-B757-44B0-828F-4E3130D2A759}.Release|x64.Build.0 = Release|Any CPU
		{90838E44-B757-44B0-828F-4E3130D2A759}.Release|x86.ActiveCfg = Release|Any CPU
		{90838E44-B757-44B0-828F-4E3130D2A759}.Release|x86.Build.0 = Release|Any CPU
		{4413AD0F-0689-4118-86AC-BD096063396C}.Debug|Any CPU.ActiveCfg = Debug|Any CPU
		{4413AD0F-0689-4118-86AC-BD096063396C}.Debug|Any CPU.Build.0 = Debug|Any CPU
		{4413AD0F-0689-4118-86AC-BD096063396C}.Debug|x64.ActiveCfg = Debug|Any CPU
		{4413AD0F-0689-4118-86AC-BD096063396C}.Debug|x64.Build.0 = Debug|Any CPU
		{4413AD0F-0689-4118-86AC-BD096063396C}.Debug|x86.ActiveCfg = Debug|Any CPU
		{4413AD0F-0689-4118-86AC-BD096063396C}.Debug|x86.Build.0 = Debug|Any CPU
		{4413AD0F-0689-4118-86AC-BD096063396C}.Release|Any CPU.ActiveCfg = Release|Any CPU
		{4413AD0F-0689-4118-86AC-BD096063396C}.Release|Any CPU.Build.0 = Release|Any CPU
		{4413AD0F-0689-4118-86AC-BD096063396C}.Release|x64.ActiveCfg = Release|Any CPU
		{4413AD0F-0689-4118-86AC-BD096063396C}.Release|x64.Build.0 = Release|Any CPU
		{4413AD0F-0689-4118-86AC-BD096063396C}.Release|x86.ActiveCfg = Release|Any CPU
		{4413AD0F-0689-4118-86AC-BD096063396C}.Release|x86.Build.0 = Release|Any CPU
	EndGlobalSection
	GlobalSection(SolutionProperties) = preSolution
		HideSolutionNode = FALSE
	EndGlobalSection
	GlobalSection(ExtensibilityGlobals) = postSolution
		SolutionGuid = {1DCCB487-6325-43CB-8C04-ACF09CF5CA7A}
	EndGlobalSection
EndGlobal
