Microsoft Visual Studio Solution File, Format Version 12.00
# Visual Studio Version 16
VisualStudioVersion = 16.0.0.0
MinimumVisualStudioVersion = 16.0.0.0
Project("{9A19103F-16F7-4668-BE54-9A1E7A4F7556}") = "FluentUI.TemplateValidation", "FluentUI.TemplateValidation\FluentUI.TemplateValidation.csproj", "{A55A0DA1-4541-448D-84EA-5E839F4BD766}"
EndProject
Project("{9A19103F-16F7-4668-BE54-9A1E7A4F7556}") = "FluentUI.TemplateValidation.Client", "FluentUI.TemplateValidation.Client\FluentUI.TemplateValidation.Client.csproj", "{F2B39552-EDE0-4AD5-AFA1-60A52D80EEFD}"
EndProject
Global
	GlobalSection(SolutionConfigurationPlatforms) = preSolution
		Debug|Any CPU = Debug|Any CPU
		Debug|x64 = Debug|x64
		Debug|x86 = Debug|x86
		Release|Any CPU = Release|Any CPU
		Release|x64 = Release|x64
		Release|x86 = Release|x86
	EndGlobalSection
	GlobalSection(ProjectConfigurationPlatforms) = postSolution
		{F2B39552-EDE0-4AD5-AFA1-60A52D80EEFD}.Debug|Any CPU.ActiveCfg = Debug|Any CPU
		{F2B39552-EDE0-4AD5-AFA1-60A52D80EEFD}.Debug|Any CPU.Build.0 = Debug|Any CPU
		{F2B39552-EDE0-4AD5-AFA1-60A52D80EEFD}.Debug|x64.ActiveCfg = Debug|Any CPU
		{F2B39552-EDE0-4AD5-AFA1-60A52D80EEFD}.Debug|x64.Build.0 = Debug|Any CPU
		{F2B39552-EDE0-4AD5-AFA1-60A52D80EEFD}.Debug|x86.ActiveCfg = Debug|Any CPU
		{F2B39552-EDE0-4AD5-AFA1-60A52D80EEFD}.Debug|x86.Build.0 = Debug|Any CPU
		{F2B39552-EDE0-4AD5-AFA1-60A52D80EEFD}.Release|Any CPU.ActiveCfg = Release|Any CPU
		{F2B39552-EDE0-4AD5-AFA1-60A52D80EEFD}.Release|Any CPU.Build.0 = Release|Any CPU
		{F2B39552-EDE0-4AD5-AFA1-60A52D80EEFD}.Release|x64.ActiveCfg = Release|Any CPU
		{F2B39552-EDE0-4AD5-AFA1-60A52D80EEFD}.Release|x64.Build.0 = Release|Any CPU
		{F2B39552-EDE0-4AD5-AFA1-60A52D80EEFD}.Release|x86.ActiveCfg = Release|Any CPU
		{F2B39552-EDE0-4AD5-AFA1-60A52D80EEFD}.Release|x86.Build.0 = Release|Any CPU
		{A55A0DA1-4541-448D-84EA-5E839F4BD766}.Debug|Any CPU.ActiveCfg = Debug|Any CPU
		{A55A0DA1-4541-448D-84EA-5E839F4BD766}.Debug|Any CPU.Build.0 = Debug|Any CPU
		{A55A0DA1-4541-448D-84EA-5E839F4BD766}.Debug|x64.ActiveCfg = Debug|Any CPU
		{A55A0DA1-4541-448D-84EA-5E839F4BD766}.Debug|x64.Build.0 = Debug|Any CPU
		{A55A0DA1-4541-448D-84EA-5E839F4BD766}.Debug|x86.ActiveCfg = Debug|Any CPU
		{A55A0DA1-4541-448D-84EA-5E839F4BD766}.Debug|x86.Build.0 = Debug|Any CPU
		{A55A0DA1-4541-448D-84EA-5E839F4BD766}.Release|Any CPU.ActiveCfg = Release|Any CPU
		{A55A0DA1-4541-448D-84EA-5E839F4BD766}.Release|Any CPU.Build.0 = Release|Any CPU
		{A55A0DA1-4541-448D-84EA-5E839F4BD766}.Release|x64.ActiveCfg = Release|Any CPU
		{A55A0DA1-4541-448D-84EA-5E839F4BD766}.Release|x64.Build.0 = Release|Any CPU
		{A55A0DA1-4541-448D-84EA-5E839F4BD766}.Release|x86.ActiveCfg = Release|Any CPU
		{A55A0DA1-4541-448D-84EA-5E839F4BD766}.Release|x86.Build.0 = Release|Any CPU
	EndGlobalSection
	GlobalSection(SolutionProperties) = preSolution
		HideSolutionNode = FALSE
	EndGlobalSection
	GlobalSection(ExtensibilityGlobals) = postSolution
		SolutionGuid = {CB115ECD-1311-46FC-B0DD-BF1DAE982A17}
	EndGlobalSection
EndGlobal
