
Microsoft Visual Studio Solution File, Format Version 12.00
# Visual Studio Version 17
VisualStudioVersion = 17.1.32102.18
MinimumVisualStudioVersion = 10.0.40219.1
Project("{FAE04EC0-301F-11D3-BF4B-00C04F79EFBC}") = "FluentUIBlazorServerApp", "Content\FluentUIBlazorServerApp\FluentUIBlazorServerApp.csproj", "{9A828C59-809E-49E0-A4B3-034E9FAB82BE}"
EndProject
Global
	GlobalSection(SolutionConfigurationPlatforms) = preSolution
		Debug|Any CPU = Debug|Any CPU
		Release|Any CPU = Release|Any CPU
	EndGlobalSection
	GlobalSection(ProjectConfigurationPlatforms) = postSolution
		{9A828C59-809E-49E0-A4B3-034E9FAB82BE}.Debug|Any CPU.ActiveCfg = Debug|Any CPU
		{9A828C59-809E-49E0-A4B3-034E9FAB82BE}.Debug|Any CPU.Build.0 = Debug|Any CPU
		{9A828C59-809E-49E0-A4B3-034E9FAB82BE}.Release|Any CPU.ActiveCfg = Release|Any CPU
		{9A828C59-809E-49E0-A4B3-034E9FAB82BE}.Release|Any CPU.Build.0 = Release|Any CPU
	EndGlobalSection
	GlobalSection(SolutionProperties) = preSolution
		HideSolutionNode = FALSE
	EndGlobalSection
	GlobalSection(ExtensibilityGlobals) = postSolution
		SolutionGuid = {9FBCD98F-0B1B-4927-AEFB-7D7E0993BD6D}
	EndGlobalSection
EndGlobal
