Microsoft Visual Studio Solution File, Format Version 12.00
# Visual Studio Version 16
VisualStudioVersion = 16.0.0.0
MinimumVisualStudioVersion = 16.0.0.0
Project("{9A19103F-16F7-4668-BE54-9A1E7A4F7556}") = "FluentUI.TemplateValidation", "FluentUI.TemplateValidation\FluentUI.TemplateValidation.csproj", "{E473FA13-15BE-4184-9C46-B93114F319DC}"
EndProject
Project("{9A19103F-16F7-4668-BE54-9A1E7A4F7556}") = "FluentUI.TemplateValidation.Client", "FluentUI.TemplateValidation.Client\FluentUI.TemplateValidation.Client.csproj", "{6364D79B-D3FB-4BC0-AFA5-3C80464195BF}"
EndProject
Global
	GlobalSection(SolutionConfigurationPlatforms) = preSolution
		Debug|Any CPU = Debug|Any CPU
		Debug|x64 = Debug|x64
		Debug|x86 = Debug|x86
		Release|Any CPU = Release|Any CPU
		Release|x64 = Release|x64
		Release|x86 = Release|x86
	EndGlobalSection
	GlobalSection(ProjectConfigurationPlatforms) = postSolution
		{6364D79B-D3FB-4BC0-AFA5-3C80464195BF}.Debug|Any CPU.ActiveCfg = Debug|Any CPU
		{6364D79B-D3FB-4BC0-AFA5-3C80464195BF}.Debug|Any CPU.Build.0 = Debug|Any CPU
		{6364D79B-D3FB-4BC0-AFA5-3C80464195BF}.Debug|x64.ActiveCfg = Debug|Any CPU
		{6364D79B-D3FB-4BC0-AFA5-3C80464195BF}.Debug|x64.Build.0 = Debug|Any CPU
		{6364D79B-D3FB-4BC0-AFA5-3C80464195BF}.Debug|x86.ActiveCfg = Debug|Any CPU
		{6364D79B-D3FB-4BC0-AFA5-3C80464195BF}.Debug|x86.Build.0 = Debug|Any CPU
		{6364D79B-D3FB-4BC0-AFA5-3C80464195BF}.Release|Any CPU.ActiveCfg = Release|Any CPU
		{6364D79B-D3FB-4BC0-AFA5-3C80464195BF}.Release|Any CPU.Build.0 = Release|Any CPU
		{6364D79B-D3FB-4BC0-AFA5-3C80464195BF}.Release|x64.ActiveCfg = Release|Any CPU
		{6364D79B-D3FB-4BC0-AFA5-3C80464195BF}.Release|x64.Build.0 = Release|Any CPU
		{6364D79B-D3FB-4BC0-AFA5-3C80464195BF}.Release|x86.ActiveCfg = Release|Any CPU
		{6364D79B-D3FB-4BC0-AFA5-3C80464195BF}.Release|x86.Build.0 = Release|Any CPU
		{E473FA13-15BE-4184-9C46-B93114F319DC}.Debug|Any CPU.ActiveCfg = Debug|Any CPU
		{E473FA13-15BE-4184-9C46-B93114F319DC}.Debug|Any CPU.Build.0 = Debug|Any CPU
		{E473FA13-15BE-4184-9C46-B93114F319DC}.Debug|x64.ActiveCfg = Debug|Any CPU
		{E473FA13-15BE-4184-9C46-B93114F319DC}.Debug|x64.Build.0 = Debug|Any CPU
		{E473FA13-15BE-4184-9C46-B93114F319DC}.Debug|x86.ActiveCfg = Debug|Any CPU
		{E473FA13-15BE-4184-9C46-B93114F319DC}.Debug|x86.Build.0 = Debug|Any CPU
		{E473FA13-15BE-4184-9C46-B93114F319DC}.Release|Any CPU.ActiveCfg = Release|Any CPU
		{E473FA13-15BE-4184-9C46-B93114F319DC}.Release|Any CPU.Build.0 = Release|Any CPU
		{E473FA13-15BE-4184-9C46-B93114F319DC}.Release|x64.ActiveCfg = Release|Any CPU
		{E473FA13-15BE-4184-9C46-B93114F319DC}.Release|x64.Build.0 = Release|Any CPU
		{E473FA13-15BE-4184-9C46-B93114F319DC}.Release|x86.ActiveCfg = Release|Any CPU
		{E473FA13-15BE-4184-9C46-B93114F319DC}.Release|x86.Build.0 = Release|Any CPU
	EndGlobalSection
	GlobalSection(SolutionProperties) = preSolution
		HideSolutionNode = FALSE
	EndGlobalSection
	GlobalSection(ExtensibilityGlobals) = postSolution
		SolutionGuid = {027987E5-CE4C-45A1-B9D8-640878351C22}
	EndGlobalSection
EndGlobal
