Microsoft Visual Studio Solution File, Format Version 12.00
# Visual Studio Version 16
VisualStudioVersion = 16.0.0.0
MinimumVisualStudioVersion = 16.0.0.0
Project("{9A19103F-16F7-4668-BE54-9A1E7A4F7556}") = "FluentUI.TemplateValidation", "FluentUI.TemplateValidation\FluentUI.TemplateValidation.csproj", "{44CDBBF2-595C-4A07-9130-DCD92C909977}"
EndProject
Project("{9A19103F-16F7-4668-BE54-9A1E7A4F7556}") = "FluentUI.TemplateValidation.Client", "FluentUI.TemplateValidation.Client\FluentUI.TemplateValidation.Client.csproj", "{BAACDB27-C1C6-4322-9800-1B57E3CFF95C}"
EndProject
Global
	GlobalSection(SolutionConfigurationPlatforms) = preSolution
		Debug|Any CPU = Debug|Any CPU
		Debug|x64 = Debug|x64
		Debug|x86 = Debug|x86
		Release|Any CPU = Release|Any CPU
		Release|x64 = Release|x64
		Release|x86 = Release|x86
	EndGlobalSection
	GlobalSection(ProjectConfigurationPlatforms) = postSolution
		{BAACDB27-C1C6-4322-9800-1B57E3CFF95C}.Debug|Any CPU.ActiveCfg = Debug|Any CPU
		{BAACDB27-C1C6-4322-9800-1B57E3CFF95C}.Debug|Any CPU.Build.0 = Debug|Any CPU
		{BAACDB27-C1C6-4322-9800-1B57E3CFF95C}.Debug|x64.ActiveCfg = Debug|Any CPU
		{BAACDB27-C1C6-4322-9800-1B57E3CFF95C}.Debug|x64.Build.0 = Debug|Any CPU
		{BAACDB27-C1C6-4322-9800-1B57E3CFF95C}.Debug|x86.ActiveCfg = Debug|Any CPU
		{BAACDB27-C1C6-4322-9800-1B57E3CFF95C}.Debug|x86.Build.0 = Debug|Any CPU
		{BAACDB27-C1C6-4322-9800-1B57E3CFF95C}.Release|Any CPU.ActiveCfg = Release|Any CPU
		{BAACDB27-C1C6-4322-9800-1B57E3CFF95C}.Release|Any CPU.Build.0 = Release|Any CPU
		{BAACDB27-C1C6-4322-9800-1B57E3CFF95C}.Release|x64.ActiveCfg = Release|Any CPU
		{BAACDB27-C1C6-4322-9800-1B57E3CFF95C}.Release|x64.Build.0 = Release|Any CPU
		{BAACDB27-C1C6-4322-9800-1B57E3CFF95C}.Release|x86.ActiveCfg = Release|Any CPU
		{BAACDB27-C1C6-4322-9800-1B57E3CFF95C}.Release|x86.Build.0 = Release|Any CPU
		{44CDBBF2-595C-4A07-9130-DCD92C909977}.Debug|Any CPU.ActiveCfg = Debug|Any CPU
		{44CDBBF2-595C-4A07-9130-DCD92C909977}.Debug|Any CPU.Build.0 = Debug|Any CPU
		{44CDBBF2-595C-4A07-9130-DCD92C909977}.Debug|x64.ActiveCfg = Debug|Any CPU
		{44CDBBF2-595C-4A07-9130-DCD92C909977}.Debug|x64.Build.0 = Debug|Any CPU
		{44CDBBF2-595C-4A07-9130-DCD92C909977}.Debug|x86.ActiveCfg = Debug|Any CPU
		{44CDBBF2-595C-4A07-9130-DCD92C909977}.Debug|x86.Build.0 = Debug|Any CPU
		{44CDBBF2-595C-4A07-9130-DCD92C909977}.Release|Any CPU.ActiveCfg = Release|Any CPU
		{44CDBBF2-595C-4A07-9130-DCD92C909977}.Release|Any CPU.Build.0 = Release|Any CPU
		{44CDBBF2-595C-4A07-9130-DCD92C909977}.Release|x64.ActiveCfg = Release|Any CPU
		{44CDBBF2-595C-4A07-9130-DCD92C909977}.Release|x64.Build.0 = Release|Any CPU
		{44CDBBF2-595C-4A07-9130-DCD92C909977}.Release|x86.ActiveCfg = Release|Any CPU
		{44CDBBF2-595C-4A07-9130-DCD92C909977}.Release|x86.Build.0 = Release|Any CPU
	EndGlobalSection
	GlobalSection(SolutionProperties) = preSolution
		HideSolutionNode = FALSE
	EndGlobalSection
	GlobalSection(ExtensibilityGlobals) = postSolution
		SolutionGuid = {F24E1183-EC90-4E8A-BD00-A64E4086F579}
	EndGlobalSection
EndGlobal
