Microsoft Visual Studio Solution File, Format Version 12.00
# Visual Studio Version 16
VisualStudioVersion = 16.0.0.0
MinimumVisualStudioVersion = 16.0.0.0
Project("{9A19103F-16F7-4668-BE54-9A1E7A4F7556}") = "FluentUI.TemplateValidation", "FluentUI.TemplateValidation\FluentUI.TemplateValidation.csproj", "{DD8456CE-D79C-42E7-AD07-AB290E3E064E}"
EndProject
Project("{9A19103F-16F7-4668-BE54-9A1E7A4F7556}") = "FluentUI.TemplateValidation.Client", "FluentUI.TemplateValidation.Client\FluentUI.TemplateValidation.Client.csproj", "{06A43D37-B0D6-4C5A-8277-8F1BA742FF6B}"
EndProject
Global
	GlobalSection(SolutionConfigurationPlatforms) = preSolution
		Debug|Any CPU = Debug|Any CPU
		Debug|x64 = Debug|x64
		Debug|x86 = Debug|x86
		Release|Any CPU = Release|Any CPU
		Release|x64 = Release|x64
		Release|x86 = Release|x86
	EndGlobalSection
	GlobalSection(ProjectConfigurationPlatforms) = postSolution
		{06A43D37-B0D6-4C5A-8277-8F1BA742FF6B}.Debug|Any CPU.ActiveCfg = Debug|Any CPU
		{06A43D37-B0D6-4C5A-8277-8F1BA742FF6B}.Debug|Any CPU.Build.0 = Debug|Any CPU
		{06A43D37-B0D6-4C5A-8277-8F1BA742FF6B}.Debug|x64.ActiveCfg = Debug|Any CPU
		{06A43D37-B0D6-4C5A-8277-8F1BA742FF6B}.Debug|x64.Build.0 = Debug|Any CPU
		{06A43D37-B0D6-4C5A-8277-8F1BA742FF6B}.Debug|x86.ActiveCfg = Debug|Any CPU
		{06A43D37-B0D6-4C5A-8277-8F1BA742FF6B}.Debug|x86.Build.0 = Debug|Any CPU
		{06A43D37-B0D6-4C5A-8277-8F1BA742FF6B}.Release|Any CPU.ActiveCfg = Release|Any CPU
		{06A43D37-B0D6-4C5A-8277-8F1BA742FF6B}.Release|Any CPU.Build.0 = Release|Any CPU
		{06A43D37-B0D6-4C5A-8277-8F1BA742FF6B}.Release|x64.ActiveCfg = Release|Any CPU
		{06A43D37-B0D6-4C5A-8277-8F1BA742FF6B}.Release|x64.Build.0 = Release|Any CPU
		{06A43D37-B0D6-4C5A-8277-8F1BA742FF6B}.Release|x86.ActiveCfg = Release|Any CPU
		{06A43D37-B0D6-4C5A-8277-8F1BA742FF6B}.Release|x86.Build.0 = Release|Any CPU
		{DD8456CE-D79C-42E7-AD07-AB290E3E064E}.Debug|Any CPU.ActiveCfg = Debug|Any CPU
		{DD8456CE-D79C-42E7-AD07-AB290E3E064E}.Debug|Any CPU.Build.0 = Debug|Any CPU
		{DD8456CE-D79C-42E7-AD07-AB290E3E064E}.Debug|x64.ActiveCfg = Debug|Any CPU
		{DD8456CE-D79C-42E7-AD07-AB290E3E064E}.Debug|x64.Build.0 = Debug|Any CPU
		{DD8456CE-D79C-42E7-AD07-AB290E3E064E}.Debug|x86.ActiveCfg = Debug|Any CPU
		{DD8456CE-D79C-42E7-AD07-AB290E3E064E}.Debug|x86.Build.0 = Debug|Any CPU
		{DD8456CE-D79C-42E7-AD07-AB290E3E064E}.Release|Any CPU.ActiveCfg = Release|Any CPU
		{DD8456CE-D79C-42E7-AD07-AB290E3E064E}.Release|Any CPU.Build.0 = Release|Any CPU
		{DD8456CE-D79C-42E7-AD07-AB290E3E064E}.Release|x64.ActiveCfg = Release|Any CPU
		{DD8456CE-D79C-42E7-AD07-AB290E3E064E}.Release|x64.Build.0 = Release|Any CPU
		{DD8456CE-D79C-42E7-AD07-AB290E3E064E}.Release|x86.ActiveCfg = Release|Any CPU
		{DD8456CE-D79C-42E7-AD07-AB290E3E064E}.Release|x86.Build.0 = Release|Any CPU
	EndGlobalSection
	GlobalSection(SolutionProperties) = preSolution
		HideSolutionNode = FALSE
	EndGlobalSection
	GlobalSection(ExtensibilityGlobals) = postSolution
		SolutionGuid = {A64EB9FB-8A20-4B23-8C71-FC0F5E1C5723}
	EndGlobalSection
EndGlobal
