Microsoft Visual Studio Solution File, Format Version 12.00
# Visual Studio Version 16
VisualStudioVersion = 16.0.0.0
MinimumVisualStudioVersion = 16.0.0.0
Project("{9A19103F-16F7-4668-BE54-9A1E7A4F7556}") = "FluentUI.TemplateValidation", "FluentUI.TemplateValidation\FluentUI.TemplateValidation.csproj", "{5362ADAC-3C29-482B-B783-AF34D9F71108}"
EndProject
Project("{9A19103F-16F7-4668-BE54-9A1E7A4F7556}") = "FluentUI.TemplateValidation.Client", "FluentUI.TemplateValidation.Client\FluentUI.TemplateValidation.Client.csproj", "{CD4A419F-BEDE-435F-B960-7ED116FA0ECA}"
EndProject
Global
	GlobalSection(SolutionConfigurationPlatforms) = preSolution
		Debug|Any CPU = Debug|Any CPU
		Debug|x64 = Debug|x64
		Debug|x86 = Debug|x86
		Release|Any CPU = Release|Any CPU
		Release|x64 = Release|x64
		Release|x86 = Release|x86
	EndGlobalSection
	GlobalSection(ProjectConfigurationPlatforms) = postSolution
		{CD4A419F-BEDE-435F-B960-7ED116FA0ECA}.Debug|Any CPU.ActiveCfg = Debug|Any CPU
		{CD4A419F-BEDE-435F-B960-7ED116FA0ECA}.Debug|Any CPU.Build.0 = Debug|Any CPU
		{CD4A419F-BEDE-435F-B960-7ED116FA0ECA}.Debug|x64.ActiveCfg = Debug|Any CPU
		{CD4A419F-BEDE-435F-B960-7ED116FA0ECA}.Debug|x64.Build.0 = Debug|Any CPU
		{CD4A419F-BEDE-435F-B960-7ED116FA0ECA}.Debug|x86.ActiveCfg = Debug|Any CPU
		{CD4A419F-BEDE-435F-B960-7ED116FA0ECA}.Debug|x86.Build.0 = Debug|Any CPU
		{CD4A419F-BEDE-435F-B960-7ED116FA0ECA}.Release|Any CPU.ActiveCfg = Release|Any CPU
		{CD4A419F-BEDE-435F-B960-7ED116FA0ECA}.Release|Any CPU.Build.0 = Release|Any CPU
		{CD4A419F-BEDE-435F-B960-7ED116FA0ECA}.Release|x64.ActiveCfg = Release|Any CPU
		{CD4A419F-BEDE-435F-B960-7ED116FA0ECA}.Release|x64.Build.0 = Release|Any CPU
		{CD4A419F-BEDE-435F-B960-7ED116FA0ECA}.Release|x86.ActiveCfg = Release|Any CPU
		{CD4A419F-BEDE-435F-B960-7ED116FA0ECA}.Release|x86.Build.0 = Release|Any CPU
		{5362ADAC-3C29-482B-B783-AF34D9F71108}.Debug|Any CPU.ActiveCfg = Debug|Any CPU
		{5362ADAC-3C29-482B-B783-AF34D9F71108}.Debug|Any CPU.Build.0 = Debug|Any CPU
		{5362ADAC-3C29-482B-B783-AF34D9F71108}.Debug|x64.ActiveCfg = Debug|Any CPU
		{5362ADAC-3C29-482B-B783-AF34D9F71108}.Debug|x64.Build.0 = Debug|Any CPU
		{5362ADAC-3C29-482B-B783-AF34D9F71108}.Debug|x86.ActiveCfg = Debug|Any CPU
		{5362ADAC-3C29-482B-B783-AF34D9F71108}.Debug|x86.Build.0 = Debug|Any CPU
		{5362ADAC-3C29-482B-B783-AF34D9F71108}.Release|Any CPU.ActiveCfg = Release|Any CPU
		{5362ADAC-3C29-482B-B783-AF34D9F71108}.Release|Any CPU.Build.0 = Release|Any CPU
		{5362ADAC-3C29-482B-B783-AF34D9F71108}.Release|x64.ActiveCfg = Release|Any CPU
		{5362ADAC-3C29-482B-B783-AF34D9F71108}.Release|x64.Build.0 = Release|Any CPU
		{5362ADAC-3C29-482B-B783-AF34D9F71108}.Release|x86.ActiveCfg = Release|Any CPU
		{5362ADAC-3C29-482B-B783-AF34D9F71108}.Release|x86.Build.0 = Release|Any CPU
	EndGlobalSection
	GlobalSection(SolutionProperties) = preSolution
		HideSolutionNode = FALSE
	EndGlobalSection
	GlobalSection(ExtensibilityGlobals) = postSolution
		SolutionGuid = {8C2F90A3-DFE9-4907-A2B3-F2966D6D2D85}
	EndGlobalSection
EndGlobal
