Microsoft Visual Studio Solution File, Format Version 12.00
# Visual Studio Version 16
VisualStudioVersion = 16.0.0.0
MinimumVisualStudioVersion = 16.0.0.0
Project("{9A19103F-16F7-4668-BE54-9A1E7A4F7556}") = "FluentUI.TemplateValidation", "FluentUI.TemplateValidation\FluentUI.TemplateValidation.csproj", "{C47E276F-9162-4D93-8AC2-84DCB3CD1A7F}"
EndProject
Project("{9A19103F-16F7-4668-BE54-9A1E7A4F7556}") = "FluentUI.TemplateValidation.Client", "FluentUI.TemplateValidation.Client\FluentUI.TemplateValidation.Client.csproj", "{BD46BC3E-CA95-4754-B96E-EA3CA07EFC2F}"
EndProject
Global
	GlobalSection(SolutionConfigurationPlatforms) = preSolution
		Debug|Any CPU = Debug|Any CPU
		Debug|x64 = Debug|x64
		Debug|x86 = Debug|x86
		Release|Any CPU = Release|Any CPU
		Release|x64 = Release|x64
		Release|x86 = Release|x86
	EndGlobalSection
	GlobalSection(ProjectConfigurationPlatforms) = postSolution
		{BD46BC3E-CA95-4754-B96E-EA3CA07EFC2F}.Debug|Any CPU.ActiveCfg = Debug|Any CPU
		{BD46BC3E-CA95-4754-B96E-EA3CA07EFC2F}.Debug|Any CPU.Build.0 = Debug|Any CPU
		{BD46BC3E-CA95-4754-B96E-EA3CA07EFC2F}.Debug|x64.ActiveCfg = Debug|Any CPU
		{BD46BC3E-CA95-4754-B96E-EA3CA07EFC2F}.Debug|x64.Build.0 = Debug|Any CPU
		{BD46BC3E-CA95-4754-B96E-EA3CA07EFC2F}.Debug|x86.ActiveCfg = Debug|Any CPU
		{BD46BC3E-CA95-4754-B96E-EA3CA07EFC2F}.Debug|x86.Build.0 = Debug|Any CPU
		{BD46BC3E-CA95-4754-B96E-EA3CA07EFC2F}.Release|Any CPU.ActiveCfg = Release|Any CPU
		{BD46BC3E-CA95-4754-B96E-EA3CA07EFC2F}.Release|Any CPU.Build.0 = Release|Any CPU
		{BD46BC3E-CA95-4754-B96E-EA3CA07EFC2F}.Release|x64.ActiveCfg = Release|Any CPU
		{BD46BC3E-CA95-4754-B96E-EA3CA07EFC2F}.Release|x64.Build.0 = Release|Any CPU
		{BD46BC3E-CA95-4754-B96E-EA3CA07EFC2F}.Release|x86.ActiveCfg = Release|Any CPU
		{BD46BC3E-CA95-4754-B96E-EA3CA07EFC2F}.Release|x86.Build.0 = Release|Any CPU
		{C47E276F-9162-4D93-8AC2-84DCB3CD1A7F}.Debug|Any CPU.ActiveCfg = Debug|Any CPU
		{C47E276F-9162-4D93-8AC2-84DCB3CD1A7F}.Debug|Any CPU.Build.0 = Debug|Any CPU
		{C47E276F-9162-4D93-8AC2-84DCB3CD1A7F}.Debug|x64.ActiveCfg = Debug|Any CPU
		{C47E276F-9162-4D93-8AC2-84DCB3CD1A7F}.Debug|x64.Build.0 = Debug|Any CPU
		{C47E276F-9162-4D93-8AC2-84DCB3CD1A7F}.Debug|x86.ActiveCfg = Debug|Any CPU
		{C47E276F-9162-4D93-8AC2-84DCB3CD1A7F}.Debug|x86.Build.0 = Debug|Any CPU
		{C47E276F-9162-4D93-8AC2-84DCB3CD1A7F}.Release|Any CPU.ActiveCfg = Release|Any CPU
		{C47E276F-9162-4D93-8AC2-84DCB3CD1A7F}.Release|Any CPU.Build.0 = Release|Any CPU
		{C47E276F-9162-4D93-8AC2-84DCB3CD1A7F}.Release|x64.ActiveCfg = Release|Any CPU
		{C47E276F-9162-4D93-8AC2-84DCB3CD1A7F}.Release|x64.Build.0 = Release|Any CPU
		{C47E276F-9162-4D93-8AC2-84DCB3CD1A7F}.Release|x86.ActiveCfg = Release|Any CPU
		{C47E276F-9162-4D93-8AC2-84DCB3CD1A7F}.Release|x86.Build.0 = Release|Any CPU
	EndGlobalSection
	GlobalSection(SolutionProperties) = preSolution
		HideSolutionNode = FALSE
	EndGlobalSection
	GlobalSection(ExtensibilityGlobals) = postSolution
		SolutionGuid = {BB0C5B40-CBEF-4DA0-B4C4-1E3FAC322625}
	EndGlobalSection
EndGlobal
