Microsoft Visual Studio Solution File, Format Version 12.00
# Visual Studio Version 16
VisualStudioVersion = 16.0.0.0
MinimumVisualStudioVersion = 16.0.0.0
Project("{9A19103F-16F7-4668-BE54-9A1E7A4F7556}") = "FluentUI.TemplateValidation", "FluentUI.TemplateValidation\FluentUI.TemplateValidation.csproj", "{387C9882-994F-41DD-AECA-A8CC609BEC18}"
EndProject
Project("{9A19103F-16F7-4668-BE54-9A1E7A4F7556}") = "FluentUI.TemplateValidation.Client", "FluentUI.TemplateValidation.Client\FluentUI.TemplateValidation.Client.csproj", "{C258C143-CEC3-4BB9-9844-251571D1ACB6}"
EndProject
Global
	GlobalSection(SolutionConfigurationPlatforms) = preSolution
		Debug|Any CPU = Debug|Any CPU
		Debug|x64 = Debug|x64
		Debug|x86 = Debug|x86
		Release|Any CPU = Release|Any CPU
		Release|x64 = Release|x64
		Release|x86 = Release|x86
	EndGlobalSection
	GlobalSection(ProjectConfigurationPlatforms) = postSolution
		{C258C143-CEC3-4BB9-9844-251571D1ACB6}.Debug|Any CPU.ActiveCfg = Debug|Any CPU
		{C258C143-CEC3-4BB9-9844-251571D1ACB6}.Debug|Any CPU.Build.0 = Debug|Any CPU
		{C258C143-CEC3-4BB9-9844-251571D1ACB6}.Debug|x64.ActiveCfg = Debug|Any CPU
		{C258C143-CEC3-4BB9-9844-251571D1ACB6}.Debug|x64.Build.0 = Debug|Any CPU
		{C258C143-CEC3-4BB9-9844-251571D1ACB6}.Debug|x86.ActiveCfg = Debug|Any CPU
		{C258C143-CEC3-4BB9-9844-251571D1ACB6}.Debug|x86.Build.0 = Debug|Any CPU
		{C258C143-CEC3-4BB9-9844-251571D1ACB6}.Release|Any CPU.ActiveCfg = Release|Any CPU
		{C258C143-CEC3-4BB9-9844-251571D1ACB6}.Release|Any CPU.Build.0 = Release|Any CPU
		{C258C143-CEC3-4BB9-9844-251571D1ACB6}.Release|x64.ActiveCfg = Release|Any CPU
		{C258C143-CEC3-4BB9-9844-251571D1ACB6}.Release|x64.Build.0 = Release|Any CPU
		{C258C143-CEC3-4BB9-9844-251571D1ACB6}.Release|x86.ActiveCfg = Release|Any CPU
		{C258C143-CEC3-4BB9-9844-251571D1ACB6}.Release|x86.Build.0 = Release|Any CPU
		{387C9882-994F-41DD-AECA-A8CC609BEC18}.Debug|Any CPU.ActiveCfg = Debug|Any CPU
		{387C9882-994F-41DD-AECA-A8CC609BEC18}.Debug|Any CPU.Build.0 = Debug|Any CPU
		{387C9882-994F-41DD-AECA-A8CC609BEC18}.Debug|x64.ActiveCfg = Debug|Any CPU
		{387C9882-994F-41DD-AECA-A8CC609BEC18}.Debug|x64.Build.0 = Debug|Any CPU
		{387C9882-994F-41DD-AECA-A8CC609BEC18}.Debug|x86.ActiveCfg = Debug|Any CPU
		{387C9882-994F-41DD-AECA-A8CC609BEC18}.Debug|x86.Build.0 = Debug|Any CPU
		{387C9882-994F-41DD-AECA-A8CC609BEC18}.Release|Any CPU.ActiveCfg = Release|Any CPU
		{387C9882-994F-41DD-AECA-A8CC609BEC18}.Release|Any CPU.Build.0 = Release|Any CPU
		{387C9882-994F-41DD-AECA-A8CC609BEC18}.Release|x64.ActiveCfg = Release|Any CPU
		{387C9882-994F-41DD-AECA-A8CC609BEC18}.Release|x64.Build.0 = Release|Any CPU
		{387C9882-994F-41DD-AECA-A8CC609BEC18}.Release|x86.ActiveCfg = Release|Any CPU
		{387C9882-994F-41DD-AECA-A8CC609BEC18}.Release|x86.Build.0 = Release|Any CPU
	EndGlobalSection
	GlobalSection(SolutionProperties) = preSolution
		HideSolutionNode = FALSE
	EndGlobalSection
	GlobalSection(ExtensibilityGlobals) = postSolution
		SolutionGuid = {8B6409A7-1F21-4AF6-B1A2-5CF510AA600D}
	EndGlobalSection
EndGlobal
