Microsoft Visual Studio Solution File, Format Version 12.00
# Visual Studio Version 16
VisualStudioVersion = 16.0.0.0
MinimumVisualStudioVersion = 16.0.0.0
Project("{9A19103F-16F7-4668-BE54-9A1E7A4F7556}") = "FluentUI.TemplateValidation", "FluentUI.TemplateValidation\FluentUI.TemplateValidation.csproj", "{14999A25-11BC-4C56-864C-4D128E41B098}"
EndProject
Project("{9A19103F-16F7-4668-BE54-9A1E7A4F7556}") = "FluentUI.TemplateValidation.Client", "FluentUI.TemplateValidation.Client\FluentUI.TemplateValidation.Client.csproj", "{DA7492FC-3F79-44BD-900A-CA1EBA1C8B33}"
EndProject
Global
	GlobalSection(SolutionConfigurationPlatforms) = preSolution
		Debug|Any CPU = Debug|Any CPU
		Debug|x64 = Debug|x64
		Debug|x86 = Debug|x86
		Release|Any CPU = Release|Any CPU
		Release|x64 = Release|x64
		Release|x86 = Release|x86
	EndGlobalSection
	GlobalSection(ProjectConfigurationPlatforms) = postSolution
		{DA7492FC-3F79-44BD-900A-CA1EBA1C8B33}.Debug|Any CPU.ActiveCfg = Debug|Any CPU
		{DA7492FC-3F79-44BD-900A-CA1EBA1C8B33}.Debug|Any CPU.Build.0 = Debug|Any CPU
		{DA7492FC-3F79-44BD-900A-CA1EBA1C8B33}.Debug|x64.ActiveCfg = Debug|Any CPU
		{DA7492FC-3F79-44BD-900A-CA1EBA1C8B33}.Debug|x64.Build.0 = Debug|Any CPU
		{DA7492FC-3F79-44BD-900A-CA1EBA1C8B33}.Debug|x86.ActiveCfg = Debug|Any CPU
		{DA7492FC-3F79-44BD-900A-CA1EBA1C8B33}.Debug|x86.Build.0 = Debug|Any CPU
		{DA7492FC-3F79-44BD-900A-CA1EBA1C8B33}.Release|Any CPU.ActiveCfg = Release|Any CPU
		{DA7492FC-3F79-44BD-900A-CA1EBA1C8B33}.Release|Any CPU.Build.0 = Release|Any CPU
		{DA7492FC-3F79-44BD-900A-CA1EBA1C8B33}.Release|x64.ActiveCfg = Release|Any CPU
		{DA7492FC-3F79-44BD-900A-CA1EBA1C8B33}.Release|x64.Build.0 = Release|Any CPU
		{DA7492FC-3F79-44BD-900A-CA1EBA1C8B33}.Release|x86.ActiveCfg = Release|Any CPU
		{DA7492FC-3F79-44BD-900A-CA1EBA1C8B33}.Release|x86.Build.0 = Release|Any CPU
		{14999A25-11BC-4C56-864C-4D128E41B098}.Debug|Any CPU.ActiveCfg = Debug|Any CPU
		{14999A25-11BC-4C56-864C-4D128E41B098}.Debug|Any CPU.Build.0 = Debug|Any CPU
		{14999A25-11BC-4C56-864C-4D128E41B098}.Debug|x64.ActiveCfg = Debug|Any CPU
		{14999A25-11BC-4C56-864C-4D128E41B098}.Debug|x64.Build.0 = Debug|Any CPU
		{14999A25-11BC-4C56-864C-4D128E41B098}.Debug|x86.ActiveCfg = Debug|Any CPU
		{14999A25-11BC-4C56-864C-4D128E41B098}.Debug|x86.Build.0 = Debug|Any CPU
		{14999A25-11BC-4C56-864C-4D128E41B098}.Release|Any CPU.ActiveCfg = Release|Any CPU
		{14999A25-11BC-4C56-864C-4D128E41B098}.Release|Any CPU.Build.0 = Release|Any CPU
		{14999A25-11BC-4C56-864C-4D128E41B098}.Release|x64.ActiveCfg = Release|Any CPU
		{14999A25-11BC-4C56-864C-4D128E41B098}.Release|x64.Build.0 = Release|Any CPU
		{14999A25-11BC-4C56-864C-4D128E41B098}.Release|x86.ActiveCfg = Release|Any CPU
		{14999A25-11BC-4C56-864C-4D128E41B098}.Release|x86.Build.0 = Release|Any CPU
	EndGlobalSection
	GlobalSection(SolutionProperties) = preSolution
		HideSolutionNode = FALSE
	EndGlobalSection
	GlobalSection(ExtensibilityGlobals) = postSolution
		SolutionGuid = {6AF66F65-2AF4-4F39-B388-0FFB6296CE45}
	EndGlobalSection
EndGlobal
