{
  "name": "microsoft.fluentui.aspnetcore.components.charts.assets",
  "lockfileVersion": 3,
  "requires": true,
  "packages": {
    "": {
      "name": "microsoft.fluentui.aspnetcore.components.charts.assets",
      "license": "ISC",
      "dependencies": {
        "@fluentui/web-components": "^3.0.0-rc.18",
        "@microsoft/fast-web-utilities": "^6.0.0",
        "d3-format": "^3.0.0",
        "d3-scale": "^4.0.0",
        "d3-selection": "^3.0.0",
        "d3-shape": "^3.0.0",
        "d3-time-format": "^4.1.0"
      },
      "devDependencies": {
        "@microsoft/fast-element": "^2.0.0-beta.26 || ^2.0.0",
        "@types/d3-format": "^3.0.0",
        "@types/d3-scale": "^4.0.0",
        "@types/d3-selection": "^3.0.0",
        "@types/d3-shape": "^3.0.0",
        "@types/d3-time-format": "^2.3.0",
        "esbuild": "0.28.0",
        "esbuild-plugin-inline-css": "0.0.1",
        "glob": "^13.0.6",
        "rimraf": "6.1.3"
      }
    },
    "node_modules/@esbuild/aix-ppc64": {
      "version": "0.28.0",
      "resolved": "https://pkgs.dev.azure.com/dnceng/public/_packaging/dotnet-public-npm/npm/registry/@esbuild/aix-ppc64/-/aix-ppc64-0.28.0.tgz",
      "integrity": "sha1-eiicFY4py/WeoK/IPMgPBtHIlAI=",
      "cpu": [
        "ppc64"
      ],
      "dev": true,
      "license": "MIT",
      "optional": true,
      "os": [
        "aix"
      ],
      "engines": {
        "node": ">=18"
      }
    },
    "node_modules/@esbuild/android-arm": {
      "version": "0.28.0",
      "resolved": "https://pkgs.dev.azure.com/dnceng/public/_packaging/dotnet-public-npm/npm/registry/@esbuild/android-arm/-/android-arm-0.28.0.tgz",
      "integrity": "sha1-XsGEdgXgW12+XfkNuf9+PkxY3Kc=",
      "cpu": [
        "arm"
      ],
      "dev": true,
      "license": "MIT",
      "optional": true,
      "os": [
        "android"
      ],
      "engines": {
        "node": ">=18"
      }
    },
    "node_modules/@esbuild/android-arm64": {
      "version": "0.28.0",
      "resolved": "https://pkgs.dev.azure.com/dnceng/public/_packaging/dotnet-public-npm/npm/registry/@esbuild/android-arm64/-/android-arm64-0.28.0.tgz",
      "integrity": "sha1-uIKNnt+jqSZgZE643m5PPCA9exc=",
      "cpu": [
        "arm64"
      ],
      "dev": true,
      "license": "MIT",
      "optional": true,
      "os": [
        "android"
      ],
      "engines": {
        "node": ">=18"
      }
    },
    "node_modules/@esbuild/android-x64": {
      "version": "0.28.0",
      "resolved": "https://pkgs.dev.azure.com/dnceng/public/_packaging/dotnet-public-npm/npm/registry/@esbuild/android-x64/-/android-x64-0.28.0.tgz",
      "integrity": "sha1-OQZCF1uI74K61MzgP4qxP+mxkS4=",
      "cpu": [
        "x64"
      ],
      "dev": true,
      "license": "MIT",
      "optional": true,
      "os": [
        "android"
      ],
      "engines": {
        "node": ">=18"
      }
    },
    "node_modules/@esbuild/darwin-arm64": {
      "version": "0.28.0",
      "resolved": "https://pkgs.dev.azure.com/dnceng/public/_packaging/dotnet-public-npm/npm/registry/@esbuild/darwin-arm64/-/darwin-arm64-0.28.0.tgz",
      "integrity": "sha1-rkUyWWDVlQzWlR5PlzlvTh/32NM=",
      "cpu": [
        "arm64"
      ],
      "dev": true,
      "license": "MIT",
      "optional": true,
      "os": [
        "darwin"
      ],
      "engines": {
        "node": ">=18"
      }
    },
    "node_modules/@esbuild/darwin-x64": {
      "version": "0.28.0",
      "resolved": "https://pkgs.dev.azure.com/dnceng/public/_packaging/dotnet-public-npm/npm/registry/@esbuild/darwin-x64/-/darwin-x64-0.28.0.tgz",
      "integrity": "sha1-wHkkfViba5lEllnZTwaVG4S/8uQ=",
      "cpu": [
        "x64"
      ],
      "dev": true,
      "license": "MIT",
      "optional": true,
      "os": [
        "darwin"
      ],
      "engines": {
        "node": ">=18"
      }
    },
    "node_modules/@esbuild/freebsd-arm64": {
      "version": "0.28.0",
      "resolved": "https://pkgs.dev.azure.com/dnceng/public/_packaging/dotnet-public-npm/npm/registry/@esbuild/freebsd-arm64/-/freebsd-arm64-0.28.0.tgz",
      "integrity": "sha1-RcRWIVpIZZPJSQApcgLcEciAo3o=",
      "cpu": [
        "arm64"
      ],
      "dev": true,
      "license": "MIT",
      "optional": true,
      "os": [
        "freebsd"
      ],
      "engines": {
        "node": ">=18"
      }
    },
    "node_modules/@esbuild/freebsd-x64": {
      "version": "0.28.0",
      "resolved": "https://pkgs.dev.azure.com/dnceng/public/_packaging/dotnet-public-npm/npm/registry/@esbuild/freebsd-x64/-/freebsd-x64-0.28.0.tgz",
      "integrity": "sha1-A5lJTByF5DiOm3BAvWDUjypbDSw=",
      "cpu": [
        "x64"
      ],
      "dev": true,
      "license": "MIT",
      "optional": true,
      "os": [
        "freebsd"
      ],
      "engines": {
        "node": ">=18"
      }
    },
    "node_modules/@esbuild/linux-arm": {
      "version": "0.28.0",
      "resolved": "https://pkgs.dev.azure.com/dnceng/public/_packaging/dotnet-public-npm/npm/registry/@esbuild/linux-arm/-/linux-arm-0.28.0.tgz",
      "integrity": "sha1-e0L/qEwoiulP3EMcGyionjw7kng=",
      "cpu": [
        "arm"
      ],
      "dev": true,
      "license": "MIT",
      "optional": true,
      "os": [
        "linux"
      ],
      "engines": {
        "node": ">=18"
      }
    },
    "node_modules/@esbuild/linux-arm64": {
      "version": "0.28.0",
      "resolved": "https://pkgs.dev.azure.com/dnceng/public/_packaging/dotnet-public-npm/npm/registry/@esbuild/linux-arm64/-/linux-arm64-0.28.0.tgz",
      "integrity": "sha1-1tnwnvDeVBFr9Fmk1TysfglS/jk=",
      "cpu": [
        "arm64"
      ],
      "dev": true,
      "license": "MIT",
      "optional": true,
      "os": [
        "linux"
      ],
      "engines": {
        "node": ">=18"
      }
    },
    "node_modules/@esbuild/linux-ia32": {
      "version": "0.28.0",
      "resolved": "https://pkgs.dev.azure.com/dnceng/public/_packaging/dotnet-public-npm/npm/registry/@esbuild/linux-ia32/-/linux-ia32-0.28.0.tgz",
      "integrity": "sha1-3rFdES7Y3WBTRra5U9I6If+BJT8=",
      "cpu": [
        "ia32"
      ],
      "dev": true,
      "license": "MIT",
      "optional": true,
      "os": [
        "linux"
      ],
      "engines": {
        "node": ">=18"
      }
    },
    "node_modules/@esbuild/linux-loong64": {
      "version": "0.28.0",
      "resolved": "https://pkgs.dev.azure.com/dnceng/public/_packaging/dotnet-public-npm/npm/registry/@esbuild/linux-loong64/-/linux-loong64-0.28.0.tgz",
      "integrity": "sha1-gfuJ0H7sx5sVfephAzdXcm/ODKQ=",
      "cpu": [
        "loong64"
      ],
      "dev": true,
      "license": "MIT",
      "optional": true,
      "os": [
        "linux"
      ],
      "engines": {
        "node": ">=18"
      }
    },
    "node_modules/@esbuild/linux-mips64el": {
      "version": "0.28.0",
      "resolved": "https://pkgs.dev.azure.com/dnceng/public/_packaging/dotnet-public-npm/npm/registry/@esbuild/linux-mips64el/-/linux-mips64el-0.28.0.tgz",
      "integrity": "sha1-0OQmkbP/evn7Ihe3D8AfNDvbYrs=",
      "cpu": [
        "mips64el"
      ],
      "dev": true,
      "license": "MIT",
      "optional": true,
      "os": [
        "linux"
      ],
      "engines": {
        "node": ">=18"
      }
    },
    "node_modules/@esbuild/linux-ppc64": {
      "version": "0.28.0",
      "resolved": "https://pkgs.dev.azure.com/dnceng/public/_packaging/dotnet-public-npm/npm/registry/@esbuild/linux-ppc64/-/linux-ppc64-0.28.0.tgz",
      "integrity": "sha1-OJ8+XpjxfUd8RnzIcTbhoHburYc=",
      "cpu": [
        "ppc64"
      ],
      "dev": true,
      "license": "MIT",
      "optional": true,
      "os": [
        "linux"
      ],
      "engines": {
        "node": ">=18"
      }
    },
    "node_modules/@esbuild/linux-riscv64": {
      "version": "0.28.0",
      "resolved": "https://pkgs.dev.azure.com/dnceng/public/_packaging/dotnet-public-npm/npm/registry/@esbuild/linux-riscv64/-/linux-riscv64-0.28.0.tgz",
      "integrity": "sha1-djvWDVmyQr4S2h5n1XKfMCTGBfo=",
      "cpu": [
        "riscv64"
      ],
      "dev": true,
      "license": "MIT",
      "optional": true,
      "os": [
        "linux"
      ],
      "engines": {
        "node": ">=18"
      }
    },
    "node_modules/@esbuild/linux-s390x": {
      "version": "0.28.0",
      "resolved": "https://pkgs.dev.azure.com/dnceng/public/_packaging/dotnet-public-npm/npm/registry/@esbuild/linux-s390x/-/linux-s390x-0.28.0.tgz",
      "integrity": "sha1-qsYGFjSHLkZ33mk7zoAw1zsf0FU=",
      "cpu": [
        "s390x"
      ],
      "dev": true,
      "license": "MIT",
      "optional": true,
      "os": [
        "linux"
      ],
      "engines": {
        "node": ">=18"
      }
    },
    "node_modules/@esbuild/linux-x64": {
      "version": "0.28.0",
      "resolved": "https://pkgs.dev.azure.com/dnceng/public/_packaging/dotnet-public-npm/npm/registry/@esbuild/linux-x64/-/linux-x64-0.28.0.tgz",
      "integrity": "sha1-TykXdHGI/ndjK87GWy2EtCJBl3k=",
      "cpu": [
        "x64"
      ],
      "dev": true,
      "license": "MIT",
      "optional": true,
      "os": [
        "linux"
      ],
      "engines": {
        "node": ">=18"
      }
    },
    "node_modules/@esbuild/netbsd-arm64": {
      "version": "0.28.0",
      "resolved": "https://pkgs.dev.azure.com/dnceng/public/_packaging/dotnet-public-npm/npm/registry/@esbuild/netbsd-arm64/-/netbsd-arm64-0.28.0.tgz",
      "integrity": "sha1-gU3wrlegw4aBRJG4OX7rqCCUqUc=",
      "cpu": [
        "arm64"
      ],
      "dev": true,
      "license": "MIT",
      "optional": true,
      "os": [
        "netbsd"
      ],
      "engines": {
        "node": ">=18"
      }
    },
    "node_modules/@esbuild/netbsd-x64": {
      "version": "0.28.0",
      "resolved": "https://pkgs.dev.azure.com/dnceng/public/_packaging/dotnet-public-npm/npm/registry/@esbuild/netbsd-x64/-/netbsd-x64-0.28.0.tgz",
      "integrity": "sha1-4BvffmD6GgjkbUbZYLDZu4rCEK8=",
      "cpu": [
        "x64"
      ],
      "dev": true,
      "license": "MIT",
      "optional": true,
      "os": [
        "netbsd"
      ],
      "engines": {
        "node": ">=18"
      }
    },
    "node_modules/@esbuild/openbsd-arm64": {
      "version": "0.28.0",
      "resolved": "https://pkgs.dev.azure.com/dnceng/public/_packaging/dotnet-public-npm/npm/registry/@esbuild/openbsd-arm64/-/openbsd-arm64-0.28.0.tgz",
      "integrity": "sha1-ShXDaqzKaNLVpMkLcQwGdZ9MH/o=",
      "cpu": [
        "arm64"
      ],
      "dev": true,
      "license": "MIT",
      "optional": true,
      "os": [
        "openbsd"
      ],
      "engines": {
        "node": ">=18"
      }
    },
    "node_modules/@esbuild/openbsd-x64": {
      "version": "0.28.0",
      "resolved": "https://pkgs.dev.azure.com/dnceng/public/_packaging/dotnet-public-npm/npm/registry/@esbuild/openbsd-x64/-/openbsd-x64-0.28.0.tgz",
      "integrity": "sha1-R15hAUmKjszjAI18OIER16J8F70=",
      "cpu": [
        "x64"
      ],
      "dev": true,
      "license": "MIT",
      "optional": true,
      "os": [
        "openbsd"
      ],
      "engines": {
        "node": ">=18"
      }
    },
    "node_modules/@esbuild/openharmony-arm64": {
      "version": "0.28.0",
      "resolved": "https://pkgs.dev.azure.com/dnceng/public/_packaging/dotnet-public-npm/npm/registry/@esbuild/openharmony-arm64/-/openharmony-arm64-0.28.0.tgz",
      "integrity": "sha1-z9w5V/C3pp8b3hKarRf8wvb6Az4=",
      "cpu": [
        "arm64"
      ],
      "dev": true,
      "license": "MIT",
      "optional": true,
      "os": [
        "openharmony"
      ],
      "engines": {
        "node": ">=18"
      }
    },
    "node_modules/@esbuild/sunos-x64": {
      "version": "0.28.0",
      "resolved": "https://pkgs.dev.azure.com/dnceng/public/_packaging/dotnet-public-npm/npm/registry/@esbuild/sunos-x64/-/sunos-x64-0.28.0.tgz",
      "integrity": "sha1-oBPIVv7KzRw67Jhciv4dHLAXSX0=",
      "cpu": [
        "x64"
      ],
      "dev": true,
      "license": "MIT",
      "optional": true,
      "os": [
        "sunos"
      ],
      "engines": {
        "node": ">=18"
      }
    },
    "node_modules/@esbuild/win32-arm64": {
      "version": "0.28.0",
      "resolved": "https://pkgs.dev.azure.com/dnceng/public/_packaging/dotnet-public-npm/npm/registry/@esbuild/win32-arm64/-/win32-arm64-0.28.0.tgz",
      "integrity": "sha1-6uBeDzUnHK04mLQxaNPpo7uvR+U=",
      "cpu": [
        "arm64"
      ],
      "dev": true,
      "license": "MIT",
      "optional": true,
      "os": [
        "win32"
      ],
      "engines": {
        "node": ">=18"
      }
    },
    "node_modules/@esbuild/win32-ia32": {
      "version": "0.28.0",
      "resolved": "https://pkgs.dev.azure.com/dnceng/public/_packaging/dotnet-public-npm/npm/registry/@esbuild/win32-ia32/-/win32-ia32-0.28.0.tgz",
      "integrity": "sha1-BhYevFv3XAjWn+s8ayJWBRWROZg=",
      "cpu": [
        "ia32"
      ],
      "dev": true,
      "license": "MIT",
      "optional": true,
      "os": [
        "win32"
      ],
      "engines": {
        "node": ">=18"
      }
    },
    "node_modules/@esbuild/win32-x64": {
      "version": "0.28.0",
      "resolved": "https://pkgs.dev.azure.com/dnceng/public/_packaging/dotnet-public-npm/npm/registry/@esbuild/win32-x64/-/win32-x64-0.28.0.tgz",
      "integrity": "sha1-BNkNV1K0zmXStqwl66CP92JP4Hw=",
      "cpu": [
        "x64"
      ],
      "dev": true,
      "license": "MIT",
      "optional": true,
      "os": [
        "win32"
      ],
      "engines": {
        "node": ">=18"
      }
    },
    "node_modules/@fluentui/tokens": {
      "version": "1.0.0-alpha.23",
      "resolved": "https://pkgs.dev.azure.com/dnceng/public/_packaging/dotnet-public-npm/npm/registry/@fluentui/tokens/-/tokens-1.0.0-alpha.23.tgz",
      "integrity": "sha1-T4RsHk/Ns8qA6zGALEo2bVWZsw4=",
      "license": "MIT",
      "dependencies": {
        "@swc/helpers": "^0.5.1"
      }
    },
    "node_modules/@fluentui/web-components": {
      "version": "3.0.0-rc.18",
      "resolved": "https://pkgs.dev.azure.com/dnceng/public/_packaging/dotnet-public-npm/npm/registry/@fluentui/web-components/-/web-components-3.0.0-rc.18.tgz",
      "integrity": "sha1-9G1wtr6T19+qSkZrC82xwMEsbvg=",
      "license": "MIT",
      "dependencies": {
        "@fluentui/tokens": "1.0.0-alpha.23",
        "tslib": "^2.1.0"
      },
      "engines": {
        "node": "^22.0.0 || ^24.0.0"
      },
      "peerDependencies": {
        "@microsoft/fast-element": "^2.0.0",
        "@microsoft/focusgroup-polyfill": "^1.4.1"
      }
    },
    "node_modules/@microsoft/fast-element": {
      "version": "2.10.4",
      "resolved": "https://pkgs.dev.azure.com/dnceng/public/_packaging/dotnet-public-npm/npm/registry/@microsoft/fast-element/-/fast-element-2.10.4.tgz",
      "integrity": "sha1-ErjGyQkC8qVNWyf2GNfQleEzVG0=",
      "license": "MIT"
    },
    "node_modules/@microsoft/fast-web-utilities": {
      "version": "6.0.0",
      "resolved": "https://pkgs.dev.azure.com/dnceng/public/_packaging/dotnet-public-npm/npm/registry/@microsoft/fast-web-utilities/-/fast-web-utilities-6.0.0.tgz",
      "integrity": "sha1-dnjCss0Sru94X04iiNqTpNueOKY=",
      "license": "MIT",
      "dependencies": {
        "exenv-es6": "^1.1.1"
      }
    },
    "node_modules/@microsoft/focusgroup-polyfill": {
      "version": "1.4.1",
      "resolved": "https://pkgs.dev.azure.com/dnceng/public/_packaging/dotnet-public-npm/npm/registry/@microsoft/focusgroup-polyfill/-/focusgroup-polyfill-1.4.1.tgz",
      "integrity": "sha1-DT/u5nV3X3ppKjsel07qEHUDx44=",
      "license": "MIT",
      "peer": true
    },
    "node_modules/@swc/helpers": {
      "version": "0.5.21",
      "resolved": "https://pkgs.dev.azure.com/dnceng/public/_packaging/dotnet-public-npm/npm/registry/@swc/helpers/-/helpers-0.5.21.tgz",
      "integrity": "sha1-CxsCAxfuEoKGDKZvfpp8d5DwWuA=",
      "license": "Apache-2.0",
      "dependencies": {
        "tslib": "^2.8.0"
      }
    },
    "node_modules/@types/d3-format": {
      "version": "3.0.4",
      "resolved": "https://pkgs.dev.azure.com/dnceng/public/_packaging/dotnet-public-npm/npm/registry/@types/d3-format/-/d3-format-3.0.4.tgz",
      "integrity": "sha1-seRGVkTds/3zomP+uyQKbNYW3pA=",
      "dev": true,
      "license": "MIT"
    },
    "node_modules/@types/d3-path": {
      "version": "3.1.1",
      "resolved": "https://pkgs.dev.azure.com/dnceng/public/_packaging/dotnet-public-npm/npm/registry/@types/d3-path/-/d3-path-3.1.1.tgz",
      "integrity": "sha1-9jKzgMOsoduo40qgSbzWpK8j34o=",
      "dev": true,
      "license": "MIT"
    },
    "node_modules/@types/d3-scale": {
      "version": "4.0.9",
      "resolved": "https://pkgs.dev.azure.com/dnceng/public/_packaging/dotnet-public-npm/npm/registry/@types/d3-scale/-/d3-scale-4.0.9.tgz",
      "integrity": "sha1-V6L3ByQub+Hega17/Myq9gYXmvs=",
      "dev": true,
      "license": "MIT",
      "dependencies": {
        "@types/d3-time": "*"
      }
    },
    "node_modules/@types/d3-selection": {
      "version": "3.0.11",
      "resolved": "https://pkgs.dev.azure.com/dnceng/public/_packaging/dotnet-public-npm/npm/registry/@types/d3-selection/-/d3-selection-3.0.11.tgz",
      "integrity": "sha1-vXpF/AqMMWemMWdeYbwsorBY1KM=",
      "dev": true,
      "license": "MIT"
    },
    "node_modules/@types/d3-shape": {
      "version": "3.1.8",
      "resolved": "https://pkgs.dev.azure.com/dnceng/public/_packaging/dotnet-public-npm/npm/registry/@types/d3-shape/-/d3-shape-3.1.8.tgz",
      "integrity": "sha1-0VFsxQh1O+BoUs0GdY47tUoisOM=",
      "dev": true,
      "license": "MIT",
      "dependencies": {
        "@types/d3-path": "*"
      }
    },
    "node_modules/@types/d3-time": {
      "version": "3.0.4",
      "resolved": "https://pkgs.dev.azure.com/dnceng/public/_packaging/dotnet-public-npm/npm/registry/@types/d3-time/-/d3-time-3.0.4.tgz",
      "integrity": "sha1-hHL+7NY5aRRQ3YAA6zPt1EThMj8=",
      "dev": true,
      "license": "MIT"
    },
    "node_modules/@types/d3-time-format": {
      "version": "2.3.4",
      "resolved": "https://pkgs.dev.azure.com/dnceng/public/_packaging/dotnet-public-npm/npm/registry/@types/d3-time-format/-/d3-time-format-2.3.4.tgz",
      "integrity": "sha1-VEr1GE34s/xNm0KxQFh4ms7ikF4=",
      "dev": true,
      "license": "MIT"
    },
    "node_modules/balanced-match": {
      "version": "4.0.4",
      "resolved": "https://pkgs.dev.azure.com/dnceng/public/_packaging/dotnet-public-npm/npm/registry/balanced-match/-/balanced-match-4.0.4.tgz",
      "integrity": "sha1-v7EGYv7tgZaixi58aOF3IMJ0F5o=",
      "dev": true,
      "license": "MIT",
      "engines": {
        "node": "18 || 20 || >=22"
      }
    },
    "node_modules/brace-expansion": {
      "version": "5.0.6",
      "resolved": "https://pkgs.dev.azure.com/dnceng/public/_packaging/dotnet-public-npm/npm/registry/brace-expansion/-/brace-expansion-5.0.6.tgz",
      "integrity": "sha1-7Gj+CmQaKdhxFXnK9kHQW64fIoU=",
      "dev": true,
      "license": "MIT",
      "dependencies": {
        "balanced-match": "^4.0.2"
      },
      "engines": {
        "node": "18 || 20 || >=22"
      }
    },
    "node_modules/convert-hex": {
      "version": "0.1.0",
      "resolved": "https://pkgs.dev.azure.com/dnceng/public/_packaging/dotnet-public-npm/npm/registry/convert-hex/-/convert-hex-0.1.0.tgz",
      "integrity": "sha1-CMBFaJIsJ3drii6BqV05M2LqC2U=",
      "dev": true
    },
    "node_modules/convert-string": {
      "version": "0.1.0",
      "resolved": "https://pkgs.dev.azure.com/dnceng/public/_packaging/dotnet-public-npm/npm/registry/convert-string/-/convert-string-0.1.0.tgz",
      "integrity": "sha1-ec5BqbsNA7z3LNxqjzxW+7xkQQo=",
      "dev": true
    },
    "node_modules/d3-array": {
      "version": "3.2.4",
      "resolved": "https://pkgs.dev.azure.com/dnceng/public/_packaging/dotnet-public-npm/npm/registry/d3-array/-/d3-array-3.2.4.tgz",
      "integrity": "sha1-Ff7DOyN/l6xdfJhtx32ic6jtC7U=",
      "license": "ISC",
      "dependencies": {
        "internmap": "1 - 2"
      },
      "engines": {
        "node": ">=12"
      }
    },
    "node_modules/d3-color": {
      "version": "3.1.0",
      "resolved": "https://pkgs.dev.azure.com/dnceng/public/_packaging/dotnet-public-npm/npm/registry/d3-color/-/d3-color-3.1.0.tgz",
      "integrity": "sha1-OVsoM9+scVB/EqwvevI7+BneJOI=",
      "license": "ISC",
      "engines": {
        "node": ">=12"
      }
    },
    "node_modules/d3-format": {
      "version": "3.1.2",
      "resolved": "https://pkgs.dev.azure.com/dnceng/public/_packaging/dotnet-public-npm/npm/registry/d3-format/-/d3-format-3.1.2.tgz",
      "integrity": "sha1-Af20a1i+sfVbELQq1wtuNE1esq4=",
      "license": "ISC",
      "engines": {
        "node": ">=12"
      }
    },
    "node_modules/d3-interpolate": {
      "version": "3.0.1",
      "resolved": "https://pkgs.dev.azure.com/dnceng/public/_packaging/dotnet-public-npm/npm/registry/d3-interpolate/-/d3-interpolate-3.0.1.tgz",
      "integrity": "sha1-PEeqWzLFs9+1bvP9Q0IHimMrQA0=",
      "license": "ISC",
      "dependencies": {
        "d3-color": "1 - 3"
      },
      "engines": {
        "node": ">=12"
      }
    },
    "node_modules/d3-path": {
      "version": "3.1.0",
      "resolved": "https://pkgs.dev.azure.com/dnceng/public/_packaging/dotnet-public-npm/npm/registry/d3-path/-/d3-path-3.1.0.tgz",
      "integrity": "sha1-It+TkDL7WnGuixgA1h3beFHEJSY=",
      "license": "ISC",
      "engines": {
        "node": ">=12"
      }
    },
    "node_modules/d3-scale": {
      "version": "4.0.2",
      "resolved": "https://pkgs.dev.azure.com/dnceng/public/_packaging/dotnet-public-npm/npm/registry/d3-scale/-/d3-scale-4.0.2.tgz",
      "integrity": "sha1-grOOjo/3CAdk+Nzsd71L45Nok5Y=",
      "license": "ISC",
      "dependencies": {
        "d3-array": "2.10.0 - 3",
        "d3-format": "1 - 3",
        "d3-interpolate": "1.2.0 - 3",
        "d3-time": "2.1.1 - 3",
        "d3-time-format": "2 - 4"
      },
      "engines": {
        "node": ">=12"
      }
    },
    "node_modules/d3-selection": {
      "version": "3.0.0",
      "resolved": "https://pkgs.dev.azure.com/dnceng/public/_packaging/dotnet-public-npm/npm/registry/d3-selection/-/d3-selection-3.0.0.tgz",
      "integrity": "sha1-wlM4IH76csxbm9FFihpBkB8eGzE=",
      "license": "ISC",
      "engines": {
        "node": ">=12"
      }
    },
    "node_modules/d3-shape": {
      "version": "3.2.0",
      "resolved": "https://pkgs.dev.azure.com/dnceng/public/_packaging/dotnet-public-npm/npm/registry/d3-shape/-/d3-shape-3.2.0.tgz",
      "integrity": "sha1-oag5y9m6RfKGdMadf4Vbz5HfxqU=",
      "license": "ISC",
      "dependencies": {
        "d3-path": "^3.1.0"
      },
      "engines": {
        "node": ">=12"
      }
    },
    "node_modules/d3-time": {
      "version": "3.1.0",
      "resolved": "https://pkgs.dev.azure.com/dnceng/public/_packaging/dotnet-public-npm/npm/registry/d3-time/-/d3-time-3.1.0.tgz",
      "integrity": "sha1-kxDbVumS48AXXh7zheVF5Iqbtcc=",
      "license": "ISC",
      "dependencies": {
        "d3-array": "2 - 3"
      },
      "engines": {
        "node": ">=12"
      }
    },
    "node_modules/d3-time-format": {
      "version": "4.1.0",
      "resolved": "https://pkgs.dev.azure.com/dnceng/public/_packaging/dotnet-public-npm/npm/registry/d3-time-format/-/d3-time-format-4.1.0.tgz",
      "integrity": "sha1-erUlelBB0R7LT+cKXH0WoZW7QIo=",
      "license": "ISC",
      "dependencies": {
        "d3-time": "1 - 3"
      },
      "engines": {
        "node": ">=12"
      }
    },
    "node_modules/esbuild": {
      "version": "0.28.0",
      "resolved": "https://pkgs.dev.azure.com/dnceng/public/_packaging/dotnet-public-npm/npm/registry/esbuild/-/esbuild-0.28.0.tgz",
      "integrity": "sha1-Xe40f/s+OHQhKjWmmDawd7HObZY=",
      "dev": true,
      "hasInstallScript": true,
      "license": "MIT",
      "bin": {
        "esbuild": "bin/esbuild"
      },
      "engines": {
        "node": ">=18"
      },
      "optionalDependencies": {
        "@esbuild/aix-ppc64": "0.28.0",
        "@esbuild/android-arm": "0.28.0",
        "@esbuild/android-arm64": "0.28.0",
        "@esbuild/android-x64": "0.28.0",
        "@esbuild/darwin-arm64": "0.28.0",
        "@esbuild/darwin-x64": "0.28.0",
        "@esbuild/freebsd-arm64": "0.28.0",
        "@esbuild/freebsd-x64": "0.28.0",
        "@esbuild/linux-arm": "0.28.0",
        "@esbuild/linux-arm64": "0.28.0",
        "@esbuild/linux-ia32": "0.28.0",
        "@esbuild/linux-loong64": "0.28.0",
        "@esbuild/linux-mips64el": "0.28.0",
        "@esbuild/linux-ppc64": "0.28.0",
        "@esbuild/linux-riscv64": "0.28.0",
        "@esbuild/linux-s390x": "0.28.0",
        "@esbuild/linux-x64": "0.28.0",
        "@esbuild/netbsd-arm64": "0.28.0",
        "@esbuild/netbsd-x64": "0.28.0",
        "@esbuild/openbsd-arm64": "0.28.0",
        "@esbuild/openbsd-x64": "0.28.0",
        "@esbuild/openharmony-arm64": "0.28.0",
        "@esbuild/sunos-x64": "0.28.0",
        "@esbuild/win32-arm64": "0.28.0",
        "@esbuild/win32-ia32": "0.28.0",
        "@esbuild/win32-x64": "0.28.0"
      }
    },
    "node_modules/esbuild-plugin-inline-css": {
      "version": "0.0.1",
      "resolved": "https://pkgs.dev.azure.com/dnceng/public/_packaging/dotnet-public-npm/npm/registry/esbuild-plugin-inline-css/-/esbuild-plugin-inline-css-0.0.1.tgz",
      "integrity": "sha1-LhPMtN+xsItXDgin3zKK4x9SZQ8=",
      "dev": true,
      "license": "MIT",
      "dependencies": {
        "fs-extra": "^10.0.0",
        "path": "^0.12.7",
        "sha256": "^0.2.0"
      }
    },
    "node_modules/exenv-es6": {
      "version": "1.1.1",
      "resolved": "https://pkgs.dev.azure.com/dnceng/public/_packaging/dotnet-public-npm/npm/registry/exenv-es6/-/exenv-es6-1.1.1.tgz",
      "integrity": "sha1-gLeoxa8k1TMx91W6wH6Eq7H23mc=",
      "license": "MIT"
    },
    "node_modules/fs-extra": {
      "version": "10.1.0",
      "resolved": "https://pkgs.dev.azure.com/dnceng/public/_packaging/dotnet-public-npm/npm/registry/fs-extra/-/fs-extra-10.1.0.tgz",
      "integrity": "sha1-Aoc8+8QITd4SfqpfmQXu8jJdGr8=",
      "dev": true,
      "license": "MIT",
      "dependencies": {
        "graceful-fs": "^4.2.0",
        "jsonfile": "^6.0.1",
        "universalify": "^2.0.0"
      },
      "engines": {
        "node": ">=12"
      }
    },
    "node_modules/glob": {
      "version": "13.0.6",
      "resolved": "https://pkgs.dev.azure.com/dnceng/public/_packaging/dotnet-public-npm/npm/registry/glob/-/glob-13.0.6.tgz",
      "integrity": "sha1-B4ZmVmpCUUfMrPvS4zLetmor5x0=",
      "dev": true,
      "license": "BlueOak-1.0.0",
      "dependencies": {
        "minimatch": "^10.2.2",
        "minipass": "^7.1.3",
        "path-scurry": "^2.0.2"
      },
      "engines": {
        "node": "18 || 20 || >=22"
      },
      "funding": {
        "url": "https://github.com/sponsors/isaacs"
      }
    },
    "node_modules/graceful-fs": {
      "version": "4.2.11",
      "resolved": "https://pkgs.dev.azure.com/dnceng/public/_packaging/dotnet-public-npm/npm/registry/graceful-fs/-/graceful-fs-4.2.11.tgz",
      "integrity": "sha1-QYPk6L8Iu24Fu7L30uDI9xLKQOM=",
      "dev": true,
      "license": "ISC"
    },
    "node_modules/inherits": {
      "version": "2.0.3",
      "resolved": "https://pkgs.dev.azure.com/dnceng/public/_packaging/dotnet-public-npm/npm/registry/inherits/-/inherits-2.0.3.tgz",
      "integrity": "sha1-Yzwsg+PaQqUC9SRmAiSA9CCCYd4=",
      "dev": true,
      "license": "ISC"
    },
    "node_modules/internmap": {
      "version": "2.0.3",
      "resolved": "https://pkgs.dev.azure.com/dnceng/public/_packaging/dotnet-public-npm/npm/registry/internmap/-/internmap-2.0.3.tgz",
      "integrity": "sha1-ZoXyN1XkPFJOJR0py8lySOMGEAk=",
      "license": "ISC",
      "engines": {
        "node": ">=12"
      }
    },
    "node_modules/jsonfile": {
      "version": "6.2.1",
      "resolved": "https://pkgs.dev.azure.com/dnceng/public/_packaging/dotnet-public-npm/npm/registry/jsonfile/-/jsonfile-6.2.1.tgz",
      "integrity": "sha1-tuMXF/Isw3MwsIHOAFHtXeU68vY=",
      "dev": true,
      "license": "MIT",
      "dependencies": {
        "universalify": "^2.0.0"
      },
      "optionalDependencies": {
        "graceful-fs": "^4.1.6"
      }
    },
    "node_modules/lru-cache": {
      "version": "11.3.6",
      "resolved": "https://pkgs.dev.azure.com/dnceng/public/_packaging/dotnet-public-npm/npm/registry/lru-cache/-/lru-cache-11.3.6.tgz",
      "integrity": "sha1-8DBq1unwpdwlsWrrpOj1e37C31U=",
      "dev": true,
      "license": "BlueOak-1.0.0",
      "engines": {
        "node": "20 || >=22"
      }
    },
    "node_modules/minimatch": {
      "version": "10.2.5",
      "resolved": "https://pkgs.dev.azure.com/dnceng/public/_packaging/dotnet-public-npm/npm/registry/minimatch/-/minimatch-10.2.5.tgz",
      "integrity": "sha1-vUhoegvjjtKWE5kQVgD4MglYYdE=",
      "dev": true,
      "license": "BlueOak-1.0.0",
      "dependencies": {
        "brace-expansion": "^5.0.5"
      },
      "engines": {
        "node": "18 || 20 || >=22"
      },
      "funding": {
        "url": "https://github.com/sponsors/isaacs"
      }
    },
    "node_modules/minipass": {
      "version": "7.1.3",
      "resolved": "https://pkgs.dev.azure.com/dnceng/public/_packaging/dotnet-public-npm/npm/registry/minipass/-/minipass-7.1.3.tgz",
      "integrity": "sha1-eTibTrG7LQA6m7qH1JLyvTe9xls=",
      "dev": true,
      "license": "BlueOak-1.0.0",
      "engines": {
        "node": ">=16 || 14 >=14.17"
      }
    },
    "node_modules/package-json-from-dist": {
      "version": "1.0.1",
      "resolved": "https://pkgs.dev.azure.com/dnceng/public/_packaging/dotnet-public-npm/npm/registry/package-json-from-dist/-/package-json-from-dist-1.0.1.tgz",
      "integrity": "sha1-TxRxoBCCeob5TP2bByfjbSZ95QU=",
      "dev": true,
      "license": "BlueOak-1.0.0"
    },
    "node_modules/path": {
      "version": "0.12.7",
      "resolved": "https://pkgs.dev.azure.com/dnceng/public/_packaging/dotnet-public-npm/npm/registry/path/-/path-0.12.7.tgz",
      "integrity": "sha1-1NwqUGxM4hl+tIHr/NWzbAFAsQ8=",
      "dev": true,
      "license": "MIT",
      "dependencies": {
        "process": "^0.11.1",
        "util": "^0.10.3"
      }
    },
    "node_modules/path-scurry": {
      "version": "2.0.2",
      "resolved": "https://pkgs.dev.azure.com/dnceng/public/_packaging/dotnet-public-npm/npm/registry/path-scurry/-/path-scurry-2.0.2.tgz",
      "integrity": "sha1-a+DQ7gKhDZ4N56mLrmXhgskGH4U=",
      "dev": true,
      "license": "BlueOak-1.0.0",
      "dependencies": {
        "lru-cache": "^11.0.0",
        "minipass": "^7.1.2"
      },
      "engines": {
        "node": "18 || 20 || >=22"
      },
      "funding": {
        "url": "https://github.com/sponsors/isaacs"
      }
    },
    "node_modules/process": {
      "version": "0.11.10",
      "resolved": "https://pkgs.dev.azure.com/dnceng/public/_packaging/dotnet-public-npm/npm/registry/process/-/process-0.11.10.tgz",
      "integrity": "sha1-czIwDoQBYb2j5podHZGn1LwW8YI=",
      "dev": true,
      "license": "MIT",
      "engines": {
        "node": ">= 0.6.0"
      }
    },
    "node_modules/rimraf": {
      "version": "6.1.3",
      "resolved": "https://pkgs.dev.azure.com/dnceng/public/_packaging/dotnet-public-npm/npm/registry/rimraf/-/rimraf-6.1.3.tgz",
      "integrity": "sha1-r77iNrO9K+Mx1OfORJO6wXGJga8=",
      "dev": true,
      "license": "BlueOak-1.0.0",
      "dependencies": {
        "glob": "^13.0.3",
        "package-json-from-dist": "^1.0.1"
      },
      "bin": {
        "rimraf": "dist/esm/bin.mjs"
      },
      "engines": {
        "node": "20 || >=22"
      },
      "funding": {
        "url": "https://github.com/sponsors/isaacs"
      }
    },
    "node_modules/sha256": {
      "version": "0.2.0",
      "resolved": "https://pkgs.dev.azure.com/dnceng/public/_packaging/dotnet-public-npm/npm/registry/sha256/-/sha256-0.2.0.tgz",
      "integrity": "sha1-c6C0GNqrcDW/+G6EkeNjQS/CqwU=",
      "dev": true,
      "dependencies": {
        "convert-hex": "~0.1.0",
        "convert-string": "~0.1.0"
      }
    },
    "node_modules/tslib": {
      "version": "2.8.1",
      "resolved": "https://pkgs.dev.azure.com/dnceng/public/_packaging/dotnet-public-npm/npm/registry/tslib/-/tslib-2.8.1.tgz",
      "integrity": "sha1-YS7+TtI11Wfoq6Xypfq3AoCt6D8=",
      "license": "0BSD"
    },
    "node_modules/universalify": {
      "version": "2.0.1",
      "resolved": "https://pkgs.dev.azure.com/dnceng/public/_packaging/dotnet-public-npm/npm/registry/universalify/-/universalify-2.0.1.tgz",
      "integrity": "sha1-Fo78IYCWTmOG0GHglN9hr+I5sY0=",
      "dev": true,
      "license": "MIT",
      "engines": {
        "node": ">= 10.0.0"
      }
    },
    "node_modules/util": {
      "version": "0.10.4",
      "resolved": "https://pkgs.dev.azure.com/dnceng/public/_packaging/dotnet-public-npm/npm/registry/util/-/util-0.10.4.tgz",
      "integrity": "sha1-OqASW/5mikZy3liFfTrOJ+y3aQE=",
      "dev": true,
      "license": "MIT",
      "dependencies": {
        "inherits": "2.0.3"
      }
    }
  }
}
