
Microsoft Visual Studio Solution File, Format Version 12.00
# Visual Studio Version 17
VisualStudioVersion = 17.7.33808.371
MinimumVisualStudioVersion = 10.0.40219.1
Project("{9A19103F-16F7-4668-BE54-9A1E7A4F7556}") = "Components.Icons.Package", "FluentUI.Icons\Components.Icons.Package.csproj", "{DC366683-C48A-4506-9CB1-7C2AFEF5E35A}"
EndProject
Project("{9A19103F-16F7-4668-BE54-9A1E7A4F7556}") = "AssetsGenerator", "Generator\AssetsGenerator.csproj", "{09CF3927-40A3-4138-9B07-8CD2BB18B005}"
EndProject
Project("{9A19103F-16F7-4668-BE54-9A1E7A4F7556}") = "Components.Emoji.Package", "FluentUI.Emojis\Components.Emoji.Package.csproj", "{9F88D6E5-6D3B-4EBA-8009-2D496A3F918C}"
EndProject
Project("{9A19103F-16F7-4668-BE54-9A1E7A4F7556}") = "Microsoft.FluentUI.AspNetCore.Components", "..\Core\Microsoft.FluentUI.AspNetCore.Components.csproj", "{9B74E3E5-C339-45C8-B6EC-128A00FBA48F}"
EndProject
Project("{2150E333-8FDC-42A3-9474-1A3956D46DE8}") = "Icons", "Icons", "{02EA681E-C7D8-13C7-8484-4AC65E1B71E8}"
EndProject
Project("{FAE04EC0-301F-11D3-BF4B-00C04F79EFBC}") = "Icons.Color", "FluentUI.Icons\Icons\Color\Icons.Color.csproj", "{8F962AED-D38C-4997-4AA5-E4C313A888B2}"
EndProject
Project("{FAE04EC0-301F-11D3-BF4B-00C04F79EFBC}") = "Icons.Filled", "FluentUI.Icons\Icons\Filled\Icons.Filled.csproj", "{525F476B-189D-7A19-EF0C-E0E65B1B2E38}"
EndProject
Project("{FAE04EC0-301F-11D3-BF4B-00C04F79EFBC}") = "Icons.Light", "FluentUI.Icons\Icons\Light\Icons.Light.csproj", "{80A27FDD-8726-8AC7-5474-908C27C1C2FF}"
EndProject
Project("{FAE04EC0-301F-11D3-BF4B-00C04F79EFBC}") = "Icons.Regular", "FluentUI.Icons\Icons\Regular\Icons.Regular.csproj", "{A939A68A-CA4F-8A50-1BFC-7C8745A14E6E}"
EndProject
Project("{2150E333-8FDC-42A3-9474-1A3956D46DE8}") = "Emoji", "Emoji", "{90DCE503-DEB1-401D-ACC0-455548769C29}"
EndProject
Project("{FAE04EC0-301F-11D3-BF4B-00C04F79EFBC}") = "Emoji.Activities", "FluentUI.Emojis\Emojis\Activities\Emoji.Activities.csproj", "{DDDECB52-F725-7142-93E6-BBCA82815B39}"
EndProject
Project("{FAE04EC0-301F-11D3-BF4B-00C04F79EFBC}") = "Emoji.AnimalsNature", "FluentUI.Emojis\Emojis\AnimalsNature\Emoji.AnimalsNature.csproj", "{906F4767-95AB-B6F0-465D-63EA40C6DD07}"
EndProject
Project("{FAE04EC0-301F-11D3-BF4B-00C04F79EFBC}") = "Emoji.Flags", "FluentUI.Emojis\Emojis\Flags\Emoji.Flags.csproj", "{11D60878-1F67-11E5-1BCA-996D1E3DF8C2}"
EndProject
Project("{FAE04EC0-301F-11D3-BF4B-00C04F79EFBC}") = "Emoji.FoodDrink", "FluentUI.Emojis\Emojis\FoodDrink\Emoji.FoodDrink.csproj", "{4894D478-4370-DD43-6307-59F915F23C32}"
EndProject
Project("{FAE04EC0-301F-11D3-BF4B-00C04F79EFBC}") = "Emoji.Objects", "FluentUI.Emojis\Emojis\Objects\Emoji.Objects.csproj", "{3051ADCF-82D9-5471-CC8A-4E341C3FE261}"
EndProject
Project("{FAE04EC0-301F-11D3-BF4B-00C04F79EFBC}") = "Emoji.PeopleBody", "FluentUI.Emojis\Emojis\PeopleBody\Emoji.PeopleBody.csproj", "{81E21D2F-0429-CD0A-5D38-C1F1D2A76F42}"
EndProject
Project("{FAE04EC0-301F-11D3-BF4B-00C04F79EFBC}") = "Emoji.SmileysEmotion", "FluentUI.Emojis\Emojis\SmileysEmotion\Emoji.SmileysEmotion.csproj", "{B4AE69D2-3708-E9BB-B9DC-EC4B2AD7C83A}"
EndProject
Project("{FAE04EC0-301F-11D3-BF4B-00C04F79EFBC}") = "Emoji.Symbols", "FluentUI.Emojis\Emojis\Symbols\Emoji.Symbols.csproj", "{550532CB-B90E-4ECE-BE90-504144D81C3B}"
EndProject
Project("{FAE04EC0-301F-11D3-BF4B-00C04F79EFBC}") = "Emoji.TravelPlaces", "FluentUI.Emojis\Emojis\TravelPlaces\Emoji.TravelPlaces.csproj", "{6AD98A45-238B-967D-0383-35EF15268C16}"
EndProject
Global
	GlobalSection(SolutionConfigurationPlatforms) = preSolution
		Debug|Any CPU = Debug|Any CPU
		Release|Any CPU = Release|Any CPU
	EndGlobalSection
	GlobalSection(ProjectConfigurationPlatforms) = postSolution
		{DC366683-C48A-4506-9CB1-7C2AFEF5E35A}.Debug|Any CPU.ActiveCfg = Debug|Any CPU
		{DC366683-C48A-4506-9CB1-7C2AFEF5E35A}.Debug|Any CPU.Build.0 = Debug|Any CPU
		{DC366683-C48A-4506-9CB1-7C2AFEF5E35A}.Release|Any CPU.ActiveCfg = Release|Any CPU
		{DC366683-C48A-4506-9CB1-7C2AFEF5E35A}.Release|Any CPU.Build.0 = Release|Any CPU
		{09CF3927-40A3-4138-9B07-8CD2BB18B005}.Debug|Any CPU.ActiveCfg = Debug|Any CPU
		{09CF3927-40A3-4138-9B07-8CD2BB18B005}.Debug|Any CPU.Build.0 = Debug|Any CPU
		{09CF3927-40A3-4138-9B07-8CD2BB18B005}.Release|Any CPU.ActiveCfg = Release|Any CPU
		{09CF3927-40A3-4138-9B07-8CD2BB18B005}.Release|Any CPU.Build.0 = Release|Any CPU
		{9F88D6E5-6D3B-4EBA-8009-2D496A3F918C}.Debug|Any CPU.ActiveCfg = Debug|Any CPU
		{9F88D6E5-6D3B-4EBA-8009-2D496A3F918C}.Debug|Any CPU.Build.0 = Debug|Any CPU
		{9F88D6E5-6D3B-4EBA-8009-2D496A3F918C}.Release|Any CPU.ActiveCfg = Release|Any CPU
		{9F88D6E5-6D3B-4EBA-8009-2D496A3F918C}.Release|Any CPU.Build.0 = Release|Any CPU
		{9B74E3E5-C339-45C8-B6EC-128A00FBA48F}.Debug|Any CPU.ActiveCfg = Debug|Any CPU
		{9B74E3E5-C339-45C8-B6EC-128A00FBA48F}.Debug|Any CPU.Build.0 = Debug|Any CPU
		{9B74E3E5-C339-45C8-B6EC-128A00FBA48F}.Release|Any CPU.ActiveCfg = Release|Any CPU
		{9B74E3E5-C339-45C8-B6EC-128A00FBA48F}.Release|Any CPU.Build.0 = Release|Any CPU
		{8F962AED-D38C-4997-4AA5-E4C313A888B2}.Debug|Any CPU.ActiveCfg = Debug|Any CPU
		{8F962AED-D38C-4997-4AA5-E4C313A888B2}.Debug|Any CPU.Build.0 = Debug|Any CPU
		{8F962AED-D38C-4997-4AA5-E4C313A888B2}.Release|Any CPU.ActiveCfg = Release|Any CPU
		{8F962AED-D38C-4997-4AA5-E4C313A888B2}.Release|Any CPU.Build.0 = Release|Any CPU
		{525F476B-189D-7A19-EF0C-E0E65B1B2E38}.Debug|Any CPU.ActiveCfg = Debug|Any CPU
		{525F476B-189D-7A19-EF0C-E0E65B1B2E38}.Debug|Any CPU.Build.0 = Debug|Any CPU
		{525F476B-189D-7A19-EF0C-E0E65B1B2E38}.Release|Any CPU.ActiveCfg = Release|Any CPU
		{525F476B-189D-7A19-EF0C-E0E65B1B2E38}.Release|Any CPU.Build.0 = Release|Any CPU
		{80A27FDD-8726-8AC7-5474-908C27C1C2FF}.Debug|Any CPU.ActiveCfg = Debug|Any CPU
		{80A27FDD-8726-8AC7-5474-908C27C1C2FF}.Debug|Any CPU.Build.0 = Debug|Any CPU
		{80A27FDD-8726-8AC7-5474-908C27C1C2FF}.Release|Any CPU.ActiveCfg = Release|Any CPU
		{80A27FDD-8726-8AC7-5474-908C27C1C2FF}.Release|Any CPU.Build.0 = Release|Any CPU
		{A939A68A-CA4F-8A50-1BFC-7C8745A14E6E}.Debug|Any CPU.ActiveCfg = Debug|Any CPU
		{A939A68A-CA4F-8A50-1BFC-7C8745A14E6E}.Debug|Any CPU.Build.0 = Debug|Any CPU
		{A939A68A-CA4F-8A50-1BFC-7C8745A14E6E}.Release|Any CPU.ActiveCfg = Release|Any CPU
		{A939A68A-CA4F-8A50-1BFC-7C8745A14E6E}.Release|Any CPU.Build.0 = Release|Any CPU
		{DDDECB52-F725-7142-93E6-BBCA82815B39}.Debug|Any CPU.ActiveCfg = Debug|Any CPU
		{DDDECB52-F725-7142-93E6-BBCA82815B39}.Debug|Any CPU.Build.0 = Debug|Any CPU
		{DDDECB52-F725-7142-93E6-BBCA82815B39}.Release|Any CPU.ActiveCfg = Release|Any CPU
		{DDDECB52-F725-7142-93E6-BBCA82815B39}.Release|Any CPU.Build.0 = Release|Any CPU
		{906F4767-95AB-B6F0-465D-63EA40C6DD07}.Debug|Any CPU.ActiveCfg = Debug|Any CPU
		{906F4767-95AB-B6F0-465D-63EA40C6DD07}.Debug|Any CPU.Build.0 = Debug|Any CPU
		{906F4767-95AB-B6F0-465D-63EA40C6DD07}.Release|Any CPU.ActiveCfg = Release|Any CPU
		{906F4767-95AB-B6F0-465D-63EA40C6DD07}.Release|Any CPU.Build.0 = Release|Any CPU
		{11D60878-1F67-11E5-1BCA-996D1E3DF8C2}.Debug|Any CPU.ActiveCfg = Debug|Any CPU
		{11D60878-1F67-11E5-1BCA-996D1E3DF8C2}.Debug|Any CPU.Build.0 = Debug|Any CPU
		{11D60878-1F67-11E5-1BCA-996D1E3DF8C2}.Release|Any CPU.ActiveCfg = Release|Any CPU
		{11D60878-1F67-11E5-1BCA-996D1E3DF8C2}.Release|Any CPU.Build.0 = Release|Any CPU
		{4894D478-4370-DD43-6307-59F915F23C32}.Debug|Any CPU.ActiveCfg = Debug|Any CPU
		{4894D478-4370-DD43-6307-59F915F23C32}.Debug|Any CPU.Build.0 = Debug|Any CPU
		{4894D478-4370-DD43-6307-59F915F23C32}.Release|Any CPU.ActiveCfg = Release|Any CPU
		{4894D478-4370-DD43-6307-59F915F23C32}.Release|Any CPU.Build.0 = Release|Any CPU
		{3051ADCF-82D9-5471-CC8A-4E341C3FE261}.Debug|Any CPU.ActiveCfg = Debug|Any CPU
		{3051ADCF-82D9-5471-CC8A-4E341C3FE261}.Debug|Any CPU.Build.0 = Debug|Any CPU
		{3051ADCF-82D9-5471-CC8A-4E341C3FE261}.Release|Any CPU.ActiveCfg = Release|Any CPU
		{3051ADCF-82D9-5471-CC8A-4E341C3FE261}.Release|Any CPU.Build.0 = Release|Any CPU
		{81E21D2F-0429-CD0A-5D38-C1F1D2A76F42}.Debug|Any CPU.ActiveCfg = Debug|Any CPU
		{81E21D2F-0429-CD0A-5D38-C1F1D2A76F42}.Debug|Any CPU.Build.0 = Debug|Any CPU
		{81E21D2F-0429-CD0A-5D38-C1F1D2A76F42}.Release|Any CPU.ActiveCfg = Release|Any CPU
		{81E21D2F-0429-CD0A-5D38-C1F1D2A76F42}.Release|Any CPU.Build.0 = Release|Any CPU
		{B4AE69D2-3708-E9BB-B9DC-EC4B2AD7C83A}.Debug|Any CPU.ActiveCfg = Debug|Any CPU
		{B4AE69D2-3708-E9BB-B9DC-EC4B2AD7C83A}.Debug|Any CPU.Build.0 = Debug|Any CPU
		{B4AE69D2-3708-E9BB-B9DC-EC4B2AD7C83A}.Release|Any CPU.ActiveCfg = Release|Any CPU
		{B4AE69D2-3708-E9BB-B9DC-EC4B2AD7C83A}.Release|Any CPU.Build.0 = Release|Any CPU
		{550532CB-B90E-4ECE-BE90-504144D81C3B}.Debug|Any CPU.ActiveCfg = Debug|Any CPU
		{550532CB-B90E-4ECE-BE90-504144D81C3B}.Debug|Any CPU.Build.0 = Debug|Any CPU
		{550532CB-B90E-4ECE-BE90-504144D81C3B}.Release|Any CPU.ActiveCfg = Release|Any CPU
		{550532CB-B90E-4ECE-BE90-504144D81C3B}.Release|Any CPU.Build.0 = Release|Any CPU
		{6AD98A45-238B-967D-0383-35EF15268C16}.Debug|Any CPU.ActiveCfg = Debug|Any CPU
		{6AD98A45-238B-967D-0383-35EF15268C16}.Debug|Any CPU.Build.0 = Debug|Any CPU
		{6AD98A45-238B-967D-0383-35EF15268C16}.Release|Any CPU.ActiveCfg = Release|Any CPU
		{6AD98A45-238B-967D-0383-35EF15268C16}.Release|Any CPU.Build.0 = Release|Any CPU
	EndGlobalSection
	GlobalSection(SolutionProperties) = preSolution
		HideSolutionNode = FALSE
	EndGlobalSection
	GlobalSection(NestedProjects) = preSolution
		{DC366683-C48A-4506-9CB1-7C2AFEF5E35A} = {02EA681E-C7D8-13C7-8484-4AC65E1B71E8}
		{9F88D6E5-6D3B-4EBA-8009-2D496A3F918C} = {90DCE503-DEB1-401D-ACC0-455548769C29}
		{8F962AED-D38C-4997-4AA5-E4C313A888B2} = {02EA681E-C7D8-13C7-8484-4AC65E1B71E8}
		{525F476B-189D-7A19-EF0C-E0E65B1B2E38} = {02EA681E-C7D8-13C7-8484-4AC65E1B71E8}
		{80A27FDD-8726-8AC7-5474-908C27C1C2FF} = {02EA681E-C7D8-13C7-8484-4AC65E1B71E8}
		{A939A68A-CA4F-8A50-1BFC-7C8745A14E6E} = {02EA681E-C7D8-13C7-8484-4AC65E1B71E8}
		{DDDECB52-F725-7142-93E6-BBCA82815B39} = {90DCE503-DEB1-401D-ACC0-455548769C29}
		{906F4767-95AB-B6F0-465D-63EA40C6DD07} = {90DCE503-DEB1-401D-ACC0-455548769C29}
		{11D60878-1F67-11E5-1BCA-996D1E3DF8C2} = {90DCE503-DEB1-401D-ACC0-455548769C29}
		{4894D478-4370-DD43-6307-59F915F23C32} = {90DCE503-DEB1-401D-ACC0-455548769C29}
		{3051ADCF-82D9-5471-CC8A-4E341C3FE261} = {90DCE503-DEB1-401D-ACC0-455548769C29}
		{81E21D2F-0429-CD0A-5D38-C1F1D2A76F42} = {90DCE503-DEB1-401D-ACC0-455548769C29}
		{B4AE69D2-3708-E9BB-B9DC-EC4B2AD7C83A} = {90DCE503-DEB1-401D-ACC0-455548769C29}
		{550532CB-B90E-4ECE-BE90-504144D81C3B} = {90DCE503-DEB1-401D-ACC0-455548769C29}
		{6AD98A45-238B-967D-0383-35EF15268C16} = {90DCE503-DEB1-401D-ACC0-455548769C29}
	EndGlobalSection
	GlobalSection(ExtensibilityGlobals) = postSolution
		SolutionGuid = {C5BFB74A-C3A6-4AD7-A757-725B1CB815CD}
	EndGlobalSection
EndGlobal
