
Microsoft Visual Studio Solution File, Format Version 12.00
# Visual Studio Version 17
VisualStudioVersion = 17.7.33808.371
MinimumVisualStudioVersion = 10.0.40219.1
Project("{9A19103F-16F7-4668-BE54-9A1E7A4F7556}") = "Microsoft.FluentUI.AspNetCore.Components.Icons", "FluentUI.Icons\Microsoft.FluentUI.AspNetCore.Components.Icons.csproj", "{DC366683-C48A-4506-9CB1-7C2AFEF5E35A}"
EndProject
Project("{9A19103F-16F7-4668-BE54-9A1E7A4F7556}") = "Microsoft.FluentUI.AspNetCore.Components.AssetsGenerator", "Generator\Microsoft.FluentUI.AspNetCore.Components.AssetsGenerator.csproj", "{09CF3927-40A3-4138-9B07-8CD2BB18B005}"
EndProject
Project("{9A19103F-16F7-4668-BE54-9A1E7A4F7556}") = "Microsoft.FluentUI.AspNetCore.Components.AssetsSample", "Sample\Microsoft.FluentUI.AspNetCore.Components.AssetsSample.csproj", "{DCA944C6-0EFF-44A5-8D9A-CCAFA83D5CCE}"
EndProject
Project("{9A19103F-16F7-4668-BE54-9A1E7A4F7556}") = "Microsoft.FluentUI.AspNetCore.Components.Emoji", "FluentUI.Emojis\Microsoft.FluentUI.AspNetCore.Components.Emoji.csproj", "{9F88D6E5-6D3B-4EBA-8009-2D496A3F918C}"
EndProject
Project("{9A19103F-16F7-4668-BE54-9A1E7A4F7556}") = "Microsoft.FluentUI.AspNetCore.Components", "..\Core\Microsoft.FluentUI.AspNetCore.Components.csproj", "{9B74E3E5-C339-45C8-B6EC-128A00FBA48F}"
EndProject
Global
	GlobalSection(SolutionConfigurationPlatforms) = preSolution
		Debug|Any CPU = Debug|Any CPU
		Release|Any CPU = Release|Any CPU
	EndGlobalSection
	GlobalSection(ProjectConfigurationPlatforms) = postSolution
		{DC366683-C48A-4506-9CB1-7C2AFEF5E35A}.Debug|Any CPU.ActiveCfg = Debug|Any CPU
		{DC366683-C48A-4506-9CB1-7C2AFEF5E35A}.Debug|Any CPU.Build.0 = Debug|Any CPU
		{DC366683-C48A-4506-9CB1-7C2AFEF5E35A}.Release|Any CPU.ActiveCfg = Release|Any CPU
		{DC366683-C48A-4506-9CB1-7C2AFEF5E35A}.Release|Any CPU.Build.0 = Release|Any CPU
		{09CF3927-40A3-4138-9B07-8CD2BB18B005}.Debug|Any CPU.ActiveCfg = Debug|Any CPU
		{09CF3927-40A3-4138-9B07-8CD2BB18B005}.Debug|Any CPU.Build.0 = Debug|Any CPU
		{09CF3927-40A3-4138-9B07-8CD2BB18B005}.Release|Any CPU.ActiveCfg = Release|Any CPU
		{09CF3927-40A3-4138-9B07-8CD2BB18B005}.Release|Any CPU.Build.0 = Release|Any CPU
		{DCA944C6-0EFF-44A5-8D9A-CCAFA83D5CCE}.Debug|Any CPU.ActiveCfg = Debug|Any CPU
		{DCA944C6-0EFF-44A5-8D9A-CCAFA83D5CCE}.Debug|Any CPU.Build.0 = Debug|Any CPU
		{DCA944C6-0EFF-44A5-8D9A-CCAFA83D5CCE}.Release|Any CPU.ActiveCfg = Release|Any CPU
		{DCA944C6-0EFF-44A5-8D9A-CCAFA83D5CCE}.Release|Any CPU.Build.0 = Release|Any CPU
		{9F88D6E5-6D3B-4EBA-8009-2D496A3F918C}.Debug|Any CPU.ActiveCfg = Debug|Any CPU
		{9F88D6E5-6D3B-4EBA-8009-2D496A3F918C}.Debug|Any CPU.Build.0 = Debug|Any CPU
		{9F88D6E5-6D3B-4EBA-8009-2D496A3F918C}.Release|Any CPU.ActiveCfg = Release|Any CPU
		{9F88D6E5-6D3B-4EBA-8009-2D496A3F918C}.Release|Any CPU.Build.0 = Release|Any CPU
		{9B74E3E5-C339-45C8-B6EC-128A00FBA48F}.Debug|Any CPU.ActiveCfg = Debug|Any CPU
		{9B74E3E5-C339-45C8-B6EC-128A00FBA48F}.Debug|Any CPU.Build.0 = Debug|Any CPU
		{9B74E3E5-C339-45C8-B6EC-128A00FBA48F}.Release|Any CPU.ActiveCfg = Release|Any CPU
		{9B74E3E5-C339-45C8-B6EC-128A00FBA48F}.Release|Any CPU.Build.0 = Release|Any CPU
	EndGlobalSection
	GlobalSection(SolutionProperties) = preSolution
		HideSolutionNode = FALSE
	EndGlobalSection
	GlobalSection(ExtensibilityGlobals) = postSolution
		SolutionGuid = {C5BFB74A-C3A6-4AD7-A757-725B1CB815CD}
	EndGlobalSection
EndGlobal
