<Solution>
  <Folder Name="/Emoji/">
    <Project Path="FluentUI.Emojis/Components.Emoji.Package.csproj" />
    <Project Path="FluentUI.Emojis/Emojis/Activities/Emoji.Activities.csproj" />
    <Project Path="FluentUI.Emojis/Emojis/AnimalsNature/Emoji.AnimalsNature.csproj" />
    <Project Path="FluentUI.Emojis/Emojis/Flags/Emoji.Flags.csproj" />
    <Project Path="FluentUI.Emojis/Emojis/FoodDrink/Emoji.FoodDrink.csproj" />
    <Project Path="FluentUI.Emojis/Emojis/Objects/Emoji.Objects.csproj" />
    <Project Path="FluentUI.Emojis/Emojis/PeopleBody/Emoji.PeopleBody.csproj" />
    <Project Path="FluentUI.Emojis/Emojis/SmileysEmotion/Emoji.SmileysEmotion.csproj" />
    <Project Path="FluentUI.Emojis/Emojis/Symbols/Emoji.Symbols.csproj" />
    <Project Path="FluentUI.Emojis/Emojis/TravelPlaces/Emoji.TravelPlaces.csproj" />
  </Folder>
  <Folder Name="/Icons/">
    <Project Path="FluentUI.Icons/Components.Icons.Package.csproj" />
    <Project Path="FluentUI.Icons/Icons/Color/Icons.Color.csproj" />
    <Project Path="FluentUI.Icons/Icons/Filled/Icons.Filled.csproj" />
    <Project Path="FluentUI.Icons/Icons/Light/Icons.Light.csproj" />
    <Project Path="FluentUI.Icons/Icons/Regular/Icons.Regular.csproj" />
  </Folder>
  <Project Path="../Core/Microsoft.FluentUI.AspNetCore.Components.csproj" />
  <Project Path="Generator/AssetsGenerator.csproj" />
</Solution>
