
Microsoft Visual Studio Solution File, Format Version 12.00
# Visual Studio Version 17
VisualStudioVersion = 17.0.31903.59
MinimumVisualStudioVersion = 10.0.40219.1
Project("{2150E333-8FDC-42A3-9474-1A3956D46DE8}") = "NoAuthentication", "NoAuthentication", "{DBDFFD97-C463-41C2-9C15-555267108097}"
EndProject
Project("{2150E333-8FDC-42A3-9474-1A3956D46DE8}") = "B-Server", "B-Server", "{1B2BAF57-0ADE-423A-886B-D0D1359B3A6A}"
EndProject
Project("{2150E333-8FDC-42A3-9474-1A3956D46DE8}") = "IndividualAccounts", "IndividualAccounts", "{39D9738E-3C86-40B5-939C-750A4AF82CBA}"
EndProject
Project("{2150E333-8FDC-42A3-9474-1A3956D46DE8}") = "B-Server", "B-Server", "{26F67041-16F5-4F0D-8656-BA59F8D77166}"
EndProject
Project("{2150E333-8FDC-42A3-9474-1A3956D46DE8}") = "Global", "Global", "{7E133772-480D-4C09-871F-01C3E0FA8AC4}"
EndProject
Project("{2150E333-8FDC-42A3-9474-1A3956D46DE8}") = "A-SSR", "A-SSR", "{53C8D345-2218-445E-B15F-A7B45A923478}"
EndProject
Project("{2150E333-8FDC-42A3-9474-1A3956D46DE8}") = "C-Wasm", "C-Wasm", "{93A4A5E7-9799-4B85-90FC-4D056218C66E}"
EndProject
Project("{2150E333-8FDC-42A3-9474-1A3956D46DE8}") = "D-Auto", "D-Auto", "{F5530054-E73F-4253-A497-F91D4B47BD0C}"
EndProject
Project("{2150E333-8FDC-42A3-9474-1A3956D46DE8}") = "A-SSR", "A-SSR", "{22DD70CD-E9B1-4DDC-908C-B6E2AC880431}"
EndProject
Project("{2150E333-8FDC-42A3-9474-1A3956D46DE8}") = "C-Wasm", "C-Wasm", "{8520311D-83AE-41CC-A298-B910CBEA4FFE}"
EndProject
Project("{2150E333-8FDC-42A3-9474-1A3956D46DE8}") = "D-Auto", "D-Auto", "{A1E1BC2B-A1B1-47AE-85D0-B35313D18881}"
EndProject
Project("{2150E333-8FDC-42A3-9474-1A3956D46DE8}") = "PerPage", "PerPage", "{D9EC8EF4-E296-4D07-91EC-55851FE6EE86}"
EndProject
Project("{2150E333-8FDC-42A3-9474-1A3956D46DE8}") = "Global", "Global", "{4794E64A-80CA-4D81-A851-7FDFF02F2EDA}"
EndProject
Project("{2150E333-8FDC-42A3-9474-1A3956D46DE8}") = "PerPage", "PerPage", "{88510137-2FC0-48FD-825A-80906363C159}"
EndProject
Project("{2150E333-8FDC-42A3-9474-1A3956D46DE8}") = "Global", "Global", "{21FD26DF-E729-4038-A8D6-3893A5627253}"
EndProject
Project("{2150E333-8FDC-42A3-9474-1A3956D46DE8}") = "PerPage", "PerPage", "{E266C054-C925-4FE8-B504-3CDF37EF5024}"
EndProject
Project("{2150E333-8FDC-42A3-9474-1A3956D46DE8}") = "NoSamplePages", "NoSamplePages", "{D0AFAAB0-B2A8-4335-8488-2B5F5B5AE034}"
EndProject
Project("{2150E333-8FDC-42A3-9474-1A3956D46DE8}") = "Global", "Global", "{1371A7A4-8A77-45FF-9868-A09600B2AB34}"
EndProject
Project("{2150E333-8FDC-42A3-9474-1A3956D46DE8}") = "Global", "Global", "{0577CD6B-9807-4E12-AA17-79D7A597A846}"
EndProject
Project("{2150E333-8FDC-42A3-9474-1A3956D46DE8}") = "Global", "Global", "{7625A19D-3180-4C2D-BAE9-B9D9E3989CAD}"
EndProject
Project("{2150E333-8FDC-42A3-9474-1A3956D46DE8}") = "PerPage", "PerPage", "{1C224454-EBA9-4C86-B365-E6DC1EB02B19}"
EndProject
Project("{2150E333-8FDC-42A3-9474-1A3956D46DE8}") = "PerPage", "PerPage", "{E8E0CE1E-75D7-4640-BDF8-E116354FBE0D}"
EndProject
Project("{2150E333-8FDC-42A3-9474-1A3956D46DE8}") = "PerPage", "PerPage", "{41683801-CC1D-49D4-95AE-45A80B7DB678}"
EndProject
Project("{2150E333-8FDC-42A3-9474-1A3956D46DE8}") = "NoSamplePages", "NoSamplePages", "{C1F1B702-62B9-4D48-A182-19EA8A09277B}"
EndProject
Project("{9A19103F-16F7-4668-BE54-9A1E7A4F7556}") = "FluentUI.TemplateValidation", "IndividualAccounts\A-SSR\FluentUI.TemplateValidation.csproj", "{0E1284BA-47C2-49D7-A5AA-BB02587D501D}"
EndProject
Project("{9A19103F-16F7-4668-BE54-9A1E7A4F7556}") = "FluentUI.TemplateValidation", "IndividualAccounts\B-Server\Global\FluentUI.TemplateValidation.csproj", "{913128CD-73D2-4E81-8D33-E21BF7BF1038}"
EndProject
Project("{9A19103F-16F7-4668-BE54-9A1E7A4F7556}") = "FluentUI.TemplateValidation", "IndividualAccounts\B-Server\PerPage\FluentUI.TemplateValidation.csproj", "{9E9DEC03-76B1-486A-80C8-9496DBF999C2}"
EndProject
Project("{9A19103F-16F7-4668-BE54-9A1E7A4F7556}") = "FluentUI.TemplateValidation", "IndividualAccounts\C-Wasm\Global\FluentUI.TemplateValidation\FluentUI.TemplateValidation.csproj", "{982038AE-66BB-4460-BC0F-08542EAB5F5B}"
EndProject
Project("{9A19103F-16F7-4668-BE54-9A1E7A4F7556}") = "FluentUI.TemplateValidation.Client", "IndividualAccounts\C-Wasm\Global\FluentUI.TemplateValidation.Client\FluentUI.TemplateValidation.Client.csproj", "{FED4EA6B-E077-42AE-A7AD-88817E727B01}"
EndProject
Project("{9A19103F-16F7-4668-BE54-9A1E7A4F7556}") = "FluentUI.TemplateValidation", "IndividualAccounts\D-Auto\Global\FluentUI.TemplateValidation\FluentUI.TemplateValidation.csproj", "{53800863-F50F-4689-B0C4-1318B7F19FEC}"
EndProject
Project("{9A19103F-16F7-4668-BE54-9A1E7A4F7556}") = "FluentUI.TemplateValidation.Client", "IndividualAccounts\D-Auto\Global\FluentUI.TemplateValidation.Client\FluentUI.TemplateValidation.Client.csproj", "{0AD22DA5-FD06-44D2-9FB5-2381AB43C4C6}"
EndProject
Project("{9A19103F-16F7-4668-BE54-9A1E7A4F7556}") = "FluentUI.TemplateValidation", "IndividualAccounts\D-Auto\NoSamplePages\FluentUI.TemplateValidation\FluentUI.TemplateValidation.csproj", "{B55D76FC-6EEE-4057-ABE7-72840DA5F06C}"
EndProject
Project("{9A19103F-16F7-4668-BE54-9A1E7A4F7556}") = "FluentUI.TemplateValidation.Client", "IndividualAccounts\D-Auto\NoSamplePages\FluentUI.TemplateValidation.Client\FluentUI.TemplateValidation.Client.csproj", "{1E5547CC-4E26-457E-9DB2-0CE56300EAE3}"
EndProject
Project("{9A19103F-16F7-4668-BE54-9A1E7A4F7556}") = "FluentUI.TemplateValidation", "IndividualAccounts\D-Auto\PerPage\FluentUI.TemplateValidation\FluentUI.TemplateValidation.csproj", "{FDE6A52D-58DE-4088-992F-EBD5FAF4C2AE}"
EndProject
Project("{9A19103F-16F7-4668-BE54-9A1E7A4F7556}") = "FluentUI.TemplateValidation.Client", "IndividualAccounts\D-Auto\PerPage\FluentUI.TemplateValidation.Client\FluentUI.TemplateValidation.Client.csproj", "{03028651-A047-4F19-800E-8107494B2611}"
EndProject
Project("{9A19103F-16F7-4668-BE54-9A1E7A4F7556}") = "FluentUI.TemplateValidation", "NoAuthentication\A-SSR\FluentUI.TemplateValidation.csproj", "{D8A76A14-6D90-4390-9118-ECC1EF6F389D}"
EndProject
Project("{9A19103F-16F7-4668-BE54-9A1E7A4F7556}") = "FluentUI.TemplateValidation", "NoAuthentication\B-Server\Global\FluentUI.TemplateValidation.csproj", "{CE838296-62C9-4CF0-A6FE-F1F58CD08C19}"
EndProject
Project("{9A19103F-16F7-4668-BE54-9A1E7A4F7556}") = "FluentUI.TemplateValidation", "NoAuthentication\B-Server\PerPage\FluentUI.TemplateValidation.csproj", "{03E8AE66-2E7F-4236-AA8F-61E0583A6B63}"
EndProject
Project("{9A19103F-16F7-4668-BE54-9A1E7A4F7556}") = "FluentUI.TemplateValidation", "NoAuthentication\C-Wasm\Global\FluentUI.TemplateValidation\FluentUI.TemplateValidation.csproj", "{C836B3E0-ADB8-427F-B751-3F64A3F2B14F}"
EndProject
Project("{9A19103F-16F7-4668-BE54-9A1E7A4F7556}") = "FluentUI.TemplateValidation.Client", "NoAuthentication\C-Wasm\Global\FluentUI.TemplateValidation.Client\FluentUI.TemplateValidation.Client.csproj", "{1DA3ADB3-1DFE-494E-A780-A7E095BF9D37}"
EndProject
Project("{9A19103F-16F7-4668-BE54-9A1E7A4F7556}") = "FluentUI.TemplateValidation", "NoAuthentication\C-Wasm\PerPage\FluentUI.TemplateValidation\FluentUI.TemplateValidation.csproj", "{9900834F-19DB-4827-9B14-E94DE0862623}"
EndProject
Project("{9A19103F-16F7-4668-BE54-9A1E7A4F7556}") = "FluentUI.TemplateValidation.Client", "NoAuthentication\C-Wasm\PerPage\FluentUI.TemplateValidation.Client\FluentUI.TemplateValidation.Client.csproj", "{8A27A019-0DBF-4C51-ADAA-95BE2247D12A}"
EndProject
Project("{9A19103F-16F7-4668-BE54-9A1E7A4F7556}") = "FluentUI.TemplateValidation", "NoAuthentication\D-Auto\Global\FluentUI.TemplateValidation\FluentUI.TemplateValidation.csproj", "{B48C7419-2002-466C-8ABD-060065D0CD10}"
EndProject
Project("{9A19103F-16F7-4668-BE54-9A1E7A4F7556}") = "FluentUI.TemplateValidation.Client", "NoAuthentication\D-Auto\Global\FluentUI.TemplateValidation.Client\FluentUI.TemplateValidation.Client.csproj", "{EB634623-3AC9-425E-BA1F-D5B7BDC58109}"
EndProject
Project("{9A19103F-16F7-4668-BE54-9A1E7A4F7556}") = "FluentUI.TemplateValidation.Auto", "NoAuthentication\D-Auto\NoSamplePages\FluentUI.TemplateValidation.Auto\FluentUI.TemplateValidation.Auto.csproj", "{B52E490D-7024-46FC-A2EA-E44AD177DBB8}"
EndProject
Project("{9A19103F-16F7-4668-BE54-9A1E7A4F7556}") = "FluentUI.TemplateValidation.Auto.Client", "NoAuthentication\D-Auto\NoSamplePages\FluentUI.TemplateValidation.Auto.Client\FluentUI.TemplateValidation.Auto.Client.csproj", "{FB8A9572-F350-42AD-8A3E-F3E20DC0CF6F}"
EndProject
Project("{9A19103F-16F7-4668-BE54-9A1E7A4F7556}") = "FluentUI.TemplateValidation", "NoAuthentication\D-Auto\PerPage\FluentUI.TemplateValidation\FluentUI.TemplateValidation.csproj", "{EC2AB9A8-5ADE-4946-BCA2-346527B9D978}"
EndProject
Project("{9A19103F-16F7-4668-BE54-9A1E7A4F7556}") = "FluentUI.TemplateValidation.Client", "NoAuthentication\D-Auto\PerPage\FluentUI.TemplateValidation.Client\FluentUI.TemplateValidation.Client.csproj", "{776BCC06-E449-4C0D-AED4-1054C7E86A84}"
EndProject
Project("{9A19103F-16F7-4668-BE54-9A1E7A4F7556}") = "FluentUI.TemplateValidation", "IndividualAccounts\C-Wasm\PerPage\FluentUI.TemplateValidation\FluentUI.TemplateValidation.csproj", "{49A5F186-7EFC-4718-9034-E0CCFC6BA29F}"
EndProject
Project("{9A19103F-16F7-4668-BE54-9A1E7A4F7556}") = "FluentUI.TemplateValidation.Client", "IndividualAccounts\C-Wasm\PerPage\FluentUI.TemplateValidation.Client\FluentUI.TemplateValidation.Client.csproj", "{7AC6EFAE-2422-4EF3-943D-6E791D4963F9}"
EndProject
Project("{2150E333-8FDC-42A3-9474-1A3956D46DE8}") = "Solution Items", "Solution Items", "{B1A7A5A2-202C-4F1E-817C-A8661A11E781}"
	ProjectSection(SolutionItems) = preProject
		Directory.Packages.props = Directory.Packages.props
		GenerateProjectsForTemplateValidation.ps1 = GenerateProjectsForTemplateValidation.ps1
		README.md = README.md
	EndProjectSection
EndProject
Project("{9A19103F-16F7-4668-BE54-9A1E7A4F7556}") = "FluentUI.TemplateValidation", "WasmStandalone\NoSamplePages\FluentUI.TemplateValidation.csproj", "{749D07A6-7BF6-4EE9-843E-ED5E41EE8C69}"
EndProject
Project("{2150E333-8FDC-42A3-9474-1A3956D46DE8}") = "WasmStandAlone", "WasmStandAlone", "{EE07E63A-DE3D-4213-AD09-6C16935F08AC}"
EndProject
Project("{2150E333-8FDC-42A3-9474-1A3956D46DE8}") = "NoSamplePages", "NoSamplePages", "{F68950CB-1907-4D57-864D-0A0A8055B4C2}"
EndProject
Project("{2150E333-8FDC-42A3-9474-1A3956D46DE8}") = "IndividualAccounts", "IndividualAccounts", "{1BE55543-90FE-4C93-9648-5C64460D525B}"
EndProject
Project("{2150E333-8FDC-42A3-9474-1A3956D46DE8}") = "NoAuthentication", "NoAuthentication", "{7BDA9E17-538D-4726-A3F6-04F057139723}"
EndProject
Project("{9A19103F-16F7-4668-BE54-9A1E7A4F7556}") = "FluentUI.TemplateValidation", "WasmStandalone\IndividualAccounts\FluentUI.TemplateValidation.csproj", "{A019121A-C0DA-49DB-BDBB-621A7A818295}"
EndProject
Project("{9A19103F-16F7-4668-BE54-9A1E7A4F7556}") = "FluentUI.TemplateValidation", "WasmStandalone\NoAuthentication\FluentUI.TemplateValidation.csproj", "{C9476F8C-B54F-4771-A991-564A266FC6E0}"
EndProject
Project("{9A19103F-16F7-4668-BE54-9A1E7A4F7556}") = "Microsoft.FluentUI.AspNetCore.Components", "..\..\src\Core\Microsoft.FluentUI.AspNetCore.Components.csproj", "{712E2F47-8D5A-4E88-8879-1C2DCFE3A320}"
EndProject
Global
	GlobalSection(SolutionConfigurationPlatforms) = preSolution
		Debug|Any CPU = Debug|Any CPU
		Release|Any CPU = Release|Any CPU
	EndGlobalSection
	GlobalSection(ProjectConfigurationPlatforms) = postSolution
		{0E1284BA-47C2-49D7-A5AA-BB02587D501D}.Debug|Any CPU.ActiveCfg = Debug|Any CPU
		{0E1284BA-47C2-49D7-A5AA-BB02587D501D}.Debug|Any CPU.Build.0 = Debug|Any CPU
		{0E1284BA-47C2-49D7-A5AA-BB02587D501D}.Release|Any CPU.ActiveCfg = Release|Any CPU
		{0E1284BA-47C2-49D7-A5AA-BB02587D501D}.Release|Any CPU.Build.0 = Release|Any CPU
		{913128CD-73D2-4E81-8D33-E21BF7BF1038}.Debug|Any CPU.ActiveCfg = Debug|Any CPU
		{913128CD-73D2-4E81-8D33-E21BF7BF1038}.Debug|Any CPU.Build.0 = Debug|Any CPU
		{913128CD-73D2-4E81-8D33-E21BF7BF1038}.Release|Any CPU.ActiveCfg = Release|Any CPU
		{913128CD-73D2-4E81-8D33-E21BF7BF1038}.Release|Any CPU.Build.0 = Release|Any CPU
		{9E9DEC03-76B1-486A-80C8-9496DBF999C2}.Debug|Any CPU.ActiveCfg = Debug|Any CPU
		{9E9DEC03-76B1-486A-80C8-9496DBF999C2}.Debug|Any CPU.Build.0 = Debug|Any CPU
		{9E9DEC03-76B1-486A-80C8-9496DBF999C2}.Release|Any CPU.ActiveCfg = Release|Any CPU
		{9E9DEC03-76B1-486A-80C8-9496DBF999C2}.Release|Any CPU.Build.0 = Release|Any CPU
		{982038AE-66BB-4460-BC0F-08542EAB5F5B}.Debug|Any CPU.ActiveCfg = Debug|Any CPU
		{982038AE-66BB-4460-BC0F-08542EAB5F5B}.Debug|Any CPU.Build.0 = Debug|Any CPU
		{982038AE-66BB-4460-BC0F-08542EAB5F5B}.Release|Any CPU.ActiveCfg = Release|Any CPU
		{982038AE-66BB-4460-BC0F-08542EAB5F5B}.Release|Any CPU.Build.0 = Release|Any CPU
		{FED4EA6B-E077-42AE-A7AD-88817E727B01}.Debug|Any CPU.ActiveCfg = Debug|Any CPU
		{FED4EA6B-E077-42AE-A7AD-88817E727B01}.Debug|Any CPU.Build.0 = Debug|Any CPU
		{FED4EA6B-E077-42AE-A7AD-88817E727B01}.Release|Any CPU.ActiveCfg = Release|Any CPU
		{FED4EA6B-E077-42AE-A7AD-88817E727B01}.Release|Any CPU.Build.0 = Release|Any CPU
		{53800863-F50F-4689-B0C4-1318B7F19FEC}.Debug|Any CPU.ActiveCfg = Debug|Any CPU
		{53800863-F50F-4689-B0C4-1318B7F19FEC}.Debug|Any CPU.Build.0 = Debug|Any CPU
		{53800863-F50F-4689-B0C4-1318B7F19FEC}.Release|Any CPU.ActiveCfg = Release|Any CPU
		{53800863-F50F-4689-B0C4-1318B7F19FEC}.Release|Any CPU.Build.0 = Release|Any CPU
		{0AD22DA5-FD06-44D2-9FB5-2381AB43C4C6}.Debug|Any CPU.ActiveCfg = Debug|Any CPU
		{0AD22DA5-FD06-44D2-9FB5-2381AB43C4C6}.Debug|Any CPU.Build.0 = Debug|Any CPU
		{0AD22DA5-FD06-44D2-9FB5-2381AB43C4C6}.Release|Any CPU.ActiveCfg = Release|Any CPU
		{0AD22DA5-FD06-44D2-9FB5-2381AB43C4C6}.Release|Any CPU.Build.0 = Release|Any CPU
		{B55D76FC-6EEE-4057-ABE7-72840DA5F06C}.Debug|Any CPU.ActiveCfg = Debug|Any CPU
		{B55D76FC-6EEE-4057-ABE7-72840DA5F06C}.Debug|Any CPU.Build.0 = Debug|Any CPU
		{B55D76FC-6EEE-4057-ABE7-72840DA5F06C}.Release|Any CPU.ActiveCfg = Release|Any CPU
		{B55D76FC-6EEE-4057-ABE7-72840DA5F06C}.Release|Any CPU.Build.0 = Release|Any CPU
		{1E5547CC-4E26-457E-9DB2-0CE56300EAE3}.Debug|Any CPU.ActiveCfg = Debug|Any CPU
		{1E5547CC-4E26-457E-9DB2-0CE56300EAE3}.Debug|Any CPU.Build.0 = Debug|Any CPU
		{1E5547CC-4E26-457E-9DB2-0CE56300EAE3}.Release|Any CPU.ActiveCfg = Release|Any CPU
		{1E5547CC-4E26-457E-9DB2-0CE56300EAE3}.Release|Any CPU.Build.0 = Release|Any CPU
		{FDE6A52D-58DE-4088-992F-EBD5FAF4C2AE}.Debug|Any CPU.ActiveCfg = Debug|Any CPU
		{FDE6A52D-58DE-4088-992F-EBD5FAF4C2AE}.Debug|Any CPU.Build.0 = Debug|Any CPU
		{FDE6A52D-58DE-4088-992F-EBD5FAF4C2AE}.Release|Any CPU.ActiveCfg = Release|Any CPU
		{FDE6A52D-58DE-4088-992F-EBD5FAF4C2AE}.Release|Any CPU.Build.0 = Release|Any CPU
		{03028651-A047-4F19-800E-8107494B2611}.Debug|Any CPU.ActiveCfg = Debug|Any CPU
		{03028651-A047-4F19-800E-8107494B2611}.Debug|Any CPU.Build.0 = Debug|Any CPU
		{03028651-A047-4F19-800E-8107494B2611}.Release|Any CPU.ActiveCfg = Release|Any CPU
		{03028651-A047-4F19-800E-8107494B2611}.Release|Any CPU.Build.0 = Release|Any CPU
		{D8A76A14-6D90-4390-9118-ECC1EF6F389D}.Debug|Any CPU.ActiveCfg = Debug|Any CPU
		{D8A76A14-6D90-4390-9118-ECC1EF6F389D}.Debug|Any CPU.Build.0 = Debug|Any CPU
		{D8A76A14-6D90-4390-9118-ECC1EF6F389D}.Release|Any CPU.ActiveCfg = Release|Any CPU
		{D8A76A14-6D90-4390-9118-ECC1EF6F389D}.Release|Any CPU.Build.0 = Release|Any CPU
		{CE838296-62C9-4CF0-A6FE-F1F58CD08C19}.Debug|Any CPU.ActiveCfg = Debug|Any CPU
		{CE838296-62C9-4CF0-A6FE-F1F58CD08C19}.Debug|Any CPU.Build.0 = Debug|Any CPU
		{CE838296-62C9-4CF0-A6FE-F1F58CD08C19}.Release|Any CPU.ActiveCfg = Release|Any CPU
		{CE838296-62C9-4CF0-A6FE-F1F58CD08C19}.Release|Any CPU.Build.0 = Release|Any CPU
		{03E8AE66-2E7F-4236-AA8F-61E0583A6B63}.Debug|Any CPU.ActiveCfg = Debug|Any CPU
		{03E8AE66-2E7F-4236-AA8F-61E0583A6B63}.Debug|Any CPU.Build.0 = Debug|Any CPU
		{03E8AE66-2E7F-4236-AA8F-61E0583A6B63}.Release|Any CPU.ActiveCfg = Release|Any CPU
		{03E8AE66-2E7F-4236-AA8F-61E0583A6B63}.Release|Any CPU.Build.0 = Release|Any CPU
		{C836B3E0-ADB8-427F-B751-3F64A3F2B14F}.Debug|Any CPU.ActiveCfg = Debug|Any CPU
		{C836B3E0-ADB8-427F-B751-3F64A3F2B14F}.Debug|Any CPU.Build.0 = Debug|Any CPU
		{C836B3E0-ADB8-427F-B751-3F64A3F2B14F}.Release|Any CPU.ActiveCfg = Release|Any CPU
		{C836B3E0-ADB8-427F-B751-3F64A3F2B14F}.Release|Any CPU.Build.0 = Release|Any CPU
		{1DA3ADB3-1DFE-494E-A780-A7E095BF9D37}.Debug|Any CPU.ActiveCfg = Debug|Any CPU
		{1DA3ADB3-1DFE-494E-A780-A7E095BF9D37}.Debug|Any CPU.Build.0 = Debug|Any CPU
		{1DA3ADB3-1DFE-494E-A780-A7E095BF9D37}.Release|Any CPU.ActiveCfg = Release|Any CPU
		{1DA3ADB3-1DFE-494E-A780-A7E095BF9D37}.Release|Any CPU.Build.0 = Release|Any CPU
		{9900834F-19DB-4827-9B14-E94DE0862623}.Debug|Any CPU.ActiveCfg = Debug|Any CPU
		{9900834F-19DB-4827-9B14-E94DE0862623}.Debug|Any CPU.Build.0 = Debug|Any CPU
		{9900834F-19DB-4827-9B14-E94DE0862623}.Release|Any CPU.ActiveCfg = Release|Any CPU
		{9900834F-19DB-4827-9B14-E94DE0862623}.Release|Any CPU.Build.0 = Release|Any CPU
		{8A27A019-0DBF-4C51-ADAA-95BE2247D12A}.Debug|Any CPU.ActiveCfg = Debug|Any CPU
		{8A27A019-0DBF-4C51-ADAA-95BE2247D12A}.Debug|Any CPU.Build.0 = Debug|Any CPU
		{8A27A019-0DBF-4C51-ADAA-95BE2247D12A}.Release|Any CPU.ActiveCfg = Release|Any CPU
		{8A27A019-0DBF-4C51-ADAA-95BE2247D12A}.Release|Any CPU.Build.0 = Release|Any CPU
		{B48C7419-2002-466C-8ABD-060065D0CD10}.Debug|Any CPU.ActiveCfg = Debug|Any CPU
		{B48C7419-2002-466C-8ABD-060065D0CD10}.Debug|Any CPU.Build.0 = Debug|Any CPU
		{B48C7419-2002-466C-8ABD-060065D0CD10}.Release|Any CPU.ActiveCfg = Release|Any CPU
		{B48C7419-2002-466C-8ABD-060065D0CD10}.Release|Any CPU.Build.0 = Release|Any CPU
		{EB634623-3AC9-425E-BA1F-D5B7BDC58109}.Debug|Any CPU.ActiveCfg = Debug|Any CPU
		{EB634623-3AC9-425E-BA1F-D5B7BDC58109}.Debug|Any CPU.Build.0 = Debug|Any CPU
		{EB634623-3AC9-425E-BA1F-D5B7BDC58109}.Release|Any CPU.ActiveCfg = Release|Any CPU
		{EB634623-3AC9-425E-BA1F-D5B7BDC58109}.Release|Any CPU.Build.0 = Release|Any CPU
		{B52E490D-7024-46FC-A2EA-E44AD177DBB8}.Debug|Any CPU.ActiveCfg = Debug|Any CPU
		{B52E490D-7024-46FC-A2EA-E44AD177DBB8}.Debug|Any CPU.Build.0 = Debug|Any CPU
		{B52E490D-7024-46FC-A2EA-E44AD177DBB8}.Release|Any CPU.ActiveCfg = Release|Any CPU
		{B52E490D-7024-46FC-A2EA-E44AD177DBB8}.Release|Any CPU.Build.0 = Release|Any CPU
		{FB8A9572-F350-42AD-8A3E-F3E20DC0CF6F}.Debug|Any CPU.ActiveCfg = Debug|Any CPU
		{FB8A9572-F350-42AD-8A3E-F3E20DC0CF6F}.Debug|Any CPU.Build.0 = Debug|Any CPU
		{FB8A9572-F350-42AD-8A3E-F3E20DC0CF6F}.Release|Any CPU.ActiveCfg = Release|Any CPU
		{FB8A9572-F350-42AD-8A3E-F3E20DC0CF6F}.Release|Any CPU.Build.0 = Release|Any CPU
		{EC2AB9A8-5ADE-4946-BCA2-346527B9D978}.Debug|Any CPU.ActiveCfg = Debug|Any CPU
		{EC2AB9A8-5ADE-4946-BCA2-346527B9D978}.Debug|Any CPU.Build.0 = Debug|Any CPU
		{EC2AB9A8-5ADE-4946-BCA2-346527B9D978}.Release|Any CPU.ActiveCfg = Release|Any CPU
		{EC2AB9A8-5ADE-4946-BCA2-346527B9D978}.Release|Any CPU.Build.0 = Release|Any CPU
		{776BCC06-E449-4C0D-AED4-1054C7E86A84}.Debug|Any CPU.ActiveCfg = Debug|Any CPU
		{776BCC06-E449-4C0D-AED4-1054C7E86A84}.Debug|Any CPU.Build.0 = Debug|Any CPU
		{776BCC06-E449-4C0D-AED4-1054C7E86A84}.Release|Any CPU.ActiveCfg = Release|Any CPU
		{776BCC06-E449-4C0D-AED4-1054C7E86A84}.Release|Any CPU.Build.0 = Release|Any CPU
		{49A5F186-7EFC-4718-9034-E0CCFC6BA29F}.Debug|Any CPU.ActiveCfg = Debug|Any CPU
		{49A5F186-7EFC-4718-9034-E0CCFC6BA29F}.Debug|Any CPU.Build.0 = Debug|Any CPU
		{49A5F186-7EFC-4718-9034-E0CCFC6BA29F}.Release|Any CPU.ActiveCfg = Release|Any CPU
		{49A5F186-7EFC-4718-9034-E0CCFC6BA29F}.Release|Any CPU.Build.0 = Release|Any CPU
		{7AC6EFAE-2422-4EF3-943D-6E791D4963F9}.Debug|Any CPU.ActiveCfg = Debug|Any CPU
		{7AC6EFAE-2422-4EF3-943D-6E791D4963F9}.Debug|Any CPU.Build.0 = Debug|Any CPU
		{7AC6EFAE-2422-4EF3-943D-6E791D4963F9}.Release|Any CPU.ActiveCfg = Release|Any CPU
		{7AC6EFAE-2422-4EF3-943D-6E791D4963F9}.Release|Any CPU.Build.0 = Release|Any CPU
		{749D07A6-7BF6-4EE9-843E-ED5E41EE8C69}.Debug|Any CPU.ActiveCfg = Debug|Any CPU
		{749D07A6-7BF6-4EE9-843E-ED5E41EE8C69}.Debug|Any CPU.Build.0 = Debug|Any CPU
		{749D07A6-7BF6-4EE9-843E-ED5E41EE8C69}.Release|Any CPU.ActiveCfg = Release|Any CPU
		{749D07A6-7BF6-4EE9-843E-ED5E41EE8C69}.Release|Any CPU.Build.0 = Release|Any CPU
		{A019121A-C0DA-49DB-BDBB-621A7A818295}.Debug|Any CPU.ActiveCfg = Debug|Any CPU
		{A019121A-C0DA-49DB-BDBB-621A7A818295}.Debug|Any CPU.Build.0 = Debug|Any CPU
		{A019121A-C0DA-49DB-BDBB-621A7A818295}.Release|Any CPU.ActiveCfg = Release|Any CPU
		{A019121A-C0DA-49DB-BDBB-621A7A818295}.Release|Any CPU.Build.0 = Release|Any CPU
		{C9476F8C-B54F-4771-A991-564A266FC6E0}.Debug|Any CPU.ActiveCfg = Debug|Any CPU
		{C9476F8C-B54F-4771-A991-564A266FC6E0}.Debug|Any CPU.Build.0 = Debug|Any CPU
		{C9476F8C-B54F-4771-A991-564A266FC6E0}.Release|Any CPU.ActiveCfg = Release|Any CPU
		{C9476F8C-B54F-4771-A991-564A266FC6E0}.Release|Any CPU.Build.0 = Release|Any CPU
		{712E2F47-8D5A-4E88-8879-1C2DCFE3A320}.Debug|Any CPU.ActiveCfg = Debug|Any CPU
		{712E2F47-8D5A-4E88-8879-1C2DCFE3A320}.Debug|Any CPU.Build.0 = Debug|Any CPU
		{712E2F47-8D5A-4E88-8879-1C2DCFE3A320}.Release|Any CPU.ActiveCfg = Release|Any CPU
		{712E2F47-8D5A-4E88-8879-1C2DCFE3A320}.Release|Any CPU.Build.0 = Release|Any CPU
	EndGlobalSection
	GlobalSection(SolutionProperties) = preSolution
		HideSolutionNode = FALSE
	EndGlobalSection
	GlobalSection(NestedProjects) = preSolution
		{1B2BAF57-0ADE-423A-886B-D0D1359B3A6A} = {DBDFFD97-C463-41C2-9C15-555267108097}
		{26F67041-16F5-4F0D-8656-BA59F8D77166} = {39D9738E-3C86-40B5-939C-750A4AF82CBA}
		{7E133772-480D-4C09-871F-01C3E0FA8AC4} = {26F67041-16F5-4F0D-8656-BA59F8D77166}
		{53C8D345-2218-445E-B15F-A7B45A923478} = {39D9738E-3C86-40B5-939C-750A4AF82CBA}
		{93A4A5E7-9799-4B85-90FC-4D056218C66E} = {39D9738E-3C86-40B5-939C-750A4AF82CBA}
		{F5530054-E73F-4253-A497-F91D4B47BD0C} = {39D9738E-3C86-40B5-939C-750A4AF82CBA}
		{22DD70CD-E9B1-4DDC-908C-B6E2AC880431} = {DBDFFD97-C463-41C2-9C15-555267108097}
		{8520311D-83AE-41CC-A298-B910CBEA4FFE} = {DBDFFD97-C463-41C2-9C15-555267108097}
		{A1E1BC2B-A1B1-47AE-85D0-B35313D18881} = {DBDFFD97-C463-41C2-9C15-555267108097}
		{D9EC8EF4-E296-4D07-91EC-55851FE6EE86} = {26F67041-16F5-4F0D-8656-BA59F8D77166}
		{4794E64A-80CA-4D81-A851-7FDFF02F2EDA} = {93A4A5E7-9799-4B85-90FC-4D056218C66E}
		{88510137-2FC0-48FD-825A-80906363C159} = {93A4A5E7-9799-4B85-90FC-4D056218C66E}
		{21FD26DF-E729-4038-A8D6-3893A5627253} = {F5530054-E73F-4253-A497-F91D4B47BD0C}
		{E266C054-C925-4FE8-B504-3CDF37EF5024} = {F5530054-E73F-4253-A497-F91D4B47BD0C}
		{D0AFAAB0-B2A8-4335-8488-2B5F5B5AE034} = {F5530054-E73F-4253-A497-F91D4B47BD0C}
		{1371A7A4-8A77-45FF-9868-A09600B2AB34} = {1B2BAF57-0ADE-423A-886B-D0D1359B3A6A}
		{0577CD6B-9807-4E12-AA17-79D7A597A846} = {8520311D-83AE-41CC-A298-B910CBEA4FFE}
		{7625A19D-3180-4C2D-BAE9-B9D9E3989CAD} = {A1E1BC2B-A1B1-47AE-85D0-B35313D18881}
		{1C224454-EBA9-4C86-B365-E6DC1EB02B19} = {1B2BAF57-0ADE-423A-886B-D0D1359B3A6A}
		{E8E0CE1E-75D7-4640-BDF8-E116354FBE0D} = {8520311D-83AE-41CC-A298-B910CBEA4FFE}
		{41683801-CC1D-49D4-95AE-45A80B7DB678} = {A1E1BC2B-A1B1-47AE-85D0-B35313D18881}
		{C1F1B702-62B9-4D48-A182-19EA8A09277B} = {A1E1BC2B-A1B1-47AE-85D0-B35313D18881}
		{0E1284BA-47C2-49D7-A5AA-BB02587D501D} = {53C8D345-2218-445E-B15F-A7B45A923478}
		{913128CD-73D2-4E81-8D33-E21BF7BF1038} = {7E133772-480D-4C09-871F-01C3E0FA8AC4}
		{9E9DEC03-76B1-486A-80C8-9496DBF999C2} = {D9EC8EF4-E296-4D07-91EC-55851FE6EE86}
		{982038AE-66BB-4460-BC0F-08542EAB5F5B} = {4794E64A-80CA-4D81-A851-7FDFF02F2EDA}
		{FED4EA6B-E077-42AE-A7AD-88817E727B01} = {4794E64A-80CA-4D81-A851-7FDFF02F2EDA}
		{53800863-F50F-4689-B0C4-1318B7F19FEC} = {21FD26DF-E729-4038-A8D6-3893A5627253}
		{0AD22DA5-FD06-44D2-9FB5-2381AB43C4C6} = {21FD26DF-E729-4038-A8D6-3893A5627253}
		{B55D76FC-6EEE-4057-ABE7-72840DA5F06C} = {D0AFAAB0-B2A8-4335-8488-2B5F5B5AE034}
		{1E5547CC-4E26-457E-9DB2-0CE56300EAE3} = {D0AFAAB0-B2A8-4335-8488-2B5F5B5AE034}
		{FDE6A52D-58DE-4088-992F-EBD5FAF4C2AE} = {E266C054-C925-4FE8-B504-3CDF37EF5024}
		{03028651-A047-4F19-800E-8107494B2611} = {E266C054-C925-4FE8-B504-3CDF37EF5024}
		{D8A76A14-6D90-4390-9118-ECC1EF6F389D} = {22DD70CD-E9B1-4DDC-908C-B6E2AC880431}
		{CE838296-62C9-4CF0-A6FE-F1F58CD08C19} = {1371A7A4-8A77-45FF-9868-A09600B2AB34}
		{03E8AE66-2E7F-4236-AA8F-61E0583A6B63} = {1C224454-EBA9-4C86-B365-E6DC1EB02B19}
		{C836B3E0-ADB8-427F-B751-3F64A3F2B14F} = {0577CD6B-9807-4E12-AA17-79D7A597A846}
		{1DA3ADB3-1DFE-494E-A780-A7E095BF9D37} = {0577CD6B-9807-4E12-AA17-79D7A597A846}
		{9900834F-19DB-4827-9B14-E94DE0862623} = {E8E0CE1E-75D7-4640-BDF8-E116354FBE0D}
		{8A27A019-0DBF-4C51-ADAA-95BE2247D12A} = {E8E0CE1E-75D7-4640-BDF8-E116354FBE0D}
		{B48C7419-2002-466C-8ABD-060065D0CD10} = {7625A19D-3180-4C2D-BAE9-B9D9E3989CAD}
		{EB634623-3AC9-425E-BA1F-D5B7BDC58109} = {7625A19D-3180-4C2D-BAE9-B9D9E3989CAD}
		{B52E490D-7024-46FC-A2EA-E44AD177DBB8} = {C1F1B702-62B9-4D48-A182-19EA8A09277B}
		{FB8A9572-F350-42AD-8A3E-F3E20DC0CF6F} = {C1F1B702-62B9-4D48-A182-19EA8A09277B}
		{EC2AB9A8-5ADE-4946-BCA2-346527B9D978} = {41683801-CC1D-49D4-95AE-45A80B7DB678}
		{776BCC06-E449-4C0D-AED4-1054C7E86A84} = {41683801-CC1D-49D4-95AE-45A80B7DB678}
		{49A5F186-7EFC-4718-9034-E0CCFC6BA29F} = {88510137-2FC0-48FD-825A-80906363C159}
		{7AC6EFAE-2422-4EF3-943D-6E791D4963F9} = {88510137-2FC0-48FD-825A-80906363C159}
		{749D07A6-7BF6-4EE9-843E-ED5E41EE8C69} = {F68950CB-1907-4D57-864D-0A0A8055B4C2}
		{F68950CB-1907-4D57-864D-0A0A8055B4C2} = {EE07E63A-DE3D-4213-AD09-6C16935F08AC}
		{1BE55543-90FE-4C93-9648-5C64460D525B} = {EE07E63A-DE3D-4213-AD09-6C16935F08AC}
		{7BDA9E17-538D-4726-A3F6-04F057139723} = {EE07E63A-DE3D-4213-AD09-6C16935F08AC}
		{A019121A-C0DA-49DB-BDBB-621A7A818295} = {1BE55543-90FE-4C93-9648-5C64460D525B}
		{C9476F8C-B54F-4771-A991-564A266FC6E0} = {7BDA9E17-538D-4726-A3F6-04F057139723}
	EndGlobalSection
	GlobalSection(ExtensibilityGlobals) = postSolution
		SolutionGuid = {0F501CAF-8EFD-43E3-BD3E-C2D9FEE91C2D}
	EndGlobalSection
EndGlobal
