Microsoft Visual Studio Solution File, Format Version 12.00
# Visual Studio Version 16
VisualStudioVersion = 16.0.0.0
MinimumVisualStudioVersion = 16.0.0.0
Project("{9A19103F-16F7-4668-BE54-9A1E7A4F7556}") = "FluentUI.TemplateValidation", "FluentUI.TemplateValidation\FluentUI.TemplateValidation.csproj", "{4D0CD1F2-B549-4C54-A024-C654D398107B}"
EndProject
Project("{9A19103F-16F7-4668-BE54-9A1E7A4F7556}") = "FluentUI.TemplateValidation.Client", "FluentUI.TemplateValidation.Client\FluentUI.TemplateValidation.Client.csproj", "{AD00B967-99A3-48D6-8623-57921545EE69}"
EndProject
Global
	GlobalSection(SolutionConfigurationPlatforms) = preSolution
		Debug|Any CPU = Debug|Any CPU
		Debug|x64 = Debug|x64
		Debug|x86 = Debug|x86
		Release|Any CPU = Release|Any CPU
		Release|x64 = Release|x64
		Release|x86 = Release|x86
	EndGlobalSection
	GlobalSection(ProjectConfigurationPlatforms) = postSolution
		{AD00B967-99A3-48D6-8623-57921545EE69}.Debug|Any CPU.ActiveCfg = Debug|Any CPU
		{AD00B967-99A3-48D6-8623-57921545EE69}.Debug|Any CPU.Build.0 = Debug|Any CPU
		{AD00B967-99A3-48D6-8623-57921545EE69}.Debug|x64.ActiveCfg = Debug|Any CPU
		{AD00B967-99A3-48D6-8623-57921545EE69}.Debug|x64.Build.0 = Debug|Any CPU
		{AD00B967-99A3-48D6-8623-57921545EE69}.Debug|x86.ActiveCfg = Debug|Any CPU
		{AD00B967-99A3-48D6-8623-57921545EE69}.Debug|x86.Build.0 = Debug|Any CPU
		{AD00B967-99A3-48D6-8623-57921545EE69}.Release|Any CPU.ActiveCfg = Release|Any CPU
		{AD00B967-99A3-48D6-8623-57921545EE69}.Release|Any CPU.Build.0 = Release|Any CPU
		{AD00B967-99A3-48D6-8623-57921545EE69}.Release|x64.ActiveCfg = Release|Any CPU
		{AD00B967-99A3-48D6-8623-57921545EE69}.Release|x64.Build.0 = Release|Any CPU
		{AD00B967-99A3-48D6-8623-57921545EE69}.Release|x86.ActiveCfg = Release|Any CPU
		{AD00B967-99A3-48D6-8623-57921545EE69}.Release|x86.Build.0 = Release|Any CPU
		{4D0CD1F2-B549-4C54-A024-C654D398107B}.Debug|Any CPU.ActiveCfg = Debug|Any CPU
		{4D0CD1F2-B549-4C54-A024-C654D398107B}.Debug|Any CPU.Build.0 = Debug|Any CPU
		{4D0CD1F2-B549-4C54-A024-C654D398107B}.Debug|x64.ActiveCfg = Debug|Any CPU
		{4D0CD1F2-B549-4C54-A024-C654D398107B}.Debug|x64.Build.0 = Debug|Any CPU
		{4D0CD1F2-B549-4C54-A024-C654D398107B}.Debug|x86.ActiveCfg = Debug|Any CPU
		{4D0CD1F2-B549-4C54-A024-C654D398107B}.Debug|x86.Build.0 = Debug|Any CPU
		{4D0CD1F2-B549-4C54-A024-C654D398107B}.Release|Any CPU.ActiveCfg = Release|Any CPU
		{4D0CD1F2-B549-4C54-A024-C654D398107B}.Release|Any CPU.Build.0 = Release|Any CPU
		{4D0CD1F2-B549-4C54-A024-C654D398107B}.Release|x64.ActiveCfg = Release|Any CPU
		{4D0CD1F2-B549-4C54-A024-C654D398107B}.Release|x64.Build.0 = Release|Any CPU
		{4D0CD1F2-B549-4C54-A024-C654D398107B}.Release|x86.ActiveCfg = Release|Any CPU
		{4D0CD1F2-B549-4C54-A024-C654D398107B}.Release|x86.Build.0 = Release|Any CPU
	EndGlobalSection
	GlobalSection(SolutionProperties) = preSolution
		HideSolutionNode = FALSE
	EndGlobalSection
	GlobalSection(ExtensibilityGlobals) = postSolution
		SolutionGuid = {566A19B2-08C3-45BE-8F43-40FC3976D7DB}
	EndGlobalSection
EndGlobal
