Microsoft Visual Studio Solution File, Format Version 12.00
# Visual Studio Version 16
VisualStudioVersion = 16.0.0.0
MinimumVisualStudioVersion = 16.0.0.0
Project("{9A19103F-16F7-4668-BE54-9A1E7A4F7556}") = "FluentUI.TemplateValidation", "FluentUI.TemplateValidation\FluentUI.TemplateValidation.csproj", "{E0A99F22-E975-4795-8E51-E43BACD0C335}"
EndProject
Project("{9A19103F-16F7-4668-BE54-9A1E7A4F7556}") = "FluentUI.TemplateValidation.Client", "FluentUI.TemplateValidation.Client\FluentUI.TemplateValidation.Client.csproj", "{81EDFD4E-B92A-4C8B-97C2-1BC09F181ED8}"
EndProject
Global
	GlobalSection(SolutionConfigurationPlatforms) = preSolution
		Debug|Any CPU = Debug|Any CPU
		Debug|x64 = Debug|x64
		Debug|x86 = Debug|x86
		Release|Any CPU = Release|Any CPU
		Release|x64 = Release|x64
		Release|x86 = Release|x86
	EndGlobalSection
	GlobalSection(ProjectConfigurationPlatforms) = postSolution
		{81EDFD4E-B92A-4C8B-97C2-1BC09F181ED8}.Debug|Any CPU.ActiveCfg = Debug|Any CPU
		{81EDFD4E-B92A-4C8B-97C2-1BC09F181ED8}.Debug|Any CPU.Build.0 = Debug|Any CPU
		{81EDFD4E-B92A-4C8B-97C2-1BC09F181ED8}.Debug|x64.ActiveCfg = Debug|Any CPU
		{81EDFD4E-B92A-4C8B-97C2-1BC09F181ED8}.Debug|x64.Build.0 = Debug|Any CPU
		{81EDFD4E-B92A-4C8B-97C2-1BC09F181ED8}.Debug|x86.ActiveCfg = Debug|Any CPU
		{81EDFD4E-B92A-4C8B-97C2-1BC09F181ED8}.Debug|x86.Build.0 = Debug|Any CPU
		{81EDFD4E-B92A-4C8B-97C2-1BC09F181ED8}.Release|Any CPU.ActiveCfg = Release|Any CPU
		{81EDFD4E-B92A-4C8B-97C2-1BC09F181ED8}.Release|Any CPU.Build.0 = Release|Any CPU
		{81EDFD4E-B92A-4C8B-97C2-1BC09F181ED8}.Release|x64.ActiveCfg = Release|Any CPU
		{81EDFD4E-B92A-4C8B-97C2-1BC09F181ED8}.Release|x64.Build.0 = Release|Any CPU
		{81EDFD4E-B92A-4C8B-97C2-1BC09F181ED8}.Release|x86.ActiveCfg = Release|Any CPU
		{81EDFD4E-B92A-4C8B-97C2-1BC09F181ED8}.Release|x86.Build.0 = Release|Any CPU
		{E0A99F22-E975-4795-8E51-E43BACD0C335}.Debug|Any CPU.ActiveCfg = Debug|Any CPU
		{E0A99F22-E975-4795-8E51-E43BACD0C335}.Debug|Any CPU.Build.0 = Debug|Any CPU
		{E0A99F22-E975-4795-8E51-E43BACD0C335}.Debug|x64.ActiveCfg = Debug|Any CPU
		{E0A99F22-E975-4795-8E51-E43BACD0C335}.Debug|x64.Build.0 = Debug|Any CPU
		{E0A99F22-E975-4795-8E51-E43BACD0C335}.Debug|x86.ActiveCfg = Debug|Any CPU
		{E0A99F22-E975-4795-8E51-E43BACD0C335}.Debug|x86.Build.0 = Debug|Any CPU
		{E0A99F22-E975-4795-8E51-E43BACD0C335}.Release|Any CPU.ActiveCfg = Release|Any CPU
		{E0A99F22-E975-4795-8E51-E43BACD0C335}.Release|Any CPU.Build.0 = Release|Any CPU
		{E0A99F22-E975-4795-8E51-E43BACD0C335}.Release|x64.ActiveCfg = Release|Any CPU
		{E0A99F22-E975-4795-8E51-E43BACD0C335}.Release|x64.Build.0 = Release|Any CPU
		{E0A99F22-E975-4795-8E51-E43BACD0C335}.Release|x86.ActiveCfg = Release|Any CPU
		{E0A99F22-E975-4795-8E51-E43BACD0C335}.Release|x86.Build.0 = Release|Any CPU
	EndGlobalSection
	GlobalSection(SolutionProperties) = preSolution
		HideSolutionNode = FALSE
	EndGlobalSection
	GlobalSection(ExtensibilityGlobals) = postSolution
		SolutionGuid = {D1A5D933-2782-4E18-AAA7-DA1F7B054811}
	EndGlobalSection
EndGlobal
