Microsoft Visual Studio Solution File, Format Version 12.00
# Visual Studio Version 16
VisualStudioVersion = 16.0.0.0
MinimumVisualStudioVersion = 16.0.0.0
Project("{9A19103F-16F7-4668-BE54-9A1E7A4F7556}") = "FluentUI.TemplateValidation.Auto", "FluentUI.TemplateValidation.Auto\FluentUI.TemplateValidation.Auto.csproj", "{4D1BC276-29FA-4674-9802-9846F0E44933}"
EndProject
Project("{9A19103F-16F7-4668-BE54-9A1E7A4F7556}") = "FluentUI.TemplateValidation.Auto.Client", "FluentUI.TemplateValidation.Auto.Client\FluentUI.TemplateValidation.Auto.Client.csproj", "{50719C91-46B3-410B-A3E0-D93A32770575}"
EndProject
Global
	GlobalSection(SolutionConfigurationPlatforms) = preSolution
		Debug|Any CPU = Debug|Any CPU
		Debug|x64 = Debug|x64
		Debug|x86 = Debug|x86
		Release|Any CPU = Release|Any CPU
		Release|x64 = Release|x64
		Release|x86 = Release|x86
	EndGlobalSection
	GlobalSection(ProjectConfigurationPlatforms) = postSolution
		{50719C91-46B3-410B-A3E0-D93A32770575}.Debug|Any CPU.ActiveCfg = Debug|Any CPU
		{50719C91-46B3-410B-A3E0-D93A32770575}.Debug|Any CPU.Build.0 = Debug|Any CPU
		{50719C91-46B3-410B-A3E0-D93A32770575}.Debug|x64.ActiveCfg = Debug|Any CPU
		{50719C91-46B3-410B-A3E0-D93A32770575}.Debug|x64.Build.0 = Debug|Any CPU
		{50719C91-46B3-410B-A3E0-D93A32770575}.Debug|x86.ActiveCfg = Debug|Any CPU
		{50719C91-46B3-410B-A3E0-D93A32770575}.Debug|x86.Build.0 = Debug|Any CPU
		{50719C91-46B3-410B-A3E0-D93A32770575}.Release|Any CPU.ActiveCfg = Release|Any CPU
		{50719C91-46B3-410B-A3E0-D93A32770575}.Release|Any CPU.Build.0 = Release|Any CPU
		{50719C91-46B3-410B-A3E0-D93A32770575}.Release|x64.ActiveCfg = Release|Any CPU
		{50719C91-46B3-410B-A3E0-D93A32770575}.Release|x64.Build.0 = Release|Any CPU
		{50719C91-46B3-410B-A3E0-D93A32770575}.Release|x86.ActiveCfg = Release|Any CPU
		{50719C91-46B3-410B-A3E0-D93A32770575}.Release|x86.Build.0 = Release|Any CPU
		{4D1BC276-29FA-4674-9802-9846F0E44933}.Debug|Any CPU.ActiveCfg = Debug|Any CPU
		{4D1BC276-29FA-4674-9802-9846F0E44933}.Debug|Any CPU.Build.0 = Debug|Any CPU
		{4D1BC276-29FA-4674-9802-9846F0E44933}.Debug|x64.ActiveCfg = Debug|Any CPU
		{4D1BC276-29FA-4674-9802-9846F0E44933}.Debug|x64.Build.0 = Debug|Any CPU
		{4D1BC276-29FA-4674-9802-9846F0E44933}.Debug|x86.ActiveCfg = Debug|Any CPU
		{4D1BC276-29FA-4674-9802-9846F0E44933}.Debug|x86.Build.0 = Debug|Any CPU
		{4D1BC276-29FA-4674-9802-9846F0E44933}.Release|Any CPU.ActiveCfg = Release|Any CPU
		{4D1BC276-29FA-4674-9802-9846F0E44933}.Release|Any CPU.Build.0 = Release|Any CPU
		{4D1BC276-29FA-4674-9802-9846F0E44933}.Release|x64.ActiveCfg = Release|Any CPU
		{4D1BC276-29FA-4674-9802-9846F0E44933}.Release|x64.Build.0 = Release|Any CPU
		{4D1BC276-29FA-4674-9802-9846F0E44933}.Release|x86.ActiveCfg = Release|Any CPU
		{4D1BC276-29FA-4674-9802-9846F0E44933}.Release|x86.Build.0 = Release|Any CPU
	EndGlobalSection
	GlobalSection(SolutionProperties) = preSolution
		HideSolutionNode = FALSE
	EndGlobalSection
	GlobalSection(ExtensibilityGlobals) = postSolution
		SolutionGuid = {1CB33E52-7580-44D8-BAF1-5F74DFF894BF}
	EndGlobalSection
EndGlobal
