Microsoft Visual Studio Solution File, Format Version 12.00
# Visual Studio Version 16
VisualStudioVersion = 16.0.0.0
MinimumVisualStudioVersion = 16.0.0.0
Project("{9A19103F-16F7-4668-BE54-9A1E7A4F7556}") = "FluentUI.TemplateValidation.Auto", "FluentUI.TemplateValidation.Auto\FluentUI.TemplateValidation.Auto.csproj", "{EA7CC7B6-CA6B-426E-8A7F-68637C4E3D83}"
EndProject
Project("{9A19103F-16F7-4668-BE54-9A1E7A4F7556}") = "FluentUI.TemplateValidation.Auto.Client", "FluentUI.TemplateValidation.Auto.Client\FluentUI.TemplateValidation.Auto.Client.csproj", "{D7939749-F994-4770-BD06-D24E388DF96C}"
EndProject
Global
	GlobalSection(SolutionConfigurationPlatforms) = preSolution
		Debug|Any CPU = Debug|Any CPU
		Debug|x64 = Debug|x64
		Debug|x86 = Debug|x86
		Release|Any CPU = Release|Any CPU
		Release|x64 = Release|x64
		Release|x86 = Release|x86
	EndGlobalSection
	GlobalSection(ProjectConfigurationPlatforms) = postSolution
		{D7939749-F994-4770-BD06-D24E388DF96C}.Debug|Any CPU.ActiveCfg = Debug|Any CPU
		{D7939749-F994-4770-BD06-D24E388DF96C}.Debug|Any CPU.Build.0 = Debug|Any CPU
		{D7939749-F994-4770-BD06-D24E388DF96C}.Debug|x64.ActiveCfg = Debug|Any CPU
		{D7939749-F994-4770-BD06-D24E388DF96C}.Debug|x64.Build.0 = Debug|Any CPU
		{D7939749-F994-4770-BD06-D24E388DF96C}.Debug|x86.ActiveCfg = Debug|Any CPU
		{D7939749-F994-4770-BD06-D24E388DF96C}.Debug|x86.Build.0 = Debug|Any CPU
		{D7939749-F994-4770-BD06-D24E388DF96C}.Release|Any CPU.ActiveCfg = Release|Any CPU
		{D7939749-F994-4770-BD06-D24E388DF96C}.Release|Any CPU.Build.0 = Release|Any CPU
		{D7939749-F994-4770-BD06-D24E388DF96C}.Release|x64.ActiveCfg = Release|Any CPU
		{D7939749-F994-4770-BD06-D24E388DF96C}.Release|x64.Build.0 = Release|Any CPU
		{D7939749-F994-4770-BD06-D24E388DF96C}.Release|x86.ActiveCfg = Release|Any CPU
		{D7939749-F994-4770-BD06-D24E388DF96C}.Release|x86.Build.0 = Release|Any CPU
		{EA7CC7B6-CA6B-426E-8A7F-68637C4E3D83}.Debug|Any CPU.ActiveCfg = Debug|Any CPU
		{EA7CC7B6-CA6B-426E-8A7F-68637C4E3D83}.Debug|Any CPU.Build.0 = Debug|Any CPU
		{EA7CC7B6-CA6B-426E-8A7F-68637C4E3D83}.Debug|x64.ActiveCfg = Debug|Any CPU
		{EA7CC7B6-CA6B-426E-8A7F-68637C4E3D83}.Debug|x64.Build.0 = Debug|Any CPU
		{EA7CC7B6-CA6B-426E-8A7F-68637C4E3D83}.Debug|x86.ActiveCfg = Debug|Any CPU
		{EA7CC7B6-CA6B-426E-8A7F-68637C4E3D83}.Debug|x86.Build.0 = Debug|Any CPU
		{EA7CC7B6-CA6B-426E-8A7F-68637C4E3D83}.Release|Any CPU.ActiveCfg = Release|Any CPU
		{EA7CC7B6-CA6B-426E-8A7F-68637C4E3D83}.Release|Any CPU.Build.0 = Release|Any CPU
		{EA7CC7B6-CA6B-426E-8A7F-68637C4E3D83}.Release|x64.ActiveCfg = Release|Any CPU
		{EA7CC7B6-CA6B-426E-8A7F-68637C4E3D83}.Release|x64.Build.0 = Release|Any CPU
		{EA7CC7B6-CA6B-426E-8A7F-68637C4E3D83}.Release|x86.ActiveCfg = Release|Any CPU
		{EA7CC7B6-CA6B-426E-8A7F-68637C4E3D83}.Release|x86.Build.0 = Release|Any CPU
	EndGlobalSection
	GlobalSection(SolutionProperties) = preSolution
		HideSolutionNode = FALSE
	EndGlobalSection
	GlobalSection(ExtensibilityGlobals) = postSolution
		SolutionGuid = {F178E0BA-B4FB-4197-8A58-CE35DCA32BD3}
	EndGlobalSection
EndGlobal
